// !$*UTF8*$!
{
	archiveVersion = 1;
	classes = {
	};
	objectVersion = 46;
	objects = {

/* Begin PBXAggregateTarget section */
		6480D792E2EF434288B439EA /* ZERO_CHECK */ = {
			isa = PBXAggregateTarget;
			buildConfigurationList = 2ACC2B2CDDB9495EAEE2F590 /* Build configuration list for PBXAggregateTarget "ZERO_CHECK" */;
			buildPhases = (
				3F0B3F44FA677362FDD22817 /* Generate CMakeFiles/ZERO_CHECK */,
			);
			dependencies = (
			);
			name = ZERO_CHECK;
			productName = ZERO_CHECK;
		};
		DC73121302AB44CCB3EC9F48 /* ALL_BUILD */ = {
			isa = PBXAggregateTarget;
			buildConfigurationList = A207ECB63D3F4A819CFAF202 /* Build configuration list for PBXAggregateTarget "ALL_BUILD" */;
			buildPhases = (
				67DDA3365FB69F7C8027C8C6 /* Generate CMakeFiles/ALL_BUILD */,
			);
			dependencies = (
				AE5083933D3845619496BEC5 /* PBXTargetDependency */,
				5C9A67D755B64C9FB8B7EB2A /* PBXTargetDependency */,
			);
			name = ALL_BUILD;
			productName = ALL_BUILD;
		};
/* End PBXAggregateTarget section */

/* Begin PBXBuildFile section */
		0A837D6DC3DE4EBDAEB1AA76 /* /Users/stephane/Code/CL/C++/antools/other_cmake/SweInterface/draw_zodiac_sign.cpp */ = {isa = PBXBuildFile; fileRef = 46681BA531B0458A97154869 /* /Users/stephane/Code/CL/C++/antools/other_cmake/SweInterface/draw_zodiac_sign.cpp */; };
		1969897005FE408CAA3E2A91 /* /Users/stephane/Code/CL/C++/antools/other_cmake/SweInterface/timezone.cpp */ = {isa = PBXBuildFile; fileRef = DEC7E7220D90418D8109E939 /* /Users/stephane/Code/CL/C++/antools/other_cmake/SweInterface/timezone.cpp */; };
		21F8B563BAAC4FFD9E2B9E34 /* /Users/stephane/Code/CL/C++/antools/other_cmake/SweInterface/house.cpp */ = {isa = PBXBuildFile; fileRef = 81CA8D3D6B0544A593AEEA1C /* /Users/stephane/Code/CL/C++/antools/other_cmake/SweInterface/house.cpp */; };
		3074383995B84C1AAAA47D31 /* /Users/stephane/Code/CL/C++/antools/other_cmake/SweInterface/draw_bodie_astre.cpp */ = {isa = PBXBuildFile; fileRef = F463638D88774527B0DFBA40 /* /Users/stephane/Code/CL/C++/antools/other_cmake/SweInterface/draw_bodie_astre.cpp */; };
		32A572059654455BA3A8EBFF /* /Users/stephane/Code/CL/C++/antools/other_cmake/SweInterface/draw_house_number.cpp */ = {isa = PBXBuildFile; fileRef = 189834C242104102818F87EE /* /Users/stephane/Code/CL/C++/antools/other_cmake/SweInterface/draw_house_number.cpp */; };
		45178185F84641C89E85E83A /* /Users/stephane/Code/CL/C++/antools/other_cmake/SweInterface/draw_house_line.cpp */ = {isa = PBXBuildFile; fileRef = 4B377CD7D4CA4E6080037BD4 /* /Users/stephane/Code/CL/C++/antools/other_cmake/SweInterface/draw_house_line.cpp */; };
		46DC3747A2F241DBA53F8512 /* /Users/stephane/Code/CL/C++/antools/other_cmake/SweInterface/angle.cpp */ = {isa = PBXBuildFile; fileRef = 20934EBBF70B476395B1FE07 /* /Users/stephane/Code/CL/C++/antools/other_cmake/SweInterface/angle.cpp */; };
		57FCA9170AF84ABFB7DF78E8 /* /Users/stephane/Code/CL/C++/antools/other_cmake/SweInterface/astre.cpp */ = {isa = PBXBuildFile; fileRef = 3E92B6BE68844DA4BB214D69 /* /Users/stephane/Code/CL/C++/antools/other_cmake/SweInterface/astre.cpp */; };
		59D0636AFCAF4F9F8C40CB17 /* /Users/stephane/Code/CL/C++/antools/other_cmake/SweInterface/draw.cpp */ = {isa = PBXBuildFile; fileRef = 29B925576CE44392B68CCE7B /* /Users/stephane/Code/CL/C++/antools/other_cmake/SweInterface/draw.cpp */; };
		616DDE226F0F4F9FBEB0FF39 /* /Users/stephane/Code/CL/C++/antools/other_cmake/SweInterface/aspect.cpp */ = {isa = PBXBuildFile; fileRef = B4E4A0BCC94649B8A8143C8E /* /Users/stephane/Code/CL/C++/antools/other_cmake/SweInterface/aspect.cpp */; };
		65E55180E63D4627B8F5BC6E /* /Users/stephane/Code/CL/C++/antools/other_cmake/SweInterface/swe08.cpp */ = {isa = PBXBuildFile; fileRef = 4DD3BF60FFDE46D8B13AEB70 /* /Users/stephane/Code/CL/C++/antools/other_cmake/SweInterface/swe08.cpp */; };
		6D853550FC5B4978A11DCAE9 /* /Users/stephane/Code/CL/C++/antools/other_cmake/SweInterface/swe02.cpp */ = {isa = PBXBuildFile; fileRef = 0062BE3C9D934CB5B59060CE /* /Users/stephane/Code/CL/C++/antools/other_cmake/SweInterface/swe02.cpp */; };
		7175F065E5D14A0DB9238566 /* /Users/stephane/Code/CL/C++/antools/other_cmake/SweInterface/SweInterface.cpp */ = {isa = PBXBuildFile; fileRef = 35297BF454564DD3A37320BA /* /Users/stephane/Code/CL/C++/antools/other_cmake/SweInterface/SweInterface.cpp */; };
		74B106EF58C344C6B9FC6F22 /* /Users/stephane/Code/CL/C++/antools/other_cmake/SweInterface/CMakeLists.txt */ = {isa = PBXBuildFile; fileRef = ABF81BA5C49244AD8A82A001 /* /Users/stephane/Code/CL/C++/antools/other_cmake/SweInterface/CMakeLists.txt */; };
		787C090CDF834E70AEBCF323 /* /Users/stephane/Code/CL/C++/antools/other_cmake/SweInterface/draw_aspect_line.cpp */ = {isa = PBXBuildFile; fileRef = A2A1A162AE334C8DBBA8BE61 /* /Users/stephane/Code/CL/C++/antools/other_cmake/SweInterface/draw_aspect_line.cpp */; };
		7AA5B2C6298A4EDDA3DC4720 /* /Users/stephane/Code/CL/C++/antools/other_cmake/SweInterface/swe14.cpp */ = {isa = PBXBuildFile; fileRef = 47EDEC8AB64148C4ACA3B85B /* /Users/stephane/Code/CL/C++/antools/other_cmake/SweInterface/swe14.cpp */; };
		95B5C92C19ED497F9D97504C /* /Users/stephane/Code/CL/C++/antools/other_cmake/SweInterface/draw_zodiac_line.cpp */ = {isa = PBXBuildFile; fileRef = 0B58FEB2157A429DA8F7A4F0 /* /Users/stephane/Code/CL/C++/antools/other_cmake/SweInterface/draw_zodiac_line.cpp */; };
		BD2AC95A5EF64950967B74AF /* /Users/stephane/Code/CL/C++/antools/other_cmake/SweInterface/draw_zodiac_circle.cpp */ = {isa = PBXBuildFile; fileRef = 26409063CF524BBB8C751790 /* /Users/stephane/Code/CL/C++/antools/other_cmake/SweInterface/draw_zodiac_circle.cpp */; };
		BDE91A203A2641169D2D0672 /* /Users/stephane/Code/CL/C++/antools/other_cmake/SweInterface/sign.cpp */ = {isa = PBXBuildFile; fileRef = E96BE681047D40978D1131CA /* /Users/stephane/Code/CL/C++/antools/other_cmake/SweInterface/sign.cpp */; };
		E02CD7E5DD3E4AF2AA53F049 /* /Users/stephane/Code/CL/C++/antools/other_cmake/SweInterface/draw_bodie_line.cpp */ = {isa = PBXBuildFile; fileRef = 86757FB717C0430BB4A5B90D /* /Users/stephane/Code/CL/C++/antools/other_cmake/SweInterface/draw_bodie_line.cpp */; };
		F324978651CF440AA44EFC69 /* /Users/stephane/Code/CL/C++/antools/other_cmake/SweInterface/swe17.cpp */ = {isa = PBXBuildFile; fileRef = 2CD17794859E442D8C320882 /* /Users/stephane/Code/CL/C++/antools/other_cmake/SweInterface/swe17.cpp */; };
		F40EDB1D1D6F4BFA8F9D3C04 /* /Users/stephane/Code/CL/C++/antools/other_cmake/SweInterface/swe03.cpp */ = {isa = PBXBuildFile; fileRef = 0CCC6649840443548A13FEC1 /* /Users/stephane/Code/CL/C++/antools/other_cmake/SweInterface/swe03.cpp */; };
		FE57EB74630C421788A6927A /* /Users/stephane/Code/CL/C++/antools/other_cmake/SweInterface/draw_house_angle.cpp */ = {isa = PBXBuildFile; fileRef = 9758020005BA470D925E1591 /* /Users/stephane/Code/CL/C++/antools/other_cmake/SweInterface/draw_house_angle.cpp */; };
/* End PBXBuildFile section */

/* Begin PBXBuildStyle section */
		0C5C8A68C9EF4C0D88D8EE45 /* Debug */ = {
			isa = PBXBuildStyle;
			buildSettings = {
				COPY_PHASE_STRIP = NO;
			};
			name = Debug;
		};
		4E409411B62D49EF8DC5B63A /* Release */ = {
			isa = PBXBuildStyle;
			buildSettings = {
				COPY_PHASE_STRIP = NO;
			};
			name = Release;
		};
		5EEB41BE338B40FF9F7F906B /* MinSizeRel */ = {
			isa = PBXBuildStyle;
			buildSettings = {
				COPY_PHASE_STRIP = NO;
			};
			name = MinSizeRel;
		};
		895D78B94F564C949A5F7A1C /* RelWithDebInfo */ = {
			isa = PBXBuildStyle;
			buildSettings = {
				COPY_PHASE_STRIP = NO;
			};
			name = RelWithDebInfo;
		};
/* End PBXBuildStyle section */

/* Begin PBXContainerItemProxy section */
		7103E5491BBC432A97112993 /* PBXContainerItemProxy */ = {
			isa = PBXContainerItemProxy;
			containerPortal = 03DBBDA66A964AE4A477FD52 /* Project object */;
			proxyType = 1;
			remoteGlobalIDString = 6480D792E2EF434288B439EA;
			remoteInfo = ZERO_CHECK;
		};
		77E29ACDD3BF4BDFB5017723 /* PBXContainerItemProxy */ = {
			isa = PBXContainerItemProxy;
			containerPortal = 03DBBDA66A964AE4A477FD52 /* Project object */;
			proxyType = 1;
			remoteGlobalIDString = 6480D792E2EF434288B439EA;
			remoteInfo = ZERO_CHECK;
		};
		A5DC2095B6E2472FAA6CEE1D /* PBXContainerItemProxy */ = {
			isa = PBXContainerItemProxy;
			containerPortal = 03DBBDA66A964AE4A477FD52 /* Project object */;
			proxyType = 1;
			remoteGlobalIDString = FDB84931A6D1486393D42636;
			remoteInfo = SweInterface;
		};
/* End PBXContainerItemProxy section */

/* Begin PBXFileReference section */
		0062BE3C9D934CB5B59060CE /* /Users/stephane/Code/CL/C++/antools/other_cmake/SweInterface/swe02.cpp */ = {isa = PBXFileReference; explicitFileType = sourcecode.cpp.cpp; fileEncoding = 4; name = swe02.cpp; path = swe02.cpp; sourceTree = SOURCE_ROOT; };
		0B58FEB2157A429DA8F7A4F0 /* /Users/stephane/Code/CL/C++/antools/other_cmake/SweInterface/draw_zodiac_line.cpp */ = {isa = PBXFileReference; explicitFileType = sourcecode.cpp.cpp; fileEncoding = 4; name = draw_zodiac_line.cpp; path = draw_zodiac_line.cpp; sourceTree = SOURCE_ROOT; };
		0CCC6649840443548A13FEC1 /* /Users/stephane/Code/CL/C++/antools/other_cmake/SweInterface/swe03.cpp */ = {isa = PBXFileReference; explicitFileType = sourcecode.cpp.cpp; fileEncoding = 4; name = swe03.cpp; path = swe03.cpp; sourceTree = SOURCE_ROOT; };
		189834C242104102818F87EE /* /Users/stephane/Code/CL/C++/antools/other_cmake/SweInterface/draw_house_number.cpp */ = {isa = PBXFileReference; explicitFileType = sourcecode.cpp.cpp; fileEncoding = 4; name = draw_house_number.cpp; path = draw_house_number.cpp; sourceTree = SOURCE_ROOT; };
		20934EBBF70B476395B1FE07 /* /Users/stephane/Code/CL/C++/antools/other_cmake/SweInterface/angle.cpp */ = {isa = PBXFileReference; explicitFileType = sourcecode.cpp.cpp; fileEncoding = 4; name = angle.cpp; path = angle.cpp; sourceTree = SOURCE_ROOT; };
		26409063CF524BBB8C751790 /* /Users/stephane/Code/CL/C++/antools/other_cmake/SweInterface/draw_zodiac_circle.cpp */ = {isa = PBXFileReference; explicitFileType = sourcecode.cpp.cpp; fileEncoding = 4; name = draw_zodiac_circle.cpp; path = draw_zodiac_circle.cpp; sourceTree = SOURCE_ROOT; };
		29B925576CE44392B68CCE7B /* /Users/stephane/Code/CL/C++/antools/other_cmake/SweInterface/draw.cpp */ = {isa = PBXFileReference; explicitFileType = sourcecode.cpp.cpp; fileEncoding = 4; name = draw.cpp; path = draw.cpp; sourceTree = SOURCE_ROOT; };
		2CD17794859E442D8C320882 /* /Users/stephane/Code/CL/C++/antools/other_cmake/SweInterface/swe17.cpp */ = {isa = PBXFileReference; explicitFileType = sourcecode.cpp.cpp; fileEncoding = 4; name = swe17.cpp; path = swe17.cpp; sourceTree = SOURCE_ROOT; };
		35297BF454564DD3A37320BA /* /Users/stephane/Code/CL/C++/antools/other_cmake/SweInterface/SweInterface.cpp */ = {isa = PBXFileReference; explicitFileType = sourcecode.cpp.cpp; fileEncoding = 4; name = SweInterface.cpp; path = SweInterface.cpp; sourceTree = SOURCE_ROOT; };
		3E92B6BE68844DA4BB214D69 /* /Users/stephane/Code/CL/C++/antools/other_cmake/SweInterface/astre.cpp */ = {isa = PBXFileReference; explicitFileType = sourcecode.cpp.cpp; fileEncoding = 4; name = astre.cpp; path = astre.cpp; sourceTree = SOURCE_ROOT; };
		46681BA531B0458A97154869 /* /Users/stephane/Code/CL/C++/antools/other_cmake/SweInterface/draw_zodiac_sign.cpp */ = {isa = PBXFileReference; explicitFileType = sourcecode.cpp.cpp; fileEncoding = 4; name = draw_zodiac_sign.cpp; path = draw_zodiac_sign.cpp; sourceTree = SOURCE_ROOT; };
		47EDEC8AB64148C4ACA3B85B /* /Users/stephane/Code/CL/C++/antools/other_cmake/SweInterface/swe14.cpp */ = {isa = PBXFileReference; explicitFileType = sourcecode.cpp.cpp; fileEncoding = 4; name = swe14.cpp; path = swe14.cpp; sourceTree = SOURCE_ROOT; };
		4B377CD7D4CA4E6080037BD4 /* /Users/stephane/Code/CL/C++/antools/other_cmake/SweInterface/draw_house_line.cpp */ = {isa = PBXFileReference; explicitFileType = sourcecode.cpp.cpp; fileEncoding = 4; name = draw_house_line.cpp; path = draw_house_line.cpp; sourceTree = SOURCE_ROOT; };
		4DD3BF60FFDE46D8B13AEB70 /* /Users/stephane/Code/CL/C++/antools/other_cmake/SweInterface/swe08.cpp */ = {isa = PBXFileReference; explicitFileType = sourcecode.cpp.cpp; fileEncoding = 4; name = swe08.cpp; path = swe08.cpp; sourceTree = SOURCE_ROOT; };
		5878BFB77CD74652AA928BB0 /* SweInterface */ = {isa = PBXFileReference; explicitFileType = archive.ar; path = libSweInterface.a; sourceTree = BUILT_PRODUCTS_DIR; };
		78F0AEA288644A74B34B2665 /* /Users/stephane/Code/CL/C++/antools/other_cmake/SweInterface/CMakeLists.txt */ = {isa = PBXFileReference; explicitFileType = sourcecode.text; fileEncoding = 4; name = CMakeLists.txt; path = CMakeLists.txt; sourceTree = SOURCE_ROOT; };
		81CA8D3D6B0544A593AEEA1C /* /Users/stephane/Code/CL/C++/antools/other_cmake/SweInterface/house.cpp */ = {isa = PBXFileReference; explicitFileType = sourcecode.cpp.cpp; fileEncoding = 4; name = house.cpp; path = house.cpp; sourceTree = SOURCE_ROOT; };
		86757FB717C0430BB4A5B90D /* /Users/stephane/Code/CL/C++/antools/other_cmake/SweInterface/draw_bodie_line.cpp */ = {isa = PBXFileReference; explicitFileType = sourcecode.cpp.cpp; fileEncoding = 4; name = draw_bodie_line.cpp; path = draw_bodie_line.cpp; sourceTree = SOURCE_ROOT; };
		9758020005BA470D925E1591 /* /Users/stephane/Code/CL/C++/antools/other_cmake/SweInterface/draw_house_angle.cpp */ = {isa = PBXFileReference; explicitFileType = sourcecode.cpp.cpp; fileEncoding = 4; name = draw_house_angle.cpp; path = draw_house_angle.cpp; sourceTree = SOURCE_ROOT; };
		A2A1A162AE334C8DBBA8BE61 /* /Users/stephane/Code/CL/C++/antools/other_cmake/SweInterface/draw_aspect_line.cpp */ = {isa = PBXFileReference; explicitFileType = sourcecode.cpp.cpp; fileEncoding = 4; name = draw_aspect_line.cpp; path = draw_aspect_line.cpp; sourceTree = SOURCE_ROOT; };
		ABF81BA5C49244AD8A82A001 /* /Users/stephane/Code/CL/C++/antools/other_cmake/SweInterface/CMakeLists.txt */ = {isa = PBXFileReference; explicitFileType = sourcecode.text; fileEncoding = 4; name = CMakeLists.txt; path = CMakeLists.txt; sourceTree = SOURCE_ROOT; };
		B4E4A0BCC94649B8A8143C8E /* /Users/stephane/Code/CL/C++/antools/other_cmake/SweInterface/aspect.cpp */ = {isa = PBXFileReference; explicitFileType = sourcecode.cpp.cpp; fileEncoding = 4; name = aspect.cpp; path = aspect.cpp; sourceTree = SOURCE_ROOT; };
		DEC7E7220D90418D8109E939 /* /Users/stephane/Code/CL/C++/antools/other_cmake/SweInterface/timezone.cpp */ = {isa = PBXFileReference; explicitFileType = sourcecode.cpp.cpp; fileEncoding = 4; name = timezone.cpp; path = timezone.cpp; sourceTree = SOURCE_ROOT; };
		E96BE681047D40978D1131CA /* /Users/stephane/Code/CL/C++/antools/other_cmake/SweInterface/sign.cpp */ = {isa = PBXFileReference; explicitFileType = sourcecode.cpp.cpp; fileEncoding = 4; name = sign.cpp; path = sign.cpp; sourceTree = SOURCE_ROOT; };
		F463638D88774527B0DFBA40 /* /Users/stephane/Code/CL/C++/antools/other_cmake/SweInterface/draw_bodie_astre.cpp */ = {isa = PBXFileReference; explicitFileType = sourcecode.cpp.cpp; fileEncoding = 4; name = draw_bodie_astre.cpp; path = draw_bodie_astre.cpp; sourceTree = SOURCE_ROOT; };
/* End PBXFileReference section */

/* Begin PBXFrameworksBuildPhase section */
		0DC360137D964C4686A0411A /* Frameworks */ = {
			isa = PBXFrameworksBuildPhase;
			buildActionMask = 2147483647;
			files = (
			);
			runOnlyForDeploymentPostprocessing = 0;
		};
/* End PBXFrameworksBuildPhase section */

/* Begin PBXGroup section */
		05E8663163BC4986AB200DD6 = {
			isa = PBXGroup;
			children = (
				9CE231AEBEFE4C8D94470400 /* SweInterface */,
				418EF7EDCBDB4678A1AF8562 /* ALL_BUILD */,
				BB049065FF4C467BAE30B455 /* Products */,
				A873E76A99FE4C9C850AE9C6 /* Frameworks */,
			);
			sourceTree = "<group>";
		};
		418EF7EDCBDB4678A1AF8562 /* ALL_BUILD */ = {
			isa = PBXGroup;
			children = (
				72349D4B56224CB985C3AE0D /* CMake Rules */,
				78F0AEA288644A74B34B2665 /* /Users/stephane/Code/CL/C++/antools/other_cmake/SweInterface/CMakeLists.txt */,
			);
			name = ALL_BUILD;
			sourceTree = "<group>";
		};
		72349D4B56224CB985C3AE0D /* CMake Rules */ = {
			isa = PBXGroup;
			children = (
			);
			name = "CMake Rules";
			sourceTree = "<group>";
		};
		7D0E08FC06004F4A8EA848C2 /* Source Files */ = {
			isa = PBXGroup;
			children = (
				35297BF454564DD3A37320BA /* /Users/stephane/Code/CL/C++/antools/other_cmake/SweInterface/SweInterface.cpp */,
				20934EBBF70B476395B1FE07 /* /Users/stephane/Code/CL/C++/antools/other_cmake/SweInterface/angle.cpp */,
				B4E4A0BCC94649B8A8143C8E /* /Users/stephane/Code/CL/C++/antools/other_cmake/SweInterface/aspect.cpp */,
				3E92B6BE68844DA4BB214D69 /* /Users/stephane/Code/CL/C++/antools/other_cmake/SweInterface/astre.cpp */,
				29B925576CE44392B68CCE7B /* /Users/stephane/Code/CL/C++/antools/other_cmake/SweInterface/draw.cpp */,
				A2A1A162AE334C8DBBA8BE61 /* /Users/stephane/Code/CL/C++/antools/other_cmake/SweInterface/draw_aspect_line.cpp */,
				F463638D88774527B0DFBA40 /* /Users/stephane/Code/CL/C++/antools/other_cmake/SweInterface/draw_bodie_astre.cpp */,
				86757FB717C0430BB4A5B90D /* /Users/stephane/Code/CL/C++/antools/other_cmake/SweInterface/draw_bodie_line.cpp */,
				9758020005BA470D925E1591 /* /Users/stephane/Code/CL/C++/antools/other_cmake/SweInterface/draw_house_angle.cpp */,
				4B377CD7D4CA4E6080037BD4 /* /Users/stephane/Code/CL/C++/antools/other_cmake/SweInterface/draw_house_line.cpp */,
				189834C242104102818F87EE /* /Users/stephane/Code/CL/C++/antools/other_cmake/SweInterface/draw_house_number.cpp */,
				26409063CF524BBB8C751790 /* /Users/stephane/Code/CL/C++/antools/other_cmake/SweInterface/draw_zodiac_circle.cpp */,
				0B58FEB2157A429DA8F7A4F0 /* /Users/stephane/Code/CL/C++/antools/other_cmake/SweInterface/draw_zodiac_line.cpp */,
				46681BA531B0458A97154869 /* /Users/stephane/Code/CL/C++/antools/other_cmake/SweInterface/draw_zodiac_sign.cpp */,
				81CA8D3D6B0544A593AEEA1C /* /Users/stephane/Code/CL/C++/antools/other_cmake/SweInterface/house.cpp */,
				E96BE681047D40978D1131CA /* /Users/stephane/Code/CL/C++/antools/other_cmake/SweInterface/sign.cpp */,
				0062BE3C9D934CB5B59060CE /* /Users/stephane/Code/CL/C++/antools/other_cmake/SweInterface/swe02.cpp */,
				0CCC6649840443548A13FEC1 /* /Users/stephane/Code/CL/C++/antools/other_cmake/SweInterface/swe03.cpp */,
				4DD3BF60FFDE46D8B13AEB70 /* /Users/stephane/Code/CL/C++/antools/other_cmake/SweInterface/swe08.cpp */,
				47EDEC8AB64148C4ACA3B85B /* /Users/stephane/Code/CL/C++/antools/other_cmake/SweInterface/swe14.cpp */,
				2CD17794859E442D8C320882 /* /Users/stephane/Code/CL/C++/antools/other_cmake/SweInterface/swe17.cpp */,
				DEC7E7220D90418D8109E939 /* /Users/stephane/Code/CL/C++/antools/other_cmake/SweInterface/timezone.cpp */,
			);
			name = "Source Files";
			sourceTree = "<group>";
		};
		9CE231AEBEFE4C8D94470400 /* SweInterface */ = {
			isa = PBXGroup;
			children = (
				7D0E08FC06004F4A8EA848C2 /* Source Files */,
				ABF81BA5C49244AD8A82A001 /* /Users/stephane/Code/CL/C++/antools/other_cmake/SweInterface/CMakeLists.txt */,
			);
			name = SweInterface;
			sourceTree = "<group>";
		};
		A873E76A99FE4C9C850AE9C6 /* Frameworks */ = {
			isa = PBXGroup;
			children = (
			);
			name = Frameworks;
			sourceTree = "<group>";
		};
		BB049065FF4C467BAE30B455 /* Products */ = {
			isa = PBXGroup;
			children = (
				5878BFB77CD74652AA928BB0 /* SweInterface */,
			);
			name = Products;
			sourceTree = "<group>";
		};
/* End PBXGroup section */

/* Begin PBXNativeTarget section */
		FDB84931A6D1486393D42636 /* SweInterface */ = {
			isa = PBXNativeTarget;
			buildConfigurationList = C23065D8F6D142EC9CA25B0D /* Build configuration list for PBXNativeTarget "SweInterface" */;
			buildPhases = (
				84F993805F744D95B14FC9D8 /* Sources */,
				0DC360137D964C4686A0411A /* Frameworks */,
			);
			buildRules = (
			);
			dependencies = (
				61281309F52347CDA34B3278 /* PBXTargetDependency */,
			);
			name = SweInterface;
			productName = SweInterface;
			productReference = 5878BFB77CD74652AA928BB0 /* SweInterface */;
			productType = "com.apple.product-type.library.static";
		};
/* End PBXNativeTarget section */

/* Begin PBXProject section */
		03DBBDA66A964AE4A477FD52 /* Project object */ = {
			isa = PBXProject;
			attributes = {
				BuildIndependentTargetsInParallel = YES;
				LastUpgradeCheck = 1400;
			};
			buildConfigurationList = DCA1C255FFBD48DB9DD31E7C /* Build configuration list for PBXProject "SweInterface" */;
			buildSettings = {
			};
			buildStyles = (
				0C5C8A68C9EF4C0D88D8EE45 /* Debug */,
				4E409411B62D49EF8DC5B63A /* Release */,
				5EEB41BE338B40FF9F7F906B /* MinSizeRel */,
				895D78B94F564C949A5F7A1C /* RelWithDebInfo */,
			);
			compatibilityVersion = "Xcode 3.2";
			hasScannedForEncodings = 0;
			mainGroup = 05E8663163BC4986AB200DD6;
			projectDirPath = .;
			projectRoot = "";
			targets = (
				DC73121302AB44CCB3EC9F48 /* ALL_BUILD */,
				FDB84931A6D1486393D42636 /* SweInterface */,
				6480D792E2EF434288B439EA /* ZERO_CHECK */,
			);
		};
/* End PBXProject section */

/* Begin PBXShellScriptBuildPhase section */
		3C0110FC8322DE7E50886E21 = {
			isa = PBXShellScriptBuildPhase;
			buildActionMask = 2147483647;
			files = (
			);
			inputPaths = (
			);
			outputPaths = (
			);
			runOnlyForDeploymentPostprocessing = 0;
			shellPath = /bin/sh;
			shellScript = "# shell script goes here
exit 0";
			showEnvVarsInLog = 0;
		};
		3F0B3F44FA677362FDD22817 /* Generate CMakeFiles/ZERO_CHECK */ = {
			isa = PBXShellScriptBuildPhase;
			alwaysOutOfDate = 1;
			buildActionMask = 2147483647;
			files = (
			);
			inputPaths = (
			);
			name = "Generate CMakeFiles/ZERO_CHECK";
			outputPaths = (
"/Users/stephane/Code/CL/C++/antools/other_cmake/SweInterface/CMakeFiles/ZERO_CHECK"			);
			runOnlyForDeploymentPostprocessing = 0;
			shellPath = /bin/sh;
			shellScript = "set -e
if test \"$CONFIGURATION\" = \"Debug\"; then :
  cd /Users/stephane/Code/CL/C++/antools/other_cmake/SweInterface
  make -f /Users/stephane/Code/CL/C++/antools/other_cmake/SweInterface/CMakeScripts/ReRunCMake.make
fi
if test \"$CONFIGURATION\" = \"Release\"; then :
  cd /Users/stephane/Code/CL/C++/antools/other_cmake/SweInterface
  make -f /Users/stephane/Code/CL/C++/antools/other_cmake/SweInterface/CMakeScripts/ReRunCMake.make
fi
if test \"$CONFIGURATION\" = \"MinSizeRel\"; then :
  cd /Users/stephane/Code/CL/C++/antools/other_cmake/SweInterface
  make -f /Users/stephane/Code/CL/C++/antools/other_cmake/SweInterface/CMakeScripts/ReRunCMake.make
fi
if test \"$CONFIGURATION\" = \"RelWithDebInfo\"; then :
  cd /Users/stephane/Code/CL/C++/antools/other_cmake/SweInterface
  make -f /Users/stephane/Code/CL/C++/antools/other_cmake/SweInterface/CMakeScripts/ReRunCMake.make
fi
";
			showEnvVarsInLog = 0;
		};
		67DDA3365FB69F7C8027C8C6 /* Generate CMakeFiles/ALL_BUILD */ = {
			isa = PBXShellScriptBuildPhase;
			alwaysOutOfDate = 1;
			buildActionMask = 2147483647;
			files = (
			);
			inputPaths = (
			);
			name = "Generate CMakeFiles/ALL_BUILD";
			outputPaths = (
"/Users/stephane/Code/CL/C++/antools/other_cmake/SweInterface/CMakeFiles/ALL_BUILD"			);
			runOnlyForDeploymentPostprocessing = 0;
			shellPath = /bin/sh;
			shellScript = "set -e
if test \"$CONFIGURATION\" = \"Debug\"; then :
  cd /Users/stephane/Code/CL/C++/antools/other_cmake/SweInterface
  echo Build\\ all\\ projects
fi
if test \"$CONFIGURATION\" = \"Release\"; then :
  cd /Users/stephane/Code/CL/C++/antools/other_cmake/SweInterface
  echo Build\\ all\\ projects
fi
if test \"$CONFIGURATION\" = \"MinSizeRel\"; then :
  cd /Users/stephane/Code/CL/C++/antools/other_cmake/SweInterface
  echo Build\\ all\\ projects
fi
if test \"$CONFIGURATION\" = \"RelWithDebInfo\"; then :
  cd /Users/stephane/Code/CL/C++/antools/other_cmake/SweInterface
  echo Build\\ all\\ projects
fi
";
			showEnvVarsInLog = 0;
		};
		9B50530E35CC49C82C2FACCF = {
			isa = PBXShellScriptBuildPhase;
			buildActionMask = 2147483647;
			files = (
			);
			inputPaths = (
			);
			outputPaths = (
			);
			runOnlyForDeploymentPostprocessing = 0;
			shellPath = /bin/sh;
			shellScript = "# shell script goes here
exit 0";
			showEnvVarsInLog = 0;
		};
/* End PBXShellScriptBuildPhase section */

/* Begin PBXSourcesBuildPhase section */
		84F993805F744D95B14FC9D8 /* Sources */ = {
			isa = PBXSourcesBuildPhase;
			buildActionMask = 2147483647;
			files = (
				7175F065E5D14A0DB9238566 /* /Users/stephane/Code/CL/C++/antools/other_cmake/SweInterface/SweInterface.cpp */,
				46DC3747A2F241DBA53F8512 /* /Users/stephane/Code/CL/C++/antools/other_cmake/SweInterface/angle.cpp */,
				616DDE226F0F4F9FBEB0FF39 /* /Users/stephane/Code/CL/C++/antools/other_cmake/SweInterface/aspect.cpp */,
				57FCA9170AF84ABFB7DF78E8 /* /Users/stephane/Code/CL/C++/antools/other_cmake/SweInterface/astre.cpp */,
				59D0636AFCAF4F9F8C40CB17 /* /Users/stephane/Code/CL/C++/antools/other_cmake/SweInterface/draw.cpp */,
				787C090CDF834E70AEBCF323 /* /Users/stephane/Code/CL/C++/antools/other_cmake/SweInterface/draw_aspect_line.cpp */,
				3074383995B84C1AAAA47D31 /* /Users/stephane/Code/CL/C++/antools/other_cmake/SweInterface/draw_bodie_astre.cpp */,
				E02CD7E5DD3E4AF2AA53F049 /* /Users/stephane/Code/CL/C++/antools/other_cmake/SweInterface/draw_bodie_line.cpp */,
				FE57EB74630C421788A6927A /* /Users/stephane/Code/CL/C++/antools/other_cmake/SweInterface/draw_house_angle.cpp */,
				45178185F84641C89E85E83A /* /Users/stephane/Code/CL/C++/antools/other_cmake/SweInterface/draw_house_line.cpp */,
				32A572059654455BA3A8EBFF /* /Users/stephane/Code/CL/C++/antools/other_cmake/SweInterface/draw_house_number.cpp */,
				BD2AC95A5EF64950967B74AF /* /Users/stephane/Code/CL/C++/antools/other_cmake/SweInterface/draw_zodiac_circle.cpp */,
				95B5C92C19ED497F9D97504C /* /Users/stephane/Code/CL/C++/antools/other_cmake/SweInterface/draw_zodiac_line.cpp */,
				0A837D6DC3DE4EBDAEB1AA76 /* /Users/stephane/Code/CL/C++/antools/other_cmake/SweInterface/draw_zodiac_sign.cpp */,
				21F8B563BAAC4FFD9E2B9E34 /* /Users/stephane/Code/CL/C++/antools/other_cmake/SweInterface/house.cpp */,
				BDE91A203A2641169D2D0672 /* /Users/stephane/Code/CL/C++/antools/other_cmake/SweInterface/sign.cpp */,
				6D853550FC5B4978A11DCAE9 /* /Users/stephane/Code/CL/C++/antools/other_cmake/SweInterface/swe02.cpp */,
				F40EDB1D1D6F4BFA8F9D3C04 /* /Users/stephane/Code/CL/C++/antools/other_cmake/SweInterface/swe03.cpp */,
				65E55180E63D4627B8F5BC6E /* /Users/stephane/Code/CL/C++/antools/other_cmake/SweInterface/swe08.cpp */,
				7AA5B2C6298A4EDDA3DC4720 /* /Users/stephane/Code/CL/C++/antools/other_cmake/SweInterface/swe14.cpp */,
				F324978651CF440AA44EFC69 /* /Users/stephane/Code/CL/C++/antools/other_cmake/SweInterface/swe17.cpp */,
				1969897005FE408CAA3E2A91 /* /Users/stephane/Code/CL/C++/antools/other_cmake/SweInterface/timezone.cpp */,
			);
			runOnlyForDeploymentPostprocessing = 0;
		};
/* End PBXSourcesBuildPhase section */

/* Begin PBXTargetDependency section */
		5C9A67D755B64C9FB8B7EB2A /* PBXTargetDependency */ = {
			isa = PBXTargetDependency;
			target = FDB84931A6D1486393D42636 /* SweInterface */;
			targetProxy = A5DC2095B6E2472FAA6CEE1D /* PBXContainerItemProxy */;
		};
		61281309F52347CDA34B3278 /* PBXTargetDependency */ = {
			isa = PBXTargetDependency;
			target = 6480D792E2EF434288B439EA /* ZERO_CHECK */;
			targetProxy = 7103E5491BBC432A97112993 /* PBXContainerItemProxy */;
		};
		AE5083933D3845619496BEC5 /* PBXTargetDependency */ = {
			isa = PBXTargetDependency;
			target = 6480D792E2EF434288B439EA /* ZERO_CHECK */;
			targetProxy = 77E29ACDD3BF4BDFB5017723 /* PBXContainerItemProxy */;
		};
/* End PBXTargetDependency section */

/* Begin XCBuildConfiguration section */
		0C24290DC86C419FB884511E /* Release */ = {
			isa = XCBuildConfiguration;
			buildSettings = {
				COMBINE_HIDPI_IMAGES = YES;
				GCC_GENERATE_DEBUGGING_SYMBOLS = YES;
				GCC_INLINES_ARE_PRIVATE_EXTERN = NO;
				GCC_OPTIMIZATION_LEVEL = 0;
				GCC_PREPROCESSOR_DEFINITIONS = ("'CMAKE_INTDIR=\"$(CONFIGURATION)$(EFFECTIVE_PLATFORM_NAME)\"'","$(inherited)");
				GCC_SYMBOLS_PRIVATE_EXTERN = NO;
				INSTALL_PATH = "";
				OTHER_LDFLAGS = ("","$(inherited)");
				OTHER_REZFLAGS = "";
				PRODUCT_NAME = ALL_BUILD;
				SECTORDER_FLAGS = "";
				SYMROOT = "/Users/stephane/Code/CL/C++/antools/other_cmake/SweInterface";
				USE_HEADERMAP = NO;
				WARNING_CFLAGS = ("$(inherited)");
			};
			name = Release;
		};
		0E3D705D237B4A988641A741 /* Release */ = {
			isa = XCBuildConfiguration;
			buildSettings = {
				ARCHS = "$(NATIVE_ARCH_ACTUAL)";
				"EXCLUDED_ARCHS[sdk=iphonesimulator*]" = arm64;
				ONLY_ACTIVE_ARCH = YES;
				SDKROOT = /Applications/Xcode.app/Contents/Developer/Platforms/MacOSX.platform/Developer/SDKs/MacOSX12.3.sdk;
				SYMROOT = "/Users/stephane/Code/CL/C++/antools/other_cmake/SweInterface/build";
			};
			name = Release;
		};
		15AC731A31CB48DD9AEF3BAB /* Debug */ = {
			isa = XCBuildConfiguration;
			buildSettings = {
				COMBINE_HIDPI_IMAGES = YES;
				GCC_GENERATE_DEBUGGING_SYMBOLS = YES;
				GCC_INLINES_ARE_PRIVATE_EXTERN = NO;
				GCC_OPTIMIZATION_LEVEL = 0;
				GCC_PREPROCESSOR_DEFINITIONS = ("'CMAKE_INTDIR=\"$(CONFIGURATION)$(EFFECTIVE_PLATFORM_NAME)\"'","$(inherited)");
				GCC_SYMBOLS_PRIVATE_EXTERN = NO;
				INSTALL_PATH = "";
				OTHER_LDFLAGS = ("","$(inherited)");
				OTHER_REZFLAGS = "";
				PRODUCT_NAME = ALL_BUILD;
				SECTORDER_FLAGS = "";
				SYMROOT = "/Users/stephane/Code/CL/C++/antools/other_cmake/SweInterface";
				USE_HEADERMAP = NO;
				WARNING_CFLAGS = ("$(inherited)");
			};
			name = Debug;
		};
		2F4AEF02BEA943918B4F3B69 /* MinSizeRel */ = {
			isa = XCBuildConfiguration;
			buildSettings = {
				COMBINE_HIDPI_IMAGES = YES;
				GCC_GENERATE_DEBUGGING_SYMBOLS = YES;
				GCC_INLINES_ARE_PRIVATE_EXTERN = NO;
				GCC_OPTIMIZATION_LEVEL = 0;
				GCC_PREPROCESSOR_DEFINITIONS = ("'CMAKE_INTDIR=\"$(CONFIGURATION)$(EFFECTIVE_PLATFORM_NAME)\"'","$(inherited)");
				GCC_SYMBOLS_PRIVATE_EXTERN = NO;
				INSTALL_PATH = "";
				OTHER_LDFLAGS = ("","$(inherited)");
				OTHER_REZFLAGS = "";
				PRODUCT_NAME = ZERO_CHECK;
				SECTORDER_FLAGS = "";
				SYMROOT = "/Users/stephane/Code/CL/C++/antools/other_cmake/SweInterface";
				USE_HEADERMAP = NO;
				WARNING_CFLAGS = ("$(inherited)");
			};
			name = MinSizeRel;
		};
		3AEF74BF64B04CD99CC36C94 /* RelWithDebInfo */ = {
			isa = XCBuildConfiguration;
			buildSettings = {
				COMBINE_HIDPI_IMAGES = YES;
				GCC_GENERATE_DEBUGGING_SYMBOLS = YES;
				GCC_INLINES_ARE_PRIVATE_EXTERN = NO;
				GCC_OPTIMIZATION_LEVEL = 0;
				GCC_PREPROCESSOR_DEFINITIONS = ("'CMAKE_INTDIR=\"$(CONFIGURATION)$(EFFECTIVE_PLATFORM_NAME)\"'","$(inherited)");
				GCC_SYMBOLS_PRIVATE_EXTERN = NO;
				INSTALL_PATH = "";
				OTHER_LDFLAGS = ("","$(inherited)");
				OTHER_REZFLAGS = "";
				PRODUCT_NAME = ZERO_CHECK;
				SECTORDER_FLAGS = "";
				SYMROOT = "/Users/stephane/Code/CL/C++/antools/other_cmake/SweInterface";
				USE_HEADERMAP = NO;
				WARNING_CFLAGS = ("$(inherited)");
			};
			name = RelWithDebInfo;
		};
		40871AFBD674449FABC07BF3 /* Debug */ = {
			isa = XCBuildConfiguration;
			buildSettings = {
				COMBINE_HIDPI_IMAGES = YES;
				EXECUTABLE_PREFIX = lib;
				EXECUTABLE_SUFFIX = .a;
				GCC_GENERATE_DEBUGGING_SYMBOLS = YES;
				GCC_INLINES_ARE_PRIVATE_EXTERN = NO;
				GCC_OPTIMIZATION_LEVEL = 0;
				GCC_PREPROCESSOR_DEFINITIONS = ("'CMAKE_INTDIR=\"$(CONFIGURATION)$(EFFECTIVE_PLATFORM_NAME)\"'","$(inherited)");
				GCC_SYMBOLS_PRIVATE_EXTERN = NO;
				HEADER_SEARCH_PATHS = ("/Users/stephane/Code/CL/C++/antools/other_cmake/SweInterface/.","$(inherited)");
				INSTALL_PATH = "";
				LIBRARY_STYLE = STATIC;
				OTHER_CPLUSPLUSFLAGS = "   '-std=gnu++2a' ";
				OTHER_LIBTOOLFLAGS = ("");
				OTHER_REZFLAGS = "";
				PRODUCT_NAME = SweInterface;
				SECTORDER_FLAGS = "";
				SYMROOT = "/Users/stephane/Code/CL/C++/antools/other_cmake/SweInterface";
				USE_HEADERMAP = NO;
				WARNING_CFLAGS = ("$(inherited)");
			};
			name = Debug;
		};
		4097898C836846488529A639 /* Release */ = {
			isa = XCBuildConfiguration;
			buildSettings = {
				COMBINE_HIDPI_IMAGES = YES;
				GCC_GENERATE_DEBUGGING_SYMBOLS = YES;
				GCC_INLINES_ARE_PRIVATE_EXTERN = NO;
				GCC_OPTIMIZATION_LEVEL = 0;
				GCC_PREPROCESSOR_DEFINITIONS = ("'CMAKE_INTDIR=\"$(CONFIGURATION)$(EFFECTIVE_PLATFORM_NAME)\"'","$(inherited)");
				GCC_SYMBOLS_PRIVATE_EXTERN = NO;
				INSTALL_PATH = "";
				OTHER_LDFLAGS = ("","$(inherited)");
				OTHER_REZFLAGS = "";
				PRODUCT_NAME = ZERO_CHECK;
				SECTORDER_FLAGS = "";
				SYMROOT = "/Users/stephane/Code/CL/C++/antools/other_cmake/SweInterface";
				USE_HEADERMAP = NO;
				WARNING_CFLAGS = ("$(inherited)");
			};
			name = Release;
		};
		43BB89C6B00F49CF9A6F65FA /* Debug */ = {
			isa = XCBuildConfiguration;
			buildSettings = {
				ARCHS = "$(NATIVE_ARCH_ACTUAL)";
				"EXCLUDED_ARCHS[sdk=iphonesimulator*]" = arm64;
				ONLY_ACTIVE_ARCH = YES;
				SDKROOT = /Applications/Xcode.app/Contents/Developer/Platforms/MacOSX.platform/Developer/SDKs/MacOSX12.3.sdk;
				SYMROOT = "/Users/stephane/Code/CL/C++/antools/other_cmake/SweInterface/build";
			};
			name = Debug;
		};
		4A98BE1B550949D193E32B13 /* MinSizeRel */ = {
			isa = XCBuildConfiguration;
			buildSettings = {
				COMBINE_HIDPI_IMAGES = YES;
				GCC_GENERATE_DEBUGGING_SYMBOLS = YES;
				GCC_INLINES_ARE_PRIVATE_EXTERN = NO;
				GCC_OPTIMIZATION_LEVEL = 0;
				GCC_PREPROCESSOR_DEFINITIONS = ("'CMAKE_INTDIR=\"$(CONFIGURATION)$(EFFECTIVE_PLATFORM_NAME)\"'","$(inherited)");
				GCC_SYMBOLS_PRIVATE_EXTERN = NO;
				INSTALL_PATH = "";
				OTHER_LDFLAGS = ("","$(inherited)");
				OTHER_REZFLAGS = "";
				PRODUCT_NAME = ALL_BUILD;
				SECTORDER_FLAGS = "";
				SYMROOT = "/Users/stephane/Code/CL/C++/antools/other_cmake/SweInterface";
				USE_HEADERMAP = NO;
				WARNING_CFLAGS = ("$(inherited)");
			};
			name = MinSizeRel;
		};
		5243025913314C63BC2F4C77 /* MinSizeRel */ = {
			isa = XCBuildConfiguration;
			buildSettings = {
				ARCHS = "$(NATIVE_ARCH_ACTUAL)";
				"EXCLUDED_ARCHS[sdk=iphonesimulator*]" = arm64;
				ONLY_ACTIVE_ARCH = YES;
				SDKROOT = /Applications/Xcode.app/Contents/Developer/Platforms/MacOSX.platform/Developer/SDKs/MacOSX12.3.sdk;
				SYMROOT = "/Users/stephane/Code/CL/C++/antools/other_cmake/SweInterface/build";
			};
			name = MinSizeRel;
		};
		6373FC1B37BB494D86916975 /* Release */ = {
			isa = XCBuildConfiguration;
			buildSettings = {
				COMBINE_HIDPI_IMAGES = YES;
				EXECUTABLE_PREFIX = lib;
				EXECUTABLE_SUFFIX = .a;
				GCC_GENERATE_DEBUGGING_SYMBOLS = NO;
				GCC_INLINES_ARE_PRIVATE_EXTERN = NO;
				GCC_OPTIMIZATION_LEVEL = 3;
				GCC_PREPROCESSOR_DEFINITIONS = ("'CMAKE_INTDIR=\"$(CONFIGURATION)$(EFFECTIVE_PLATFORM_NAME)\"'","$(inherited)");
				GCC_SYMBOLS_PRIVATE_EXTERN = NO;
				HEADER_SEARCH_PATHS = ("/Users/stephane/Code/CL/C++/antools/other_cmake/SweInterface/.","$(inherited)");
				INSTALL_PATH = "";
				LIBRARY_STYLE = STATIC;
				OTHER_CPLUSPLUSFLAGS = "    -DNDEBUG '-std=gnu++2a' ";
				OTHER_LIBTOOLFLAGS = ("");
				OTHER_REZFLAGS = "";
				PRODUCT_NAME = SweInterface;
				SECTORDER_FLAGS = "";
				SYMROOT = "/Users/stephane/Code/CL/C++/antools/other_cmake/SweInterface";
				USE_HEADERMAP = NO;
				WARNING_CFLAGS = ("$(inherited)");
			};
			name = Release;
		};
		77E9D260B120405B9A228043 /* RelWithDebInfo */ = {
			isa = XCBuildConfiguration;
			buildSettings = {
				ARCHS = "$(NATIVE_ARCH_ACTUAL)";
				"EXCLUDED_ARCHS[sdk=iphonesimulator*]" = arm64;
				ONLY_ACTIVE_ARCH = YES;
				SDKROOT = /Applications/Xcode.app/Contents/Developer/Platforms/MacOSX.platform/Developer/SDKs/MacOSX12.3.sdk;
				SYMROOT = "/Users/stephane/Code/CL/C++/antools/other_cmake/SweInterface/build";
			};
			name = RelWithDebInfo;
		};
		B9B9922DCD264213AA82934F /* MinSizeRel */ = {
			isa = XCBuildConfiguration;
			buildSettings = {
				COMBINE_HIDPI_IMAGES = YES;
				EXECUTABLE_PREFIX = lib;
				EXECUTABLE_SUFFIX = .a;
				GCC_GENERATE_DEBUGGING_SYMBOLS = NO;
				GCC_INLINES_ARE_PRIVATE_EXTERN = NO;
				GCC_OPTIMIZATION_LEVEL = s;
				GCC_PREPROCESSOR_DEFINITIONS = ("'CMAKE_INTDIR=\"$(CONFIGURATION)$(EFFECTIVE_PLATFORM_NAME)\"'","$(inherited)");
				GCC_SYMBOLS_PRIVATE_EXTERN = NO;
				HEADER_SEARCH_PATHS = ("/Users/stephane/Code/CL/C++/antools/other_cmake/SweInterface/.","$(inherited)");
				INSTALL_PATH = "";
				LIBRARY_STYLE = STATIC;
				OTHER_CPLUSPLUSFLAGS = "    -DNDEBUG '-std=gnu++2a' ";
				OTHER_LIBTOOLFLAGS = ("");
				OTHER_REZFLAGS = "";
				PRODUCT_NAME = SweInterface;
				SECTORDER_FLAGS = "";
				SYMROOT = "/Users/stephane/Code/CL/C++/antools/other_cmake/SweInterface";
				USE_HEADERMAP = NO;
				WARNING_CFLAGS = ("$(inherited)");
			};
			name = MinSizeRel;
		};
		D82AC93F284E4C30B83861FE /* Debug */ = {
			isa = XCBuildConfiguration;
			buildSettings = {
				COMBINE_HIDPI_IMAGES = YES;
				GCC_GENERATE_DEBUGGING_SYMBOLS = YES;
				GCC_INLINES_ARE_PRIVATE_EXTERN = NO;
				GCC_OPTIMIZATION_LEVEL = 0;
				GCC_PREPROCESSOR_DEFINITIONS = ("'CMAKE_INTDIR=\"$(CONFIGURATION)$(EFFECTIVE_PLATFORM_NAME)\"'","$(inherited)");
				GCC_SYMBOLS_PRIVATE_EXTERN = NO;
				INSTALL_PATH = "";
				OTHER_LDFLAGS = ("","$(inherited)");
				OTHER_REZFLAGS = "";
				PRODUCT_NAME = ZERO_CHECK;
				SECTORDER_FLAGS = "";
				SYMROOT = "/Users/stephane/Code/CL/C++/antools/other_cmake/SweInterface";
				USE_HEADERMAP = NO;
				WARNING_CFLAGS = ("$(inherited)");
			};
			name = Debug;
		};
		E0B0FDFAECD9462B80F92299 /* RelWithDebInfo */ = {
			isa = XCBuildConfiguration;
			buildSettings = {
				COMBINE_HIDPI_IMAGES = YES;
				EXECUTABLE_PREFIX = lib;
				EXECUTABLE_SUFFIX = .a;
				GCC_GENERATE_DEBUGGING_SYMBOLS = YES;
				GCC_INLINES_ARE_PRIVATE_EXTERN = NO;
				GCC_OPTIMIZATION_LEVEL = 2;
				GCC_PREPROCESSOR_DEFINITIONS = ("'CMAKE_INTDIR=\"$(CONFIGURATION)$(EFFECTIVE_PLATFORM_NAME)\"'","$(inherited)");
				GCC_SYMBOLS_PRIVATE_EXTERN = NO;
				HEADER_SEARCH_PATHS = ("/Users/stephane/Code/CL/C++/antools/other_cmake/SweInterface/.","$(inherited)");
				INSTALL_PATH = "";
				LIBRARY_STYLE = STATIC;
				OTHER_CPLUSPLUSFLAGS = "       -DNDEBUG '-std=gnu++2a' ";
				OTHER_LIBTOOLFLAGS = ("");
				OTHER_REZFLAGS = "";
				PRODUCT_NAME = SweInterface;
				SECTORDER_FLAGS = "";
				SYMROOT = "/Users/stephane/Code/CL/C++/antools/other_cmake/SweInterface";
				USE_HEADERMAP = NO;
				WARNING_CFLAGS = ("$(inherited)");
			};
			name = RelWithDebInfo;
		};
		E4075765DDA44602BC6049A2 /* RelWithDebInfo */ = {
			isa = XCBuildConfiguration;
			buildSettings = {
				COMBINE_HIDPI_IMAGES = YES;
				GCC_GENERATE_DEBUGGING_SYMBOLS = YES;
				GCC_INLINES_ARE_PRIVATE_EXTERN = NO;
				GCC_OPTIMIZATION_LEVEL = 0;
				GCC_PREPROCESSOR_DEFINITIONS = ("'CMAKE_INTDIR=\"$(CONFIGURATION)$(EFFECTIVE_PLATFORM_NAME)\"'","$(inherited)");
				GCC_SYMBOLS_PRIVATE_EXTERN = NO;
				INSTALL_PATH = "";
				OTHER_LDFLAGS = ("","$(inherited)");
				OTHER_REZFLAGS = "";
				PRODUCT_NAME = ALL_BUILD;
				SECTORDER_FLAGS = "";
				SYMROOT = "/Users/stephane/Code/CL/C++/antools/other_cmake/SweInterface";
				USE_HEADERMAP = NO;
				WARNING_CFLAGS = ("$(inherited)");
			};
			name = RelWithDebInfo;
		};
/* End XCBuildConfiguration section */

/* Begin XCConfigurationList section */
		2ACC2B2CDDB9495EAEE2F590 /* Build configuration list for PBXAggregateTarget "ZERO_CHECK" */ = {
			isa = XCConfigurationList;
			buildConfigurations = (
				D82AC93F284E4C30B83861FE /* Debug */,
				4097898C836846488529A639 /* Release */,
				2F4AEF02BEA943918B4F3B69 /* MinSizeRel */,
				3AEF74BF64B04CD99CC36C94 /* RelWithDebInfo */,
			);
			defaultConfigurationIsVisible = 0;
			defaultConfigurationName = Debug;
		};
		A207ECB63D3F4A819CFAF202 /* Build configuration list for PBXAggregateTarget "ALL_BUILD" */ = {
			isa = XCConfigurationList;
			buildConfigurations = (
				15AC731A31CB48DD9AEF3BAB /* Debug */,
				0C24290DC86C419FB884511E /* Release */,
				4A98BE1B550949D193E32B13 /* MinSizeRel */,
				E4075765DDA44602BC6049A2 /* RelWithDebInfo */,
			);
			defaultConfigurationIsVisible = 0;
			defaultConfigurationName = Debug;
		};
		C23065D8F6D142EC9CA25B0D /* Build configuration list for PBXNativeTarget "SweInterface" */ = {
			isa = XCConfigurationList;
			buildConfigurations = (
				40871AFBD674449FABC07BF3 /* Debug */,
				6373FC1B37BB494D86916975 /* Release */,
				B9B9922DCD264213AA82934F /* MinSizeRel */,
				E0B0FDFAECD9462B80F92299 /* RelWithDebInfo */,
			);
			defaultConfigurationIsVisible = 0;
			defaultConfigurationName = Debug;
		};
		DCA1C255FFBD48DB9DD31E7C /* Build configuration list for PBXProject "SweInterface" */ = {
			isa = XCConfigurationList;
			buildConfigurations = (
				43BB89C6B00F49CF9A6F65FA /* Debug */,
				0E3D705D237B4A988641A741 /* Release */,
				5243025913314C63BC2F4C77 /* MinSizeRel */,
				77E9D260B120405B9A228043 /* RelWithDebInfo */,
			);
			defaultConfigurationIsVisible = 0;
			defaultConfigurationName = Debug;
		};
/* End XCConfigurationList section */
	};
	rootObject = 03DBBDA66A964AE4A477FD52 /* Project object */;
}
