// !$*UTF8*$!
{
	archiveVersion = 1;
	classes = {
	};
	objectVersion = 46;
	objects = {

/* Begin PBXAggregateTarget section */
		6480D792E2EF434288B439EA /* ZERO_CHECK */ = {
			isa = PBXAggregateTarget;
			buildConfigurationList = B4FD4329E3C44937A9FFB1CE /* Build configuration list for PBXAggregateTarget "ZERO_CHECK" */;
			buildPhases = (
				09998FB81C5361E14A993F10 /* Generate CMakeFiles/ZERO_CHECK */,
			);
			dependencies = (
			);
			name = ZERO_CHECK;
			productName = ZERO_CHECK;
		};
		DC73121302AB44CCB3EC9F48 /* ALL_BUILD */ = {
			isa = PBXAggregateTarget;
			buildConfigurationList = 93210755EB70445AA9883F4E /* Build configuration list for PBXAggregateTarget "ALL_BUILD" */;
			buildPhases = (
				0B57E0A3D507499497E982F9 /* Generate CMakeFiles/ALL_BUILD */,
			);
			dependencies = (
				354D820A029049DE9B83E84F /* PBXTargetDependency */,
				55C4EF8281A2458D9135AF20 /* PBXTargetDependency */,
			);
			name = ALL_BUILD;
			productName = ALL_BUILD;
		};
/* End PBXAggregateTarget section */

/* Begin PBXBuildFile section */
		05066BE9A8644DC88BE98FD4 /* /Users/stephane/Code/CL/C++/antools/other_cmake/Svg/svg_data.cpp */ = {isa = PBXBuildFile; fileRef = FC6EF2411DF04D01A4328964 /* /Users/stephane/Code/CL/C++/antools/other_cmake/Svg/svg_data.cpp */; };
		E43263DF02B741B3A2598605 /* /Users/stephane/Code/CL/C++/antools/other_cmake/Svg/CMakeLists.txt */ = {isa = PBXBuildFile; fileRef = 96EAC9AEE47C41018AAEBFFC /* /Users/stephane/Code/CL/C++/antools/other_cmake/Svg/CMakeLists.txt */; };
/* End PBXBuildFile section */

/* Begin PBXBuildStyle section */
		07803785E7384783BC3F1EB2 /* Release */ = {
			isa = PBXBuildStyle;
			buildSettings = {
				COPY_PHASE_STRIP = NO;
			};
			name = Release;
		};
		181F3FDE8928450FB6FF6EB4 /* Debug */ = {
			isa = PBXBuildStyle;
			buildSettings = {
				COPY_PHASE_STRIP = NO;
			};
			name = Debug;
		};
		30883CC90BAF498F801B6F82 /* RelWithDebInfo */ = {
			isa = PBXBuildStyle;
			buildSettings = {
				COPY_PHASE_STRIP = NO;
			};
			name = RelWithDebInfo;
		};
		E7DB474A4ADA4F6E96AC0419 /* MinSizeRel */ = {
			isa = PBXBuildStyle;
			buildSettings = {
				COPY_PHASE_STRIP = NO;
			};
			name = MinSizeRel;
		};
/* End PBXBuildStyle section */

/* Begin PBXContainerItemProxy section */
		80E60F9ED14B4FF8954165E5 /* PBXContainerItemProxy */ = {
			isa = PBXContainerItemProxy;
			containerPortal = 9CD88BB3ABBD4957B2BED2D7 /* Project object */;
			proxyType = 1;
			remoteGlobalIDString = 6480D792E2EF434288B439EA;
			remoteInfo = ZERO_CHECK;
		};
		B7477B1AC77347E286128DCE /* PBXContainerItemProxy */ = {
			isa = PBXContainerItemProxy;
			containerPortal = 9CD88BB3ABBD4957B2BED2D7 /* Project object */;
			proxyType = 1;
			remoteGlobalIDString = 86D20A45FEAA40D69B513CC0;
			remoteInfo = Svg;
		};
		EFEFB59875864F63A891B39E /* PBXContainerItemProxy */ = {
			isa = PBXContainerItemProxy;
			containerPortal = 9CD88BB3ABBD4957B2BED2D7 /* Project object */;
			proxyType = 1;
			remoteGlobalIDString = 6480D792E2EF434288B439EA;
			remoteInfo = ZERO_CHECK;
		};
/* End PBXContainerItemProxy section */

/* Begin PBXFileReference section */
		24ADF8CCD0074AA8839945B2 /* /Users/stephane/Code/CL/C++/antools/other_cmake/Svg/CMakeLists.txt */ = {isa = PBXFileReference; explicitFileType = sourcecode.text; fileEncoding = 4; name = CMakeLists.txt; path = CMakeLists.txt; sourceTree = SOURCE_ROOT; };
		2C3D0CF5BABB4E8A961CC661 /* Svg */ = {isa = PBXFileReference; explicitFileType = archive.ar; path = libSvg.a; sourceTree = BUILT_PRODUCTS_DIR; };
		96EAC9AEE47C41018AAEBFFC /* /Users/stephane/Code/CL/C++/antools/other_cmake/Svg/CMakeLists.txt */ = {isa = PBXFileReference; explicitFileType = sourcecode.text; fileEncoding = 4; name = CMakeLists.txt; path = CMakeLists.txt; sourceTree = SOURCE_ROOT; };
		FC6EF2411DF04D01A4328964 /* /Users/stephane/Code/CL/C++/antools/other_cmake/Svg/svg_data.cpp */ = {isa = PBXFileReference; explicitFileType = sourcecode.cpp.cpp; fileEncoding = 4; name = svg_data.cpp; path = svg_data.cpp; sourceTree = SOURCE_ROOT; };
/* End PBXFileReference section */

/* Begin PBXFrameworksBuildPhase section */
		1BF674B8814F409599A3EE5C /* Frameworks */ = {
			isa = PBXFrameworksBuildPhase;
			buildActionMask = 2147483647;
			files = (
			);
			runOnlyForDeploymentPostprocessing = 0;
		};
/* End PBXFrameworksBuildPhase section */

/* Begin PBXGroup section */
		0C6ABFA74230487FA4259B72 /* ALL_BUILD */ = {
			isa = PBXGroup;
			children = (
				F2CBA51D2EA74AF18F0E8432 /* CMake Rules */,
				24ADF8CCD0074AA8839945B2 /* /Users/stephane/Code/CL/C++/antools/other_cmake/Svg/CMakeLists.txt */,
			);
			name = ALL_BUILD;
			sourceTree = "<group>";
		};
		5DF629D92C92482BB1C757DC = {
			isa = PBXGroup;
			children = (
				DB1DFC7BD0734D539BA53908 /* Svg */,
				0C6ABFA74230487FA4259B72 /* ALL_BUILD */,
				BC993263B9DA4877A0818A04 /* Products */,
				B4A54ACEB1B343F8A599AABB /* Frameworks */,
			);
			sourceTree = "<group>";
		};
		B4A54ACEB1B343F8A599AABB /* Frameworks */ = {
			isa = PBXGroup;
			children = (
			);
			name = Frameworks;
			sourceTree = "<group>";
		};
		BC993263B9DA4877A0818A04 /* Products */ = {
			isa = PBXGroup;
			children = (
				2C3D0CF5BABB4E8A961CC661 /* Svg */,
			);
			name = Products;
			sourceTree = "<group>";
		};
		DB1DFC7BD0734D539BA53908 /* Svg */ = {
			isa = PBXGroup;
			children = (
				F304DDF98AA743D397CB5B9F /* Source Files */,
				96EAC9AEE47C41018AAEBFFC /* /Users/stephane/Code/CL/C++/antools/other_cmake/Svg/CMakeLists.txt */,
			);
			name = Svg;
			sourceTree = "<group>";
		};
		F2CBA51D2EA74AF18F0E8432 /* CMake Rules */ = {
			isa = PBXGroup;
			children = (
			);
			name = "CMake Rules";
			sourceTree = "<group>";
		};
		F304DDF98AA743D397CB5B9F /* Source Files */ = {
			isa = PBXGroup;
			children = (
				FC6EF2411DF04D01A4328964 /* /Users/stephane/Code/CL/C++/antools/other_cmake/Svg/svg_data.cpp */,
			);
			name = "Source Files";
			sourceTree = "<group>";
		};
/* End PBXGroup section */

/* Begin PBXNativeTarget section */
		86D20A45FEAA40D69B513CC0 /* Svg */ = {
			isa = PBXNativeTarget;
			buildConfigurationList = 9C7CCD7366A94029BD40C58A /* Build configuration list for PBXNativeTarget "Svg" */;
			buildPhases = (
				888386E6C369408B87D35E9E /* Sources */,
				1BF674B8814F409599A3EE5C /* Frameworks */,
			);
			buildRules = (
			);
			dependencies = (
				05D70CE79D4E47E88F6B8192 /* PBXTargetDependency */,
			);
			name = Svg;
			productName = Svg;
			productReference = 2C3D0CF5BABB4E8A961CC661 /* Svg */;
			productType = "com.apple.product-type.library.static";
		};
/* End PBXNativeTarget section */

/* Begin PBXProject section */
		9CD88BB3ABBD4957B2BED2D7 /* Project object */ = {
			isa = PBXProject;
			attributes = {
				BuildIndependentTargetsInParallel = YES;
				LastUpgradeCheck = 1400;
			};
			buildConfigurationList = 43C879C696B14E6E81100F6A /* Build configuration list for PBXProject "Svg" */;
			buildSettings = {
			};
			buildStyles = (
				181F3FDE8928450FB6FF6EB4 /* Debug */,
				07803785E7384783BC3F1EB2 /* Release */,
				E7DB474A4ADA4F6E96AC0419 /* MinSizeRel */,
				30883CC90BAF498F801B6F82 /* RelWithDebInfo */,
			);
			compatibilityVersion = "Xcode 3.2";
			hasScannedForEncodings = 0;
			mainGroup = 5DF629D92C92482BB1C757DC;
			projectDirPath = .;
			projectRoot = "";
			targets = (
				DC73121302AB44CCB3EC9F48 /* ALL_BUILD */,
				86D20A45FEAA40D69B513CC0 /* Svg */,
				6480D792E2EF434288B439EA /* ZERO_CHECK */,
			);
		};
/* End PBXProject section */

/* Begin PBXShellScriptBuildPhase section */
		09998FB81C5361E14A993F10 /* Generate CMakeFiles/ZERO_CHECK */ = {
			isa = PBXShellScriptBuildPhase;
			alwaysOutOfDate = 1;
			buildActionMask = 2147483647;
			files = (
			);
			inputPaths = (
			);
			name = "Generate CMakeFiles/ZERO_CHECK";
			outputPaths = (
"/Users/stephane/Code/CL/C++/antools/other_cmake/Svg/CMakeFiles/ZERO_CHECK"			);
			runOnlyForDeploymentPostprocessing = 0;
			shellPath = /bin/sh;
			shellScript = "set -e
if test \"$CONFIGURATION\" = \"Debug\"; then :
  cd /Users/stephane/Code/CL/C++/antools/other_cmake/Svg
  make -f /Users/stephane/Code/CL/C++/antools/other_cmake/Svg/CMakeScripts/ReRunCMake.make
fi
if test \"$CONFIGURATION\" = \"Release\"; then :
  cd /Users/stephane/Code/CL/C++/antools/other_cmake/Svg
  make -f /Users/stephane/Code/CL/C++/antools/other_cmake/Svg/CMakeScripts/ReRunCMake.make
fi
if test \"$CONFIGURATION\" = \"MinSizeRel\"; then :
  cd /Users/stephane/Code/CL/C++/antools/other_cmake/Svg
  make -f /Users/stephane/Code/CL/C++/antools/other_cmake/Svg/CMakeScripts/ReRunCMake.make
fi
if test \"$CONFIGURATION\" = \"RelWithDebInfo\"; then :
  cd /Users/stephane/Code/CL/C++/antools/other_cmake/Svg
  make -f /Users/stephane/Code/CL/C++/antools/other_cmake/Svg/CMakeScripts/ReRunCMake.make
fi
";
			showEnvVarsInLog = 0;
		};
		0B57E0A3D507499497E982F9 /* Generate CMakeFiles/ALL_BUILD */ = {
			isa = PBXShellScriptBuildPhase;
			alwaysOutOfDate = 1;
			buildActionMask = 2147483647;
			files = (
			);
			inputPaths = (
			);
			name = "Generate CMakeFiles/ALL_BUILD";
			outputPaths = (
"/Users/stephane/Code/CL/C++/antools/other_cmake/Svg/CMakeFiles/ALL_BUILD"			);
			runOnlyForDeploymentPostprocessing = 0;
			shellPath = /bin/sh;
			shellScript = "set -e
if test \"$CONFIGURATION\" = \"Debug\"; then :
  cd /Users/stephane/Code/CL/C++/antools/other_cmake/Svg
  echo Build\\ all\\ projects
fi
if test \"$CONFIGURATION\" = \"Release\"; then :
  cd /Users/stephane/Code/CL/C++/antools/other_cmake/Svg
  echo Build\\ all\\ projects
fi
if test \"$CONFIGURATION\" = \"MinSizeRel\"; then :
  cd /Users/stephane/Code/CL/C++/antools/other_cmake/Svg
  echo Build\\ all\\ projects
fi
if test \"$CONFIGURATION\" = \"RelWithDebInfo\"; then :
  cd /Users/stephane/Code/CL/C++/antools/other_cmake/Svg
  echo Build\\ all\\ projects
fi
";
			showEnvVarsInLog = 0;
		};
		3C0110FC8322DE7E50886E21 = {
			isa = PBXShellScriptBuildPhase;
			buildActionMask = 2147483647;
			files = (
			);
			inputPaths = (
			);
			outputPaths = (
			);
			runOnlyForDeploymentPostprocessing = 0;
			shellPath = /bin/sh;
			shellScript = "# shell script goes here
exit 0";
			showEnvVarsInLog = 0;
		};
		9B50530E35CC49C82C2FACCF = {
			isa = PBXShellScriptBuildPhase;
			buildActionMask = 2147483647;
			files = (
			);
			inputPaths = (
			);
			outputPaths = (
			);
			runOnlyForDeploymentPostprocessing = 0;
			shellPath = /bin/sh;
			shellScript = "# shell script goes here
exit 0";
			showEnvVarsInLog = 0;
		};
/* End PBXShellScriptBuildPhase section */

/* Begin PBXSourcesBuildPhase section */
		888386E6C369408B87D35E9E /* Sources */ = {
			isa = PBXSourcesBuildPhase;
			buildActionMask = 2147483647;
			files = (
				05066BE9A8644DC88BE98FD4 /* /Users/stephane/Code/CL/C++/antools/other_cmake/Svg/svg_data.cpp */,
			);
			runOnlyForDeploymentPostprocessing = 0;
		};
/* End PBXSourcesBuildPhase section */

/* Begin PBXTargetDependency section */
		05D70CE79D4E47E88F6B8192 /* PBXTargetDependency */ = {
			isa = PBXTargetDependency;
			target = 6480D792E2EF434288B439EA /* ZERO_CHECK */;
			targetProxy = 80E60F9ED14B4FF8954165E5 /* PBXContainerItemProxy */;
		};
		354D820A029049DE9B83E84F /* PBXTargetDependency */ = {
			isa = PBXTargetDependency;
			target = 6480D792E2EF434288B439EA /* ZERO_CHECK */;
			targetProxy = EFEFB59875864F63A891B39E /* PBXContainerItemProxy */;
		};
		55C4EF8281A2458D9135AF20 /* PBXTargetDependency */ = {
			isa = PBXTargetDependency;
			target = 86D20A45FEAA40D69B513CC0 /* Svg */;
			targetProxy = B7477B1AC77347E286128DCE /* PBXContainerItemProxy */;
		};
/* End PBXTargetDependency section */

/* Begin XCBuildConfiguration section */
		04BFDA4EF16743719F2FE9C0 /* RelWithDebInfo */ = {
			isa = XCBuildConfiguration;
			buildSettings = {
				ARCHS = "$(NATIVE_ARCH_ACTUAL)";
				"EXCLUDED_ARCHS[sdk=iphonesimulator*]" = arm64;
				ONLY_ACTIVE_ARCH = YES;
				SDKROOT = /Applications/Xcode.app/Contents/Developer/Platforms/MacOSX.platform/Developer/SDKs/MacOSX12.3.sdk;
				SYMROOT = "/Users/stephane/Code/CL/C++/antools/other_cmake/Svg/build";
			};
			name = RelWithDebInfo;
		};
		068F251778DA41D39F99FD4F /* Release */ = {
			isa = XCBuildConfiguration;
			buildSettings = {
				COMBINE_HIDPI_IMAGES = YES;
				GCC_GENERATE_DEBUGGING_SYMBOLS = YES;
				GCC_INLINES_ARE_PRIVATE_EXTERN = NO;
				GCC_OPTIMIZATION_LEVEL = 0;
				GCC_PREPROCESSOR_DEFINITIONS = ("'CMAKE_INTDIR=\"$(CONFIGURATION)$(EFFECTIVE_PLATFORM_NAME)\"'","$(inherited)");
				GCC_SYMBOLS_PRIVATE_EXTERN = NO;
				INSTALL_PATH = "";
				OTHER_LDFLAGS = ("","$(inherited)");
				OTHER_REZFLAGS = "";
				PRODUCT_NAME = ALL_BUILD;
				SECTORDER_FLAGS = "";
				SYMROOT = "/Users/stephane/Code/CL/C++/antools/other_cmake/Svg";
				USE_HEADERMAP = NO;
				WARNING_CFLAGS = ("$(inherited)");
			};
			name = Release;
		};
		1453F162FE734300AE7D843E /* Debug */ = {
			isa = XCBuildConfiguration;
			buildSettings = {
				COMBINE_HIDPI_IMAGES = YES;
				EXECUTABLE_PREFIX = lib;
				EXECUTABLE_SUFFIX = .a;
				GCC_GENERATE_DEBUGGING_SYMBOLS = YES;
				GCC_INLINES_ARE_PRIVATE_EXTERN = NO;
				GCC_OPTIMIZATION_LEVEL = 0;
				GCC_PREPROCESSOR_DEFINITIONS = ("'CMAKE_INTDIR=\"$(CONFIGURATION)$(EFFECTIVE_PLATFORM_NAME)\"'","$(inherited)");
				GCC_SYMBOLS_PRIVATE_EXTERN = NO;
				HEADER_SEARCH_PATHS = ("/Users/stephane/Code/CL/C++/antools/other_cmake/Svg/.","$(inherited)");
				INSTALL_PATH = "";
				LIBRARY_STYLE = STATIC;
				OTHER_CPLUSPLUSFLAGS = "   '-std=gnu++2a' ";
				OTHER_LIBTOOLFLAGS = ("");
				OTHER_REZFLAGS = "";
				PRODUCT_NAME = Svg;
				SECTORDER_FLAGS = "";
				SYMROOT = "/Users/stephane/Code/CL/C++/antools/other_cmake/Svg";
				USE_HEADERMAP = NO;
				WARNING_CFLAGS = ("$(inherited)");
			};
			name = Debug;
		};
		25090F2C558A42A19B6D2718 /* MinSizeRel */ = {
			isa = XCBuildConfiguration;
			buildSettings = {
				COMBINE_HIDPI_IMAGES = YES;
				GCC_GENERATE_DEBUGGING_SYMBOLS = YES;
				GCC_INLINES_ARE_PRIVATE_EXTERN = NO;
				GCC_OPTIMIZATION_LEVEL = 0;
				GCC_PREPROCESSOR_DEFINITIONS = ("'CMAKE_INTDIR=\"$(CONFIGURATION)$(EFFECTIVE_PLATFORM_NAME)\"'","$(inherited)");
				GCC_SYMBOLS_PRIVATE_EXTERN = NO;
				INSTALL_PATH = "";
				OTHER_LDFLAGS = ("","$(inherited)");
				OTHER_REZFLAGS = "";
				PRODUCT_NAME = ZERO_CHECK;
				SECTORDER_FLAGS = "";
				SYMROOT = "/Users/stephane/Code/CL/C++/antools/other_cmake/Svg";
				USE_HEADERMAP = NO;
				WARNING_CFLAGS = ("$(inherited)");
			};
			name = MinSizeRel;
		};
		2BACB5CA8BFD47D88C7DD921 /* MinSizeRel */ = {
			isa = XCBuildConfiguration;
			buildSettings = {
				COMBINE_HIDPI_IMAGES = YES;
				EXECUTABLE_PREFIX = lib;
				EXECUTABLE_SUFFIX = .a;
				GCC_GENERATE_DEBUGGING_SYMBOLS = NO;
				GCC_INLINES_ARE_PRIVATE_EXTERN = NO;
				GCC_OPTIMIZATION_LEVEL = s;
				GCC_PREPROCESSOR_DEFINITIONS = ("'CMAKE_INTDIR=\"$(CONFIGURATION)$(EFFECTIVE_PLATFORM_NAME)\"'","$(inherited)");
				GCC_SYMBOLS_PRIVATE_EXTERN = NO;
				HEADER_SEARCH_PATHS = ("/Users/stephane/Code/CL/C++/antools/other_cmake/Svg/.","$(inherited)");
				INSTALL_PATH = "";
				LIBRARY_STYLE = STATIC;
				OTHER_CPLUSPLUSFLAGS = "    -DNDEBUG '-std=gnu++2a' ";
				OTHER_LIBTOOLFLAGS = ("");
				OTHER_REZFLAGS = "";
				PRODUCT_NAME = Svg;
				SECTORDER_FLAGS = "";
				SYMROOT = "/Users/stephane/Code/CL/C++/antools/other_cmake/Svg";
				USE_HEADERMAP = NO;
				WARNING_CFLAGS = ("$(inherited)");
			};
			name = MinSizeRel;
		};
		34475631CA3B4444B9160C13 /* MinSizeRel */ = {
			isa = XCBuildConfiguration;
			buildSettings = {
				COMBINE_HIDPI_IMAGES = YES;
				GCC_GENERATE_DEBUGGING_SYMBOLS = YES;
				GCC_INLINES_ARE_PRIVATE_EXTERN = NO;
				GCC_OPTIMIZATION_LEVEL = 0;
				GCC_PREPROCESSOR_DEFINITIONS = ("'CMAKE_INTDIR=\"$(CONFIGURATION)$(EFFECTIVE_PLATFORM_NAME)\"'","$(inherited)");
				GCC_SYMBOLS_PRIVATE_EXTERN = NO;
				INSTALL_PATH = "";
				OTHER_LDFLAGS = ("","$(inherited)");
				OTHER_REZFLAGS = "";
				PRODUCT_NAME = ALL_BUILD;
				SECTORDER_FLAGS = "";
				SYMROOT = "/Users/stephane/Code/CL/C++/antools/other_cmake/Svg";
				USE_HEADERMAP = NO;
				WARNING_CFLAGS = ("$(inherited)");
			};
			name = MinSizeRel;
		};
		61D766BF7B784AD58FBD4B9A /* Debug */ = {
			isa = XCBuildConfiguration;
			buildSettings = {
				ARCHS = "$(NATIVE_ARCH_ACTUAL)";
				"EXCLUDED_ARCHS[sdk=iphonesimulator*]" = arm64;
				ONLY_ACTIVE_ARCH = YES;
				SDKROOT = /Applications/Xcode.app/Contents/Developer/Platforms/MacOSX.platform/Developer/SDKs/MacOSX12.3.sdk;
				SYMROOT = "/Users/stephane/Code/CL/C++/antools/other_cmake/Svg/build";
			};
			name = Debug;
		};
		83A6728F1E3F413A8DB32362 /* Debug */ = {
			isa = XCBuildConfiguration;
			buildSettings = {
				COMBINE_HIDPI_IMAGES = YES;
				GCC_GENERATE_DEBUGGING_SYMBOLS = YES;
				GCC_INLINES_ARE_PRIVATE_EXTERN = NO;
				GCC_OPTIMIZATION_LEVEL = 0;
				GCC_PREPROCESSOR_DEFINITIONS = ("'CMAKE_INTDIR=\"$(CONFIGURATION)$(EFFECTIVE_PLATFORM_NAME)\"'","$(inherited)");
				GCC_SYMBOLS_PRIVATE_EXTERN = NO;
				INSTALL_PATH = "";
				OTHER_LDFLAGS = ("","$(inherited)");
				OTHER_REZFLAGS = "";
				PRODUCT_NAME = ALL_BUILD;
				SECTORDER_FLAGS = "";
				SYMROOT = "/Users/stephane/Code/CL/C++/antools/other_cmake/Svg";
				USE_HEADERMAP = NO;
				WARNING_CFLAGS = ("$(inherited)");
			};
			name = Debug;
		};
		8918291254074A29B2D1B151 /* RelWithDebInfo */ = {
			isa = XCBuildConfiguration;
			buildSettings = {
				COMBINE_HIDPI_IMAGES = YES;
				GCC_GENERATE_DEBUGGING_SYMBOLS = YES;
				GCC_INLINES_ARE_PRIVATE_EXTERN = NO;
				GCC_OPTIMIZATION_LEVEL = 0;
				GCC_PREPROCESSOR_DEFINITIONS = ("'CMAKE_INTDIR=\"$(CONFIGURATION)$(EFFECTIVE_PLATFORM_NAME)\"'","$(inherited)");
				GCC_SYMBOLS_PRIVATE_EXTERN = NO;
				INSTALL_PATH = "";
				OTHER_LDFLAGS = ("","$(inherited)");
				OTHER_REZFLAGS = "";
				PRODUCT_NAME = ZERO_CHECK;
				SECTORDER_FLAGS = "";
				SYMROOT = "/Users/stephane/Code/CL/C++/antools/other_cmake/Svg";
				USE_HEADERMAP = NO;
				WARNING_CFLAGS = ("$(inherited)");
			};
			name = RelWithDebInfo;
		};
		984F7917F58745E5AFCC8EAD /* Release */ = {
			isa = XCBuildConfiguration;
			buildSettings = {
				ARCHS = "$(NATIVE_ARCH_ACTUAL)";
				"EXCLUDED_ARCHS[sdk=iphonesimulator*]" = arm64;
				ONLY_ACTIVE_ARCH = YES;
				SDKROOT = /Applications/Xcode.app/Contents/Developer/Platforms/MacOSX.platform/Developer/SDKs/MacOSX12.3.sdk;
				SYMROOT = "/Users/stephane/Code/CL/C++/antools/other_cmake/Svg/build";
			};
			name = Release;
		};
		A8D59C45099E40299F5B401F /* RelWithDebInfo */ = {
			isa = XCBuildConfiguration;
			buildSettings = {
				COMBINE_HIDPI_IMAGES = YES;
				EXECUTABLE_PREFIX = lib;
				EXECUTABLE_SUFFIX = .a;
				GCC_GENERATE_DEBUGGING_SYMBOLS = YES;
				GCC_INLINES_ARE_PRIVATE_EXTERN = NO;
				GCC_OPTIMIZATION_LEVEL = 2;
				GCC_PREPROCESSOR_DEFINITIONS = ("'CMAKE_INTDIR=\"$(CONFIGURATION)$(EFFECTIVE_PLATFORM_NAME)\"'","$(inherited)");
				GCC_SYMBOLS_PRIVATE_EXTERN = NO;
				HEADER_SEARCH_PATHS = ("/Users/stephane/Code/CL/C++/antools/other_cmake/Svg/.","$(inherited)");
				INSTALL_PATH = "";
				LIBRARY_STYLE = STATIC;
				OTHER_CPLUSPLUSFLAGS = "       -DNDEBUG '-std=gnu++2a' ";
				OTHER_LIBTOOLFLAGS = ("");
				OTHER_REZFLAGS = "";
				PRODUCT_NAME = Svg;
				SECTORDER_FLAGS = "";
				SYMROOT = "/Users/stephane/Code/CL/C++/antools/other_cmake/Svg";
				USE_HEADERMAP = NO;
				WARNING_CFLAGS = ("$(inherited)");
			};
			name = RelWithDebInfo;
		};
		CA6C6BAF46964006B17631BF /* Debug */ = {
			isa = XCBuildConfiguration;
			buildSettings = {
				COMBINE_HIDPI_IMAGES = YES;
				GCC_GENERATE_DEBUGGING_SYMBOLS = YES;
				GCC_INLINES_ARE_PRIVATE_EXTERN = NO;
				GCC_OPTIMIZATION_LEVEL = 0;
				GCC_PREPROCESSOR_DEFINITIONS = ("'CMAKE_INTDIR=\"$(CONFIGURATION)$(EFFECTIVE_PLATFORM_NAME)\"'","$(inherited)");
				GCC_SYMBOLS_PRIVATE_EXTERN = NO;
				INSTALL_PATH = "";
				OTHER_LDFLAGS = ("","$(inherited)");
				OTHER_REZFLAGS = "";
				PRODUCT_NAME = ZERO_CHECK;
				SECTORDER_FLAGS = "";
				SYMROOT = "/Users/stephane/Code/CL/C++/antools/other_cmake/Svg";
				USE_HEADERMAP = NO;
				WARNING_CFLAGS = ("$(inherited)");
			};
			name = Debug;
		};
		D229E1A8BDA04465A44544BD /* RelWithDebInfo */ = {
			isa = XCBuildConfiguration;
			buildSettings = {
				COMBINE_HIDPI_IMAGES = YES;
				GCC_GENERATE_DEBUGGING_SYMBOLS = YES;
				GCC_INLINES_ARE_PRIVATE_EXTERN = NO;
				GCC_OPTIMIZATION_LEVEL = 0;
				GCC_PREPROCESSOR_DEFINITIONS = ("'CMAKE_INTDIR=\"$(CONFIGURATION)$(EFFECTIVE_PLATFORM_NAME)\"'","$(inherited)");
				GCC_SYMBOLS_PRIVATE_EXTERN = NO;
				INSTALL_PATH = "";
				OTHER_LDFLAGS = ("","$(inherited)");
				OTHER_REZFLAGS = "";
				PRODUCT_NAME = ALL_BUILD;
				SECTORDER_FLAGS = "";
				SYMROOT = "/Users/stephane/Code/CL/C++/antools/other_cmake/Svg";
				USE_HEADERMAP = NO;
				WARNING_CFLAGS = ("$(inherited)");
			};
			name = RelWithDebInfo;
		};
		D246963411B3434F8A4A0886 /* MinSizeRel */ = {
			isa = XCBuildConfiguration;
			buildSettings = {
				ARCHS = "$(NATIVE_ARCH_ACTUAL)";
				"EXCLUDED_ARCHS[sdk=iphonesimulator*]" = arm64;
				ONLY_ACTIVE_ARCH = YES;
				SDKROOT = /Applications/Xcode.app/Contents/Developer/Platforms/MacOSX.platform/Developer/SDKs/MacOSX12.3.sdk;
				SYMROOT = "/Users/stephane/Code/CL/C++/antools/other_cmake/Svg/build";
			};
			name = MinSizeRel;
		};
		DE39A696B9D74B18AA87C25E /* Release */ = {
			isa = XCBuildConfiguration;
			buildSettings = {
				COMBINE_HIDPI_IMAGES = YES;
				GCC_GENERATE_DEBUGGING_SYMBOLS = YES;
				GCC_INLINES_ARE_PRIVATE_EXTERN = NO;
				GCC_OPTIMIZATION_LEVEL = 0;
				GCC_PREPROCESSOR_DEFINITIONS = ("'CMAKE_INTDIR=\"$(CONFIGURATION)$(EFFECTIVE_PLATFORM_NAME)\"'","$(inherited)");
				GCC_SYMBOLS_PRIVATE_EXTERN = NO;
				INSTALL_PATH = "";
				OTHER_LDFLAGS = ("","$(inherited)");
				OTHER_REZFLAGS = "";
				PRODUCT_NAME = ZERO_CHECK;
				SECTORDER_FLAGS = "";
				SYMROOT = "/Users/stephane/Code/CL/C++/antools/other_cmake/Svg";
				USE_HEADERMAP = NO;
				WARNING_CFLAGS = ("$(inherited)");
			};
			name = Release;
		};
		F7B6953F1CFF4F3FA5FAACB4 /* Release */ = {
			isa = XCBuildConfiguration;
			buildSettings = {
				COMBINE_HIDPI_IMAGES = YES;
				EXECUTABLE_PREFIX = lib;
				EXECUTABLE_SUFFIX = .a;
				GCC_GENERATE_DEBUGGING_SYMBOLS = NO;
				GCC_INLINES_ARE_PRIVATE_EXTERN = NO;
				GCC_OPTIMIZATION_LEVEL = 3;
				GCC_PREPROCESSOR_DEFINITIONS = ("'CMAKE_INTDIR=\"$(CONFIGURATION)$(EFFECTIVE_PLATFORM_NAME)\"'","$(inherited)");
				GCC_SYMBOLS_PRIVATE_EXTERN = NO;
				HEADER_SEARCH_PATHS = ("/Users/stephane/Code/CL/C++/antools/other_cmake/Svg/.","$(inherited)");
				INSTALL_PATH = "";
				LIBRARY_STYLE = STATIC;
				OTHER_CPLUSPLUSFLAGS = "    -DNDEBUG '-std=gnu++2a' ";
				OTHER_LIBTOOLFLAGS = ("");
				OTHER_REZFLAGS = "";
				PRODUCT_NAME = Svg;
				SECTORDER_FLAGS = "";
				SYMROOT = "/Users/stephane/Code/CL/C++/antools/other_cmake/Svg";
				USE_HEADERMAP = NO;
				WARNING_CFLAGS = ("$(inherited)");
			};
			name = Release;
		};
/* End XCBuildConfiguration section */

/* Begin XCConfigurationList section */
		43C879C696B14E6E81100F6A /* Build configuration list for PBXProject "Svg" */ = {
			isa = XCConfigurationList;
			buildConfigurations = (
				61D766BF7B784AD58FBD4B9A /* Debug */,
				984F7917F58745E5AFCC8EAD /* Release */,
				D246963411B3434F8A4A0886 /* MinSizeRel */,
				04BFDA4EF16743719F2FE9C0 /* RelWithDebInfo */,
			);
			defaultConfigurationIsVisible = 0;
			defaultConfigurationName = Debug;
		};
		93210755EB70445AA9883F4E /* Build configuration list for PBXAggregateTarget "ALL_BUILD" */ = {
			isa = XCConfigurationList;
			buildConfigurations = (
				83A6728F1E3F413A8DB32362 /* Debug */,
				068F251778DA41D39F99FD4F /* Release */,
				34475631CA3B4444B9160C13 /* MinSizeRel */,
				D229E1A8BDA04465A44544BD /* RelWithDebInfo */,
			);
			defaultConfigurationIsVisible = 0;
			defaultConfigurationName = Debug;
		};
		9C7CCD7366A94029BD40C58A /* Build configuration list for PBXNativeTarget "Svg" */ = {
			isa = XCConfigurationList;
			buildConfigurations = (
				1453F162FE734300AE7D843E /* Debug */,
				F7B6953F1CFF4F3FA5FAACB4 /* Release */,
				2BACB5CA8BFD47D88C7DD921 /* MinSizeRel */,
				A8D59C45099E40299F5B401F /* RelWithDebInfo */,
			);
			defaultConfigurationIsVisible = 0;
			defaultConfigurationName = Debug;
		};
		B4FD4329E3C44937A9FFB1CE /* Build configuration list for PBXAggregateTarget "ZERO_CHECK" */ = {
			isa = XCConfigurationList;
			buildConfigurations = (
				CA6C6BAF46964006B17631BF /* Debug */,
				DE39A696B9D74B18AA87C25E /* Release */,
				25090F2C558A42A19B6D2718 /* MinSizeRel */,
				8918291254074A29B2D1B151 /* RelWithDebInfo */,
			);
			defaultConfigurationIsVisible = 0;
			defaultConfigurationName = Debug;
		};
/* End XCConfigurationList section */
	};
	rootObject = 9CD88BB3ABBD4957B2BED2D7 /* Project object */;
}
