// !$*UTF8*$!
{
	archiveVersion = 1;
	classes = {
	};
	objectVersion = 46;
	objects = {

/* Begin PBXAggregateTarget section */
		6480D792E2EF434288B439EA /* ZERO_CHECK */ = {
			isa = PBXAggregateTarget;
			buildConfigurationList = A3052CD3F43444AA8F922146 /* Build configuration list for PBXAggregateTarget "ZERO_CHECK" */;
			buildPhases = (
				09998FB81C5361E14A993F10 /* Generate CMakeFiles/ZERO_CHECK */,
			);
			dependencies = (
			);
			name = ZERO_CHECK;
			productName = ZERO_CHECK;
		};
		DC73121302AB44CCB3EC9F48 /* ALL_BUILD */ = {
			isa = PBXAggregateTarget;
			buildConfigurationList = 21AE25C0A1B8440B96A71ACA /* Build configuration list for PBXAggregateTarget "ALL_BUILD" */;
			buildPhases = (
				0B57E0A3D507499497E982F9 /* Generate CMakeFiles/ALL_BUILD */,
			);
			dependencies = (
				3A23300845FE42EDA33C9E27 /* PBXTargetDependency */,
				D9377934AE3640D7961EC299 /* PBXTargetDependency */,
			);
			name = ALL_BUILD;
			productName = ALL_BUILD;
		};
/* End PBXAggregateTarget section */

/* Begin PBXBuildFile section */
		172EAAD6A7354DF393634692 /* /Users/stephane/Code/CL/C++/antools/other_cmake/Svg/image.cpp */ = {isa = PBXBuildFile; fileRef = 4733ACB4CAC2443BABC937D2 /* /Users/stephane/Code/CL/C++/antools/other_cmake/Svg/image.cpp */; };
		3ACA42BC486B40AB83A4B662 /* /Users/stephane/Code/CL/C++/antools/other_cmake/Svg/data.cpp */ = {isa = PBXBuildFile; fileRef = 4993F9E64F7742E8AD3FF7FD /* /Users/stephane/Code/CL/C++/antools/other_cmake/Svg/data.cpp */; };
		67DF5D0563D94D6B82C7EE2B /* /Users/stephane/Code/CL/C++/antools/other_cmake/Svg/line.cpp */ = {isa = PBXBuildFile; fileRef = 11DD4112D83E428EAF0745BF /* /Users/stephane/Code/CL/C++/antools/other_cmake/Svg/line.cpp */; };
		7DAD53FE02404E91B95C1C10 /* /Users/stephane/Code/CL/C++/antools/other_cmake/Svg/circle.cpp */ = {isa = PBXBuildFile; fileRef = 943CB488D6A443299F9307CF /* /Users/stephane/Code/CL/C++/antools/other_cmake/Svg/circle.cpp */; };
		A0AB39EB066C448FA3B28D19 /* /Users/stephane/Code/CL/C++/antools/other_cmake/Svg/CMakeLists.txt */ = {isa = PBXBuildFile; fileRef = 1BB85F235D8E495EBDDCCD98 /* /Users/stephane/Code/CL/C++/antools/other_cmake/Svg/CMakeLists.txt */; };
		FCB40F4841ED4B46A61104D1 /* /Users/stephane/Code/CL/C++/antools/other_cmake/Svg/document.cpp */ = {isa = PBXBuildFile; fileRef = CDA98662B2C2404DA0BF03A7 /* /Users/stephane/Code/CL/C++/antools/other_cmake/Svg/document.cpp */; };
/* End PBXBuildFile section */

/* Begin PBXBuildStyle section */
		3187A835C1AA43D59C688811 /* Release */ = {
			isa = PBXBuildStyle;
			buildSettings = {
				COPY_PHASE_STRIP = NO;
			};
			name = Release;
		};
		5A88D53CC7D4472A900C5A7C /* Debug */ = {
			isa = PBXBuildStyle;
			buildSettings = {
				COPY_PHASE_STRIP = NO;
			};
			name = Debug;
		};
		7783A217311240598DB45CF3 /* MinSizeRel */ = {
			isa = PBXBuildStyle;
			buildSettings = {
				COPY_PHASE_STRIP = NO;
			};
			name = MinSizeRel;
		};
		CE7C811335B1437ABDDA838D /* RelWithDebInfo */ = {
			isa = PBXBuildStyle;
			buildSettings = {
				COPY_PHASE_STRIP = NO;
			};
			name = RelWithDebInfo;
		};
/* End PBXBuildStyle section */

/* Begin PBXContainerItemProxy section */
		40ED95EEE1E444DB8D7A43C3 /* PBXContainerItemProxy */ = {
			isa = PBXContainerItemProxy;
			containerPortal = 9CD88BB3ABBD4957B2BED2D7 /* Project object */;
			proxyType = 1;
			remoteGlobalIDString = 6480D792E2EF434288B439EA;
			remoteInfo = ZERO_CHECK;
		};
		838B297463BB4A08A1AB10FB /* PBXContainerItemProxy */ = {
			isa = PBXContainerItemProxy;
			containerPortal = 9CD88BB3ABBD4957B2BED2D7 /* Project object */;
			proxyType = 1;
			remoteGlobalIDString = 86D20A45FEAA40D69B513CC0;
			remoteInfo = Svg;
		};
		D73F61B82C2F4DB7ABF9C1B5 /* PBXContainerItemProxy */ = {
			isa = PBXContainerItemProxy;
			containerPortal = 9CD88BB3ABBD4957B2BED2D7 /* Project object */;
			proxyType = 1;
			remoteGlobalIDString = 6480D792E2EF434288B439EA;
			remoteInfo = ZERO_CHECK;
		};
/* End PBXContainerItemProxy section */

/* Begin PBXFileReference section */
		11DD4112D83E428EAF0745BF /* /Users/stephane/Code/CL/C++/antools/other_cmake/Svg/line.cpp */ = {isa = PBXFileReference; explicitFileType = sourcecode.cpp.cpp; fileEncoding = 4; name = line.cpp; path = line.cpp; sourceTree = SOURCE_ROOT; };
		1BB85F235D8E495EBDDCCD98 /* /Users/stephane/Code/CL/C++/antools/other_cmake/Svg/CMakeLists.txt */ = {isa = PBXFileReference; explicitFileType = sourcecode.text; fileEncoding = 4; name = CMakeLists.txt; path = CMakeLists.txt; sourceTree = SOURCE_ROOT; };
		2860CC8A4B00403994BDCFBC /* /Users/stephane/Code/CL/C++/antools/other_cmake/Svg/CMakeLists.txt */ = {isa = PBXFileReference; explicitFileType = sourcecode.text; fileEncoding = 4; name = CMakeLists.txt; path = CMakeLists.txt; sourceTree = SOURCE_ROOT; };
		4733ACB4CAC2443BABC937D2 /* /Users/stephane/Code/CL/C++/antools/other_cmake/Svg/image.cpp */ = {isa = PBXFileReference; explicitFileType = sourcecode.cpp.cpp; fileEncoding = 4; name = image.cpp; path = image.cpp; sourceTree = SOURCE_ROOT; };
		4993F9E64F7742E8AD3FF7FD /* /Users/stephane/Code/CL/C++/antools/other_cmake/Svg/data.cpp */ = {isa = PBXFileReference; explicitFileType = sourcecode.cpp.cpp; fileEncoding = 4; name = data.cpp; path = data.cpp; sourceTree = SOURCE_ROOT; };
		943CB488D6A443299F9307CF /* /Users/stephane/Code/CL/C++/antools/other_cmake/Svg/circle.cpp */ = {isa = PBXFileReference; explicitFileType = sourcecode.cpp.cpp; fileEncoding = 4; name = circle.cpp; path = circle.cpp; sourceTree = SOURCE_ROOT; };
		CDA98662B2C2404DA0BF03A7 /* /Users/stephane/Code/CL/C++/antools/other_cmake/Svg/document.cpp */ = {isa = PBXFileReference; explicitFileType = sourcecode.cpp.cpp; fileEncoding = 4; name = document.cpp; path = document.cpp; sourceTree = SOURCE_ROOT; };
		D5C9CE7B6A794870BAE47C01 /* Svg */ = {isa = PBXFileReference; explicitFileType = archive.ar; path = libSvg.a; sourceTree = BUILT_PRODUCTS_DIR; };
/* End PBXFileReference section */

/* Begin PBXFrameworksBuildPhase section */
		2A0960300B9E4231AC61AC6F /* Frameworks */ = {
			isa = PBXFrameworksBuildPhase;
			buildActionMask = 2147483647;
			files = (
			);
			runOnlyForDeploymentPostprocessing = 0;
		};
/* End PBXFrameworksBuildPhase section */

/* Begin PBXGroup section */
		05DF086BF87B478B931F0592 /* CMake Rules */ = {
			isa = PBXGroup;
			children = (
			);
			name = "CMake Rules";
			sourceTree = "<group>";
		};
		1967F87A7FC44C7CA444110D = {
			isa = PBXGroup;
			children = (
				F19C4E4BC5394DECA1B541A4 /* Svg */,
				A8DC58E1624745CE9A90CBD4 /* ALL_BUILD */,
				2EAD239C44AE49C2A0FB2356 /* Products */,
				D0BCF8CE653F48E88EB325AD /* Frameworks */,
			);
			sourceTree = "<group>";
		};
		2EAD239C44AE49C2A0FB2356 /* Products */ = {
			isa = PBXGroup;
			children = (
				D5C9CE7B6A794870BAE47C01 /* Svg */,
			);
			name = Products;
			sourceTree = "<group>";
		};
		60BAD5A7D7904C17BCE173F0 /* Source Files */ = {
			isa = PBXGroup;
			children = (
				943CB488D6A443299F9307CF /* /Users/stephane/Code/CL/C++/antools/other_cmake/Svg/circle.cpp */,
				4993F9E64F7742E8AD3FF7FD /* /Users/stephane/Code/CL/C++/antools/other_cmake/Svg/data.cpp */,
				CDA98662B2C2404DA0BF03A7 /* /Users/stephane/Code/CL/C++/antools/other_cmake/Svg/document.cpp */,
				4733ACB4CAC2443BABC937D2 /* /Users/stephane/Code/CL/C++/antools/other_cmake/Svg/image.cpp */,
				11DD4112D83E428EAF0745BF /* /Users/stephane/Code/CL/C++/antools/other_cmake/Svg/line.cpp */,
			);
			name = "Source Files";
			sourceTree = "<group>";
		};
		A8DC58E1624745CE9A90CBD4 /* ALL_BUILD */ = {
			isa = PBXGroup;
			children = (
				05DF086BF87B478B931F0592 /* CMake Rules */,
				2860CC8A4B00403994BDCFBC /* /Users/stephane/Code/CL/C++/antools/other_cmake/Svg/CMakeLists.txt */,
			);
			name = ALL_BUILD;
			sourceTree = "<group>";
		};
		D0BCF8CE653F48E88EB325AD /* Frameworks */ = {
			isa = PBXGroup;
			children = (
			);
			name = Frameworks;
			sourceTree = "<group>";
		};
		F19C4E4BC5394DECA1B541A4 /* Svg */ = {
			isa = PBXGroup;
			children = (
				60BAD5A7D7904C17BCE173F0 /* Source Files */,
				1BB85F235D8E495EBDDCCD98 /* /Users/stephane/Code/CL/C++/antools/other_cmake/Svg/CMakeLists.txt */,
			);
			name = Svg;
			sourceTree = "<group>";
		};
/* End PBXGroup section */

/* Begin PBXNativeTarget section */
		86D20A45FEAA40D69B513CC0 /* Svg */ = {
			isa = PBXNativeTarget;
			buildConfigurationList = 1AF2BB2B9C794B64834E3B14 /* Build configuration list for PBXNativeTarget "Svg" */;
			buildPhases = (
				242F7F05CF4B43F89F22C13B /* Sources */,
				2A0960300B9E4231AC61AC6F /* Frameworks */,
			);
			buildRules = (
			);
			dependencies = (
				400DC2DCDA7D402C8BE55666 /* PBXTargetDependency */,
			);
			name = Svg;
			productName = Svg;
			productReference = D5C9CE7B6A794870BAE47C01 /* Svg */;
			productType = "com.apple.product-type.library.static";
		};
/* End PBXNativeTarget section */

/* Begin PBXProject section */
		9CD88BB3ABBD4957B2BED2D7 /* Project object */ = {
			isa = PBXProject;
			attributes = {
				BuildIndependentTargetsInParallel = YES;
				LastUpgradeCheck = 1400;
			};
			buildConfigurationList = D079EF66A8DE47239DF27DFA /* Build configuration list for PBXProject "Svg" */;
			buildSettings = {
			};
			buildStyles = (
				5A88D53CC7D4472A900C5A7C /* Debug */,
				3187A835C1AA43D59C688811 /* Release */,
				7783A217311240598DB45CF3 /* MinSizeRel */,
				CE7C811335B1437ABDDA838D /* RelWithDebInfo */,
			);
			compatibilityVersion = "Xcode 3.2";
			hasScannedForEncodings = 0;
			mainGroup = 1967F87A7FC44C7CA444110D;
			projectDirPath = .;
			projectRoot = "";
			targets = (
				DC73121302AB44CCB3EC9F48 /* ALL_BUILD */,
				86D20A45FEAA40D69B513CC0 /* Svg */,
				6480D792E2EF434288B439EA /* ZERO_CHECK */,
			);
		};
/* End PBXProject section */

/* Begin PBXShellScriptBuildPhase section */
		09998FB81C5361E14A993F10 /* Generate CMakeFiles/ZERO_CHECK */ = {
			isa = PBXShellScriptBuildPhase;
			alwaysOutOfDate = 1;
			buildActionMask = 2147483647;
			files = (
			);
			inputPaths = (
			);
			name = "Generate CMakeFiles/ZERO_CHECK";
			outputPaths = (
"/Users/stephane/Code/CL/C++/antools/other_cmake/Svg/CMakeFiles/ZERO_CHECK"			);
			runOnlyForDeploymentPostprocessing = 0;
			shellPath = /bin/sh;
			shellScript = "set -e
if test \"$CONFIGURATION\" = \"Debug\"; then :
  cd /Users/stephane/Code/CL/C++/antools/other_cmake/Svg
  make -f /Users/stephane/Code/CL/C++/antools/other_cmake/Svg/CMakeScripts/ReRunCMake.make
fi
if test \"$CONFIGURATION\" = \"Release\"; then :
  cd /Users/stephane/Code/CL/C++/antools/other_cmake/Svg
  make -f /Users/stephane/Code/CL/C++/antools/other_cmake/Svg/CMakeScripts/ReRunCMake.make
fi
if test \"$CONFIGURATION\" = \"MinSizeRel\"; then :
  cd /Users/stephane/Code/CL/C++/antools/other_cmake/Svg
  make -f /Users/stephane/Code/CL/C++/antools/other_cmake/Svg/CMakeScripts/ReRunCMake.make
fi
if test \"$CONFIGURATION\" = \"RelWithDebInfo\"; then :
  cd /Users/stephane/Code/CL/C++/antools/other_cmake/Svg
  make -f /Users/stephane/Code/CL/C++/antools/other_cmake/Svg/CMakeScripts/ReRunCMake.make
fi
";
			showEnvVarsInLog = 0;
		};
		0B57E0A3D507499497E982F9 /* Generate CMakeFiles/ALL_BUILD */ = {
			isa = PBXShellScriptBuildPhase;
			alwaysOutOfDate = 1;
			buildActionMask = 2147483647;
			files = (
			);
			inputPaths = (
			);
			name = "Generate CMakeFiles/ALL_BUILD";
			outputPaths = (
"/Users/stephane/Code/CL/C++/antools/other_cmake/Svg/CMakeFiles/ALL_BUILD"			);
			runOnlyForDeploymentPostprocessing = 0;
			shellPath = /bin/sh;
			shellScript = "set -e
if test \"$CONFIGURATION\" = \"Debug\"; then :
  cd /Users/stephane/Code/CL/C++/antools/other_cmake/Svg
  echo Build\\ all\\ projects
fi
if test \"$CONFIGURATION\" = \"Release\"; then :
  cd /Users/stephane/Code/CL/C++/antools/other_cmake/Svg
  echo Build\\ all\\ projects
fi
if test \"$CONFIGURATION\" = \"MinSizeRel\"; then :
  cd /Users/stephane/Code/CL/C++/antools/other_cmake/Svg
  echo Build\\ all\\ projects
fi
if test \"$CONFIGURATION\" = \"RelWithDebInfo\"; then :
  cd /Users/stephane/Code/CL/C++/antools/other_cmake/Svg
  echo Build\\ all\\ projects
fi
";
			showEnvVarsInLog = 0;
		};
		3C0110FC8322DE7E50886E21 = {
			isa = PBXShellScriptBuildPhase;
			buildActionMask = 2147483647;
			files = (
			);
			inputPaths = (
			);
			outputPaths = (
			);
			runOnlyForDeploymentPostprocessing = 0;
			shellPath = /bin/sh;
			shellScript = "# shell script goes here
exit 0";
			showEnvVarsInLog = 0;
		};
		9B50530E35CC49C82C2FACCF = {
			isa = PBXShellScriptBuildPhase;
			buildActionMask = 2147483647;
			files = (
			);
			inputPaths = (
			);
			outputPaths = (
			);
			runOnlyForDeploymentPostprocessing = 0;
			shellPath = /bin/sh;
			shellScript = "# shell script goes here
exit 0";
			showEnvVarsInLog = 0;
		};
/* End PBXShellScriptBuildPhase section */

/* Begin PBXSourcesBuildPhase section */
		242F7F05CF4B43F89F22C13B /* Sources */ = {
			isa = PBXSourcesBuildPhase;
			buildActionMask = 2147483647;
			files = (
				7DAD53FE02404E91B95C1C10 /* /Users/stephane/Code/CL/C++/antools/other_cmake/Svg/circle.cpp */,
				3ACA42BC486B40AB83A4B662 /* /Users/stephane/Code/CL/C++/antools/other_cmake/Svg/data.cpp */,
				FCB40F4841ED4B46A61104D1 /* /Users/stephane/Code/CL/C++/antools/other_cmake/Svg/document.cpp */,
				172EAAD6A7354DF393634692 /* /Users/stephane/Code/CL/C++/antools/other_cmake/Svg/image.cpp */,
				67DF5D0563D94D6B82C7EE2B /* /Users/stephane/Code/CL/C++/antools/other_cmake/Svg/line.cpp */,
			);
			runOnlyForDeploymentPostprocessing = 0;
		};
/* End PBXSourcesBuildPhase section */

/* Begin PBXTargetDependency section */
		3A23300845FE42EDA33C9E27 /* PBXTargetDependency */ = {
			isa = PBXTargetDependency;
			target = 86D20A45FEAA40D69B513CC0 /* Svg */;
			targetProxy = 838B297463BB4A08A1AB10FB /* PBXContainerItemProxy */;
		};
		400DC2DCDA7D402C8BE55666 /* PBXTargetDependency */ = {
			isa = PBXTargetDependency;
			target = 6480D792E2EF434288B439EA /* ZERO_CHECK */;
			targetProxy = 40ED95EEE1E444DB8D7A43C3 /* PBXContainerItemProxy */;
		};
		D9377934AE3640D7961EC299 /* PBXTargetDependency */ = {
			isa = PBXTargetDependency;
			target = 6480D792E2EF434288B439EA /* ZERO_CHECK */;
			targetProxy = D73F61B82C2F4DB7ABF9C1B5 /* PBXContainerItemProxy */;
		};
/* End PBXTargetDependency section */

/* Begin XCBuildConfiguration section */
		04245753C38A4A4A90EB3AE9 /* Debug */ = {
			isa = XCBuildConfiguration;
			buildSettings = {
				ARCHS = "$(NATIVE_ARCH_ACTUAL)";
				"EXCLUDED_ARCHS[sdk=iphonesimulator*]" = arm64;
				ONLY_ACTIVE_ARCH = YES;
				SDKROOT = /Applications/Xcode.app/Contents/Developer/Platforms/MacOSX.platform/Developer/SDKs/MacOSX12.3.sdk;
				SYMROOT = "/Users/stephane/Code/CL/C++/antools/other_cmake/Svg/build";
			};
			name = Debug;
		};
		15CAF37EE34D41B396DF1A02 /* MinSizeRel */ = {
			isa = XCBuildConfiguration;
			buildSettings = {
				COMBINE_HIDPI_IMAGES = YES;
				GCC_GENERATE_DEBUGGING_SYMBOLS = YES;
				GCC_INLINES_ARE_PRIVATE_EXTERN = NO;
				GCC_OPTIMIZATION_LEVEL = 0;
				GCC_PREPROCESSOR_DEFINITIONS = ("'CMAKE_INTDIR=\"$(CONFIGURATION)$(EFFECTIVE_PLATFORM_NAME)\"'","$(inherited)");
				GCC_SYMBOLS_PRIVATE_EXTERN = NO;
				INSTALL_PATH = "";
				OTHER_LDFLAGS = ("","$(inherited)");
				OTHER_REZFLAGS = "";
				PRODUCT_NAME = ALL_BUILD;
				SECTORDER_FLAGS = "";
				SYMROOT = "/Users/stephane/Code/CL/C++/antools/other_cmake/Svg";
				USE_HEADERMAP = NO;
				WARNING_CFLAGS = ("$(inherited)");
			};
			name = MinSizeRel;
		};
		1D951FE0987B48EF822FB7DD /* RelWithDebInfo */ = {
			isa = XCBuildConfiguration;
			buildSettings = {
				COMBINE_HIDPI_IMAGES = YES;
				GCC_GENERATE_DEBUGGING_SYMBOLS = YES;
				GCC_INLINES_ARE_PRIVATE_EXTERN = NO;
				GCC_OPTIMIZATION_LEVEL = 0;
				GCC_PREPROCESSOR_DEFINITIONS = ("'CMAKE_INTDIR=\"$(CONFIGURATION)$(EFFECTIVE_PLATFORM_NAME)\"'","$(inherited)");
				GCC_SYMBOLS_PRIVATE_EXTERN = NO;
				INSTALL_PATH = "";
				OTHER_LDFLAGS = ("","$(inherited)");
				OTHER_REZFLAGS = "";
				PRODUCT_NAME = ZERO_CHECK;
				SECTORDER_FLAGS = "";
				SYMROOT = "/Users/stephane/Code/CL/C++/antools/other_cmake/Svg";
				USE_HEADERMAP = NO;
				WARNING_CFLAGS = ("$(inherited)");
			};
			name = RelWithDebInfo;
		};
		325A1436A5E64AF4B30F5475 /* Release */ = {
			isa = XCBuildConfiguration;
			buildSettings = {
				COMBINE_HIDPI_IMAGES = YES;
				GCC_GENERATE_DEBUGGING_SYMBOLS = YES;
				GCC_INLINES_ARE_PRIVATE_EXTERN = NO;
				GCC_OPTIMIZATION_LEVEL = 0;
				GCC_PREPROCESSOR_DEFINITIONS = ("'CMAKE_INTDIR=\"$(CONFIGURATION)$(EFFECTIVE_PLATFORM_NAME)\"'","$(inherited)");
				GCC_SYMBOLS_PRIVATE_EXTERN = NO;
				INSTALL_PATH = "";
				OTHER_LDFLAGS = ("","$(inherited)");
				OTHER_REZFLAGS = "";
				PRODUCT_NAME = ZERO_CHECK;
				SECTORDER_FLAGS = "";
				SYMROOT = "/Users/stephane/Code/CL/C++/antools/other_cmake/Svg";
				USE_HEADERMAP = NO;
				WARNING_CFLAGS = ("$(inherited)");
			};
			name = Release;
		};
		33FB44CBA8D648929C240C0C /* Release */ = {
			isa = XCBuildConfiguration;
			buildSettings = {
				ARCHS = "$(NATIVE_ARCH_ACTUAL)";
				"EXCLUDED_ARCHS[sdk=iphonesimulator*]" = arm64;
				ONLY_ACTIVE_ARCH = YES;
				SDKROOT = /Applications/Xcode.app/Contents/Developer/Platforms/MacOSX.platform/Developer/SDKs/MacOSX12.3.sdk;
				SYMROOT = "/Users/stephane/Code/CL/C++/antools/other_cmake/Svg/build";
			};
			name = Release;
		};
		3F5C4BCAD86E41189CEC6160 /* MinSizeRel */ = {
			isa = XCBuildConfiguration;
			buildSettings = {
				COMBINE_HIDPI_IMAGES = YES;
				EXECUTABLE_PREFIX = lib;
				EXECUTABLE_SUFFIX = .a;
				GCC_GENERATE_DEBUGGING_SYMBOLS = NO;
				GCC_INLINES_ARE_PRIVATE_EXTERN = NO;
				GCC_OPTIMIZATION_LEVEL = s;
				GCC_PREPROCESSOR_DEFINITIONS = ("'CMAKE_INTDIR=\"$(CONFIGURATION)$(EFFECTIVE_PLATFORM_NAME)\"'","$(inherited)");
				GCC_SYMBOLS_PRIVATE_EXTERN = NO;
				HEADER_SEARCH_PATHS = ("/Users/stephane/Code/CL/C++/antools/other_cmake/Svg/.","$(inherited)");
				INSTALL_PATH = "";
				LIBRARY_STYLE = STATIC;
				OTHER_CPLUSPLUSFLAGS = "    -DNDEBUG '-std=gnu++2a' ";
				OTHER_LIBTOOLFLAGS = ("");
				OTHER_REZFLAGS = "";
				PRODUCT_NAME = Svg;
				SECTORDER_FLAGS = "";
				SYMROOT = "/Users/stephane/Code/CL/C++/antools/other_cmake/Svg";
				USE_HEADERMAP = NO;
				WARNING_CFLAGS = ("$(inherited)");
			};
			name = MinSizeRel;
		};
		454727573536487F82851E12 /* Release */ = {
			isa = XCBuildConfiguration;
			buildSettings = {
				COMBINE_HIDPI_IMAGES = YES;
				GCC_GENERATE_DEBUGGING_SYMBOLS = YES;
				GCC_INLINES_ARE_PRIVATE_EXTERN = NO;
				GCC_OPTIMIZATION_LEVEL = 0;
				GCC_PREPROCESSOR_DEFINITIONS = ("'CMAKE_INTDIR=\"$(CONFIGURATION)$(EFFECTIVE_PLATFORM_NAME)\"'","$(inherited)");
				GCC_SYMBOLS_PRIVATE_EXTERN = NO;
				INSTALL_PATH = "";
				OTHER_LDFLAGS = ("","$(inherited)");
				OTHER_REZFLAGS = "";
				PRODUCT_NAME = ALL_BUILD;
				SECTORDER_FLAGS = "";
				SYMROOT = "/Users/stephane/Code/CL/C++/antools/other_cmake/Svg";
				USE_HEADERMAP = NO;
				WARNING_CFLAGS = ("$(inherited)");
			};
			name = Release;
		};
		47851BAD03CB48EA8A93D52B /* Debug */ = {
			isa = XCBuildConfiguration;
			buildSettings = {
				COMBINE_HIDPI_IMAGES = YES;
				GCC_GENERATE_DEBUGGING_SYMBOLS = YES;
				GCC_INLINES_ARE_PRIVATE_EXTERN = NO;
				GCC_OPTIMIZATION_LEVEL = 0;
				GCC_PREPROCESSOR_DEFINITIONS = ("'CMAKE_INTDIR=\"$(CONFIGURATION)$(EFFECTIVE_PLATFORM_NAME)\"'","$(inherited)");
				GCC_SYMBOLS_PRIVATE_EXTERN = NO;
				INSTALL_PATH = "";
				OTHER_LDFLAGS = ("","$(inherited)");
				OTHER_REZFLAGS = "";
				PRODUCT_NAME = ZERO_CHECK;
				SECTORDER_FLAGS = "";
				SYMROOT = "/Users/stephane/Code/CL/C++/antools/other_cmake/Svg";
				USE_HEADERMAP = NO;
				WARNING_CFLAGS = ("$(inherited)");
			};
			name = Debug;
		};
		72A6830EE1444D598E9B5579 /* Release */ = {
			isa = XCBuildConfiguration;
			buildSettings = {
				COMBINE_HIDPI_IMAGES = YES;
				EXECUTABLE_PREFIX = lib;
				EXECUTABLE_SUFFIX = .a;
				GCC_GENERATE_DEBUGGING_SYMBOLS = NO;
				GCC_INLINES_ARE_PRIVATE_EXTERN = NO;
				GCC_OPTIMIZATION_LEVEL = 3;
				GCC_PREPROCESSOR_DEFINITIONS = ("'CMAKE_INTDIR=\"$(CONFIGURATION)$(EFFECTIVE_PLATFORM_NAME)\"'","$(inherited)");
				GCC_SYMBOLS_PRIVATE_EXTERN = NO;
				HEADER_SEARCH_PATHS = ("/Users/stephane/Code/CL/C++/antools/other_cmake/Svg/.","$(inherited)");
				INSTALL_PATH = "";
				LIBRARY_STYLE = STATIC;
				OTHER_CPLUSPLUSFLAGS = "    -DNDEBUG '-std=gnu++2a' ";
				OTHER_LIBTOOLFLAGS = ("");
				OTHER_REZFLAGS = "";
				PRODUCT_NAME = Svg;
				SECTORDER_FLAGS = "";
				SYMROOT = "/Users/stephane/Code/CL/C++/antools/other_cmake/Svg";
				USE_HEADERMAP = NO;
				WARNING_CFLAGS = ("$(inherited)");
			};
			name = Release;
		};
		8F871206F9BB4BF7BBB13463 /* RelWithDebInfo */ = {
			isa = XCBuildConfiguration;
			buildSettings = {
				COMBINE_HIDPI_IMAGES = YES;
				EXECUTABLE_PREFIX = lib;
				EXECUTABLE_SUFFIX = .a;
				GCC_GENERATE_DEBUGGING_SYMBOLS = YES;
				GCC_INLINES_ARE_PRIVATE_EXTERN = NO;
				GCC_OPTIMIZATION_LEVEL = 2;
				GCC_PREPROCESSOR_DEFINITIONS = ("'CMAKE_INTDIR=\"$(CONFIGURATION)$(EFFECTIVE_PLATFORM_NAME)\"'","$(inherited)");
				GCC_SYMBOLS_PRIVATE_EXTERN = NO;
				HEADER_SEARCH_PATHS = ("/Users/stephane/Code/CL/C++/antools/other_cmake/Svg/.","$(inherited)");
				INSTALL_PATH = "";
				LIBRARY_STYLE = STATIC;
				OTHER_CPLUSPLUSFLAGS = "       -DNDEBUG '-std=gnu++2a' ";
				OTHER_LIBTOOLFLAGS = ("");
				OTHER_REZFLAGS = "";
				PRODUCT_NAME = Svg;
				SECTORDER_FLAGS = "";
				SYMROOT = "/Users/stephane/Code/CL/C++/antools/other_cmake/Svg";
				USE_HEADERMAP = NO;
				WARNING_CFLAGS = ("$(inherited)");
			};
			name = RelWithDebInfo;
		};
		AE67473E0B064B60B13B83BE /* Debug */ = {
			isa = XCBuildConfiguration;
			buildSettings = {
				COMBINE_HIDPI_IMAGES = YES;
				GCC_GENERATE_DEBUGGING_SYMBOLS = YES;
				GCC_INLINES_ARE_PRIVATE_EXTERN = NO;
				GCC_OPTIMIZATION_LEVEL = 0;
				GCC_PREPROCESSOR_DEFINITIONS = ("'CMAKE_INTDIR=\"$(CONFIGURATION)$(EFFECTIVE_PLATFORM_NAME)\"'","$(inherited)");
				GCC_SYMBOLS_PRIVATE_EXTERN = NO;
				INSTALL_PATH = "";
				OTHER_LDFLAGS = ("","$(inherited)");
				OTHER_REZFLAGS = "";
				PRODUCT_NAME = ALL_BUILD;
				SECTORDER_FLAGS = "";
				SYMROOT = "/Users/stephane/Code/CL/C++/antools/other_cmake/Svg";
				USE_HEADERMAP = NO;
				WARNING_CFLAGS = ("$(inherited)");
			};
			name = Debug;
		};
		B63546CDDC7647A2901D057D /* MinSizeRel */ = {
			isa = XCBuildConfiguration;
			buildSettings = {
				ARCHS = "$(NATIVE_ARCH_ACTUAL)";
				"EXCLUDED_ARCHS[sdk=iphonesimulator*]" = arm64;
				ONLY_ACTIVE_ARCH = YES;
				SDKROOT = /Applications/Xcode.app/Contents/Developer/Platforms/MacOSX.platform/Developer/SDKs/MacOSX12.3.sdk;
				SYMROOT = "/Users/stephane/Code/CL/C++/antools/other_cmake/Svg/build";
			};
			name = MinSizeRel;
		};
		B68A2BD1D07A4500A95FA15F /* MinSizeRel */ = {
			isa = XCBuildConfiguration;
			buildSettings = {
				COMBINE_HIDPI_IMAGES = YES;
				GCC_GENERATE_DEBUGGING_SYMBOLS = YES;
				GCC_INLINES_ARE_PRIVATE_EXTERN = NO;
				GCC_OPTIMIZATION_LEVEL = 0;
				GCC_PREPROCESSOR_DEFINITIONS = ("'CMAKE_INTDIR=\"$(CONFIGURATION)$(EFFECTIVE_PLATFORM_NAME)\"'","$(inherited)");
				GCC_SYMBOLS_PRIVATE_EXTERN = NO;
				INSTALL_PATH = "";
				OTHER_LDFLAGS = ("","$(inherited)");
				OTHER_REZFLAGS = "";
				PRODUCT_NAME = ZERO_CHECK;
				SECTORDER_FLAGS = "";
				SYMROOT = "/Users/stephane/Code/CL/C++/antools/other_cmake/Svg";
				USE_HEADERMAP = NO;
				WARNING_CFLAGS = ("$(inherited)");
			};
			name = MinSizeRel;
		};
		BE42D6BEC9ED406BB57D082F /* RelWithDebInfo */ = {
			isa = XCBuildConfiguration;
			buildSettings = {
				ARCHS = "$(NATIVE_ARCH_ACTUAL)";
				"EXCLUDED_ARCHS[sdk=iphonesimulator*]" = arm64;
				ONLY_ACTIVE_ARCH = YES;
				SDKROOT = /Applications/Xcode.app/Contents/Developer/Platforms/MacOSX.platform/Developer/SDKs/MacOSX12.3.sdk;
				SYMROOT = "/Users/stephane/Code/CL/C++/antools/other_cmake/Svg/build";
			};
			name = RelWithDebInfo;
		};
		F68D7A3FE4C44EAC9E7D7CB8 /* RelWithDebInfo */ = {
			isa = XCBuildConfiguration;
			buildSettings = {
				COMBINE_HIDPI_IMAGES = YES;
				GCC_GENERATE_DEBUGGING_SYMBOLS = YES;
				GCC_INLINES_ARE_PRIVATE_EXTERN = NO;
				GCC_OPTIMIZATION_LEVEL = 0;
				GCC_PREPROCESSOR_DEFINITIONS = ("'CMAKE_INTDIR=\"$(CONFIGURATION)$(EFFECTIVE_PLATFORM_NAME)\"'","$(inherited)");
				GCC_SYMBOLS_PRIVATE_EXTERN = NO;
				INSTALL_PATH = "";
				OTHER_LDFLAGS = ("","$(inherited)");
				OTHER_REZFLAGS = "";
				PRODUCT_NAME = ALL_BUILD;
				SECTORDER_FLAGS = "";
				SYMROOT = "/Users/stephane/Code/CL/C++/antools/other_cmake/Svg";
				USE_HEADERMAP = NO;
				WARNING_CFLAGS = ("$(inherited)");
			};
			name = RelWithDebInfo;
		};
		F85C6DCB02B541D0B4C0C5AE /* Debug */ = {
			isa = XCBuildConfiguration;
			buildSettings = {
				COMBINE_HIDPI_IMAGES = YES;
				EXECUTABLE_PREFIX = lib;
				EXECUTABLE_SUFFIX = .a;
				GCC_GENERATE_DEBUGGING_SYMBOLS = YES;
				GCC_INLINES_ARE_PRIVATE_EXTERN = NO;
				GCC_OPTIMIZATION_LEVEL = 0;
				GCC_PREPROCESSOR_DEFINITIONS = ("'CMAKE_INTDIR=\"$(CONFIGURATION)$(EFFECTIVE_PLATFORM_NAME)\"'","$(inherited)");
				GCC_SYMBOLS_PRIVATE_EXTERN = NO;
				HEADER_SEARCH_PATHS = ("/Users/stephane/Code/CL/C++/antools/other_cmake/Svg/.","$(inherited)");
				INSTALL_PATH = "";
				LIBRARY_STYLE = STATIC;
				OTHER_CPLUSPLUSFLAGS = "   '-std=gnu++2a' ";
				OTHER_LIBTOOLFLAGS = ("");
				OTHER_REZFLAGS = "";
				PRODUCT_NAME = Svg;
				SECTORDER_FLAGS = "";
				SYMROOT = "/Users/stephane/Code/CL/C++/antools/other_cmake/Svg";
				USE_HEADERMAP = NO;
				WARNING_CFLAGS = ("$(inherited)");
			};
			name = Debug;
		};
/* End XCBuildConfiguration section */

/* Begin XCConfigurationList section */
		1AF2BB2B9C794B64834E3B14 /* Build configuration list for PBXNativeTarget "Svg" */ = {
			isa = XCConfigurationList;
			buildConfigurations = (
				F85C6DCB02B541D0B4C0C5AE /* Debug */,
				72A6830EE1444D598E9B5579 /* Release */,
				3F5C4BCAD86E41189CEC6160 /* MinSizeRel */,
				8F871206F9BB4BF7BBB13463 /* RelWithDebInfo */,
			);
			defaultConfigurationIsVisible = 0;
			defaultConfigurationName = Debug;
		};
		21AE25C0A1B8440B96A71ACA /* Build configuration list for PBXAggregateTarget "ALL_BUILD" */ = {
			isa = XCConfigurationList;
			buildConfigurations = (
				AE67473E0B064B60B13B83BE /* Debug */,
				454727573536487F82851E12 /* Release */,
				15CAF37EE34D41B396DF1A02 /* MinSizeRel */,
				F68D7A3FE4C44EAC9E7D7CB8 /* RelWithDebInfo */,
			);
			defaultConfigurationIsVisible = 0;
			defaultConfigurationName = Debug;
		};
		A3052CD3F43444AA8F922146 /* Build configuration list for PBXAggregateTarget "ZERO_CHECK" */ = {
			isa = XCConfigurationList;
			buildConfigurations = (
				47851BAD03CB48EA8A93D52B /* Debug */,
				325A1436A5E64AF4B30F5475 /* Release */,
				B68A2BD1D07A4500A95FA15F /* MinSizeRel */,
				1D951FE0987B48EF822FB7DD /* RelWithDebInfo */,
			);
			defaultConfigurationIsVisible = 0;
			defaultConfigurationName = Debug;
		};
		D079EF66A8DE47239DF27DFA /* Build configuration list for PBXProject "Svg" */ = {
			isa = XCConfigurationList;
			buildConfigurations = (
				04245753C38A4A4A90EB3AE9 /* Debug */,
				33FB44CBA8D648929C240C0C /* Release */,
				B63546CDDC7647A2901D057D /* MinSizeRel */,
				BE42D6BEC9ED406BB57D082F /* RelWithDebInfo */,
			);
			defaultConfigurationIsVisible = 0;
			defaultConfigurationName = Debug;
		};
/* End XCConfigurationList section */
	};
	rootObject = 9CD88BB3ABBD4957B2BED2D7 /* Project object */;
}
