// !$*UTF8*$!
{
	archiveVersion = 1;
	classes = {
	};
	objectVersion = 46;
	objects = {

/* Begin PBXAggregateTarget section */
		6480D792E2EF434288B439EA /* ZERO_CHECK */ = {
			isa = PBXAggregateTarget;
			buildConfigurationList = 2292E2A7224E467E9EA6A193 /* Build configuration list for PBXAggregateTarget "ZERO_CHECK" */;
			buildPhases = (
				09998FB81C5361E14A993F10 /* Generate CMakeFiles/ZERO_CHECK */,
			);
			dependencies = (
			);
			name = ZERO_CHECK;
			productName = ZERO_CHECK;
		};
		DC73121302AB44CCB3EC9F48 /* ALL_BUILD */ = {
			isa = PBXAggregateTarget;
			buildConfigurationList = 3069AE43FE944D299545D19D /* Build configuration list for PBXAggregateTarget "ALL_BUILD" */;
			buildPhases = (
				0B57E0A3D507499497E982F9 /* Generate CMakeFiles/ALL_BUILD */,
			);
			dependencies = (
				2C2608D4814247A7A3FBE27E /* PBXTargetDependency */,
				F361DE4F93364B639FB91352 /* PBXTargetDependency */,
			);
			name = ALL_BUILD;
			productName = ALL_BUILD;
		};
/* End PBXAggregateTarget section */

/* Begin PBXBuildFile section */
		238AEB772FE547B3A382EEFD /* /Users/stephane/Code/CL/C++/antools/other_cmake/Svg/circle.cpp */ = {isa = PBXBuildFile; fileRef = D091C2FA0B9648C6AF7B67A7 /* /Users/stephane/Code/CL/C++/antools/other_cmake/Svg/circle.cpp */; };
		741C8DC3336A4DAB9AC29E78 /* /Users/stephane/Code/CL/C++/antools/other_cmake/Svg/CMakeLists.txt */ = {isa = PBXBuildFile; fileRef = F167D6A11C884DDEAFA77F1E /* /Users/stephane/Code/CL/C++/antools/other_cmake/Svg/CMakeLists.txt */; };
		CE714E40F7044940A6BECD11 /* /Users/stephane/Code/CL/C++/antools/other_cmake/Svg/data.cpp */ = {isa = PBXBuildFile; fileRef = A2FDAE00525A4E0B9E41DA30 /* /Users/stephane/Code/CL/C++/antools/other_cmake/Svg/data.cpp */; };
		D44A4D7DAA6C4643B83C9172 /* /Users/stephane/Code/CL/C++/antools/other_cmake/Svg/document.cpp */ = {isa = PBXBuildFile; fileRef = F09C694ED67A4856AB71A2E1 /* /Users/stephane/Code/CL/C++/antools/other_cmake/Svg/document.cpp */; };
		EAD6B14A6C0043739C2A7523 /* /Users/stephane/Code/CL/C++/antools/other_cmake/Svg/image.cpp */ = {isa = PBXBuildFile; fileRef = 7E80A9DC737D49A08423D3EC /* /Users/stephane/Code/CL/C++/antools/other_cmake/Svg/image.cpp */; };
		F23C3B6AED6A45D689A9974F /* /Users/stephane/Code/CL/C++/antools/other_cmake/Svg/line.cpp */ = {isa = PBXBuildFile; fileRef = 7A6F179CEF8C452F9CB196E5 /* /Users/stephane/Code/CL/C++/antools/other_cmake/Svg/line.cpp */; };
/* End PBXBuildFile section */

/* Begin PBXBuildStyle section */
		58CEC8374C174BA8AE878E08 /* Debug */ = {
			isa = PBXBuildStyle;
			buildSettings = {
				COPY_PHASE_STRIP = NO;
			};
			name = Debug;
		};
		9DCDB9C48FC14809B3E8F38D /* Release */ = {
			isa = PBXBuildStyle;
			buildSettings = {
				COPY_PHASE_STRIP = NO;
			};
			name = Release;
		};
		D25F7AF1893F4B5F980ACF56 /* RelWithDebInfo */ = {
			isa = PBXBuildStyle;
			buildSettings = {
				COPY_PHASE_STRIP = NO;
			};
			name = RelWithDebInfo;
		};
		D85D17D6A43948F4A83B1586 /* MinSizeRel */ = {
			isa = PBXBuildStyle;
			buildSettings = {
				COPY_PHASE_STRIP = NO;
			};
			name = MinSizeRel;
		};
/* End PBXBuildStyle section */

/* Begin PBXContainerItemProxy section */
		514FD1917EE54395912A3E78 /* PBXContainerItemProxy */ = {
			isa = PBXContainerItemProxy;
			containerPortal = 9CD88BB3ABBD4957B2BED2D7 /* Project object */;
			proxyType = 1;
			remoteGlobalIDString = 6480D792E2EF434288B439EA;
			remoteInfo = ZERO_CHECK;
		};
		82BA11AA95D448DF9E0CA105 /* PBXContainerItemProxy */ = {
			isa = PBXContainerItemProxy;
			containerPortal = 9CD88BB3ABBD4957B2BED2D7 /* Project object */;
			proxyType = 1;
			remoteGlobalIDString = 6480D792E2EF434288B439EA;
			remoteInfo = ZERO_CHECK;
		};
		C65760B3B92945DDAB237A4D /* PBXContainerItemProxy */ = {
			isa = PBXContainerItemProxy;
			containerPortal = 9CD88BB3ABBD4957B2BED2D7 /* Project object */;
			proxyType = 1;
			remoteGlobalIDString = 86D20A45FEAA40D69B513CC0;
			remoteInfo = Svg;
		};
/* End PBXContainerItemProxy section */

/* Begin PBXFileReference section */
		0C12FAA2D13546E49819B9F2 /* Svg */ = {isa = PBXFileReference; explicitFileType = archive.ar; path = libSvg.a; sourceTree = BUILT_PRODUCTS_DIR; };
		4DDBEB5B8642470AB6CBAEB7 /* /Users/stephane/Code/CL/C++/antools/other_cmake/Svg/CMakeLists.txt */ = {isa = PBXFileReference; explicitFileType = sourcecode.text; fileEncoding = 4; name = CMakeLists.txt; path = CMakeLists.txt; sourceTree = SOURCE_ROOT; };
		7A6F179CEF8C452F9CB196E5 /* /Users/stephane/Code/CL/C++/antools/other_cmake/Svg/line.cpp */ = {isa = PBXFileReference; explicitFileType = sourcecode.cpp.cpp; fileEncoding = 4; name = line.cpp; path = line.cpp; sourceTree = SOURCE_ROOT; };
		7E80A9DC737D49A08423D3EC /* /Users/stephane/Code/CL/C++/antools/other_cmake/Svg/image.cpp */ = {isa = PBXFileReference; explicitFileType = sourcecode.cpp.cpp; fileEncoding = 4; name = image.cpp; path = image.cpp; sourceTree = SOURCE_ROOT; };
		A2FDAE00525A4E0B9E41DA30 /* /Users/stephane/Code/CL/C++/antools/other_cmake/Svg/data.cpp */ = {isa = PBXFileReference; explicitFileType = sourcecode.cpp.cpp; fileEncoding = 4; name = data.cpp; path = data.cpp; sourceTree = SOURCE_ROOT; };
		D091C2FA0B9648C6AF7B67A7 /* /Users/stephane/Code/CL/C++/antools/other_cmake/Svg/circle.cpp */ = {isa = PBXFileReference; explicitFileType = sourcecode.cpp.cpp; fileEncoding = 4; name = circle.cpp; path = circle.cpp; sourceTree = SOURCE_ROOT; };
		F09C694ED67A4856AB71A2E1 /* /Users/stephane/Code/CL/C++/antools/other_cmake/Svg/document.cpp */ = {isa = PBXFileReference; explicitFileType = sourcecode.cpp.cpp; fileEncoding = 4; name = document.cpp; path = document.cpp; sourceTree = SOURCE_ROOT; };
		F167D6A11C884DDEAFA77F1E /* /Users/stephane/Code/CL/C++/antools/other_cmake/Svg/CMakeLists.txt */ = {isa = PBXFileReference; explicitFileType = sourcecode.text; fileEncoding = 4; name = CMakeLists.txt; path = CMakeLists.txt; sourceTree = SOURCE_ROOT; };
/* End PBXFileReference section */

/* Begin PBXFrameworksBuildPhase section */
		889CC192AC5149B5A53A7270 /* Frameworks */ = {
			isa = PBXFrameworksBuildPhase;
			buildActionMask = 2147483647;
			files = (
			);
			runOnlyForDeploymentPostprocessing = 0;
		};
/* End PBXFrameworksBuildPhase section */

/* Begin PBXGroup section */
		013E636E505A4A778987B261 /* Frameworks */ = {
			isa = PBXGroup;
			children = (
			);
			name = Frameworks;
			sourceTree = "<group>";
		};
		1CE4AACC969047E1869292D6 /* Products */ = {
			isa = PBXGroup;
			children = (
				0C12FAA2D13546E49819B9F2 /* Svg */,
			);
			name = Products;
			sourceTree = "<group>";
		};
		36578B80FFA34CA2BDECB299 /* CMake Rules */ = {
			isa = PBXGroup;
			children = (
			);
			name = "CMake Rules";
			sourceTree = "<group>";
		};
		B8FAB89330C54661874D23B5 = {
			isa = PBXGroup;
			children = (
				F87972EF53DF4CB2BBEFCBEB /* Svg */,
				FC272347561241A48ECE3688 /* ALL_BUILD */,
				1CE4AACC969047E1869292D6 /* Products */,
				013E636E505A4A778987B261 /* Frameworks */,
			);
			sourceTree = "<group>";
		};
		D1ED700F4A9F45C58926A4A0 /* Source Files */ = {
			isa = PBXGroup;
			children = (
				D091C2FA0B9648C6AF7B67A7 /* /Users/stephane/Code/CL/C++/antools/other_cmake/Svg/circle.cpp */,
				A2FDAE00525A4E0B9E41DA30 /* /Users/stephane/Code/CL/C++/antools/other_cmake/Svg/data.cpp */,
				F09C694ED67A4856AB71A2E1 /* /Users/stephane/Code/CL/C++/antools/other_cmake/Svg/document.cpp */,
				7E80A9DC737D49A08423D3EC /* /Users/stephane/Code/CL/C++/antools/other_cmake/Svg/image.cpp */,
				7A6F179CEF8C452F9CB196E5 /* /Users/stephane/Code/CL/C++/antools/other_cmake/Svg/line.cpp */,
			);
			name = "Source Files";
			sourceTree = "<group>";
		};
		F87972EF53DF4CB2BBEFCBEB /* Svg */ = {
			isa = PBXGroup;
			children = (
				D1ED700F4A9F45C58926A4A0 /* Source Files */,
				F167D6A11C884DDEAFA77F1E /* /Users/stephane/Code/CL/C++/antools/other_cmake/Svg/CMakeLists.txt */,
			);
			name = Svg;
			sourceTree = "<group>";
		};
		FC272347561241A48ECE3688 /* ALL_BUILD */ = {
			isa = PBXGroup;
			children = (
				36578B80FFA34CA2BDECB299 /* CMake Rules */,
				4DDBEB5B8642470AB6CBAEB7 /* /Users/stephane/Code/CL/C++/antools/other_cmake/Svg/CMakeLists.txt */,
			);
			name = ALL_BUILD;
			sourceTree = "<group>";
		};
/* End PBXGroup section */

/* Begin PBXNativeTarget section */
		86D20A45FEAA40D69B513CC0 /* Svg */ = {
			isa = PBXNativeTarget;
			buildConfigurationList = 791FED40BE354C95BA48E04C /* Build configuration list for PBXNativeTarget "Svg" */;
			buildPhases = (
				7DDEC4B692F941B6B5AD4948 /* Sources */,
				889CC192AC5149B5A53A7270 /* Frameworks */,
			);
			buildRules = (
			);
			dependencies = (
				58F1E1DF32624882A4DCD5A2 /* PBXTargetDependency */,
			);
			name = Svg;
			productName = Svg;
			productReference = 0C12FAA2D13546E49819B9F2 /* Svg */;
			productType = "com.apple.product-type.library.static";
		};
/* End PBXNativeTarget section */

/* Begin PBXProject section */
		9CD88BB3ABBD4957B2BED2D7 /* Project object */ = {
			isa = PBXProject;
			attributes = {
				BuildIndependentTargetsInParallel = YES;
				LastUpgradeCheck = 1400;
			};
			buildConfigurationList = 9066A598379C4CC9BA507081 /* Build configuration list for PBXProject "Svg" */;
			buildSettings = {
			};
			buildStyles = (
				58CEC8374C174BA8AE878E08 /* Debug */,
				9DCDB9C48FC14809B3E8F38D /* Release */,
				D85D17D6A43948F4A83B1586 /* MinSizeRel */,
				D25F7AF1893F4B5F980ACF56 /* RelWithDebInfo */,
			);
			compatibilityVersion = "Xcode 3.2";
			hasScannedForEncodings = 0;
			mainGroup = B8FAB89330C54661874D23B5;
			projectDirPath = .;
			projectRoot = "";
			targets = (
				DC73121302AB44CCB3EC9F48 /* ALL_BUILD */,
				86D20A45FEAA40D69B513CC0 /* Svg */,
				6480D792E2EF434288B439EA /* ZERO_CHECK */,
			);
		};
/* End PBXProject section */

/* Begin PBXShellScriptBuildPhase section */
		09998FB81C5361E14A993F10 /* Generate CMakeFiles/ZERO_CHECK */ = {
			isa = PBXShellScriptBuildPhase;
			alwaysOutOfDate = 1;
			buildActionMask = 2147483647;
			files = (
			);
			inputPaths = (
			);
			name = "Generate CMakeFiles/ZERO_CHECK";
			outputPaths = (
"/Users/stephane/Code/CL/C++/antools/other_cmake/Svg/CMakeFiles/ZERO_CHECK"			);
			runOnlyForDeploymentPostprocessing = 0;
			shellPath = /bin/sh;
			shellScript = "set -e
if test \"$CONFIGURATION\" = \"Debug\"; then :
  cd /Users/stephane/Code/CL/C++/antools/other_cmake/Svg
  make -f /Users/stephane/Code/CL/C++/antools/other_cmake/Svg/CMakeScripts/ReRunCMake.make
fi
if test \"$CONFIGURATION\" = \"Release\"; then :
  cd /Users/stephane/Code/CL/C++/antools/other_cmake/Svg
  make -f /Users/stephane/Code/CL/C++/antools/other_cmake/Svg/CMakeScripts/ReRunCMake.make
fi
if test \"$CONFIGURATION\" = \"MinSizeRel\"; then :
  cd /Users/stephane/Code/CL/C++/antools/other_cmake/Svg
  make -f /Users/stephane/Code/CL/C++/antools/other_cmake/Svg/CMakeScripts/ReRunCMake.make
fi
if test \"$CONFIGURATION\" = \"RelWithDebInfo\"; then :
  cd /Users/stephane/Code/CL/C++/antools/other_cmake/Svg
  make -f /Users/stephane/Code/CL/C++/antools/other_cmake/Svg/CMakeScripts/ReRunCMake.make
fi
";
			showEnvVarsInLog = 0;
		};
		0B57E0A3D507499497E982F9 /* Generate CMakeFiles/ALL_BUILD */ = {
			isa = PBXShellScriptBuildPhase;
			alwaysOutOfDate = 1;
			buildActionMask = 2147483647;
			files = (
			);
			inputPaths = (
			);
			name = "Generate CMakeFiles/ALL_BUILD";
			outputPaths = (
"/Users/stephane/Code/CL/C++/antools/other_cmake/Svg/CMakeFiles/ALL_BUILD"			);
			runOnlyForDeploymentPostprocessing = 0;
			shellPath = /bin/sh;
			shellScript = "set -e
if test \"$CONFIGURATION\" = \"Debug\"; then :
  cd /Users/stephane/Code/CL/C++/antools/other_cmake/Svg
  echo Build\\ all\\ projects
fi
if test \"$CONFIGURATION\" = \"Release\"; then :
  cd /Users/stephane/Code/CL/C++/antools/other_cmake/Svg
  echo Build\\ all\\ projects
fi
if test \"$CONFIGURATION\" = \"MinSizeRel\"; then :
  cd /Users/stephane/Code/CL/C++/antools/other_cmake/Svg
  echo Build\\ all\\ projects
fi
if test \"$CONFIGURATION\" = \"RelWithDebInfo\"; then :
  cd /Users/stephane/Code/CL/C++/antools/other_cmake/Svg
  echo Build\\ all\\ projects
fi
";
			showEnvVarsInLog = 0;
		};
		3C0110FC8322DE7E50886E21 = {
			isa = PBXShellScriptBuildPhase;
			buildActionMask = 2147483647;
			files = (
			);
			inputPaths = (
			);
			outputPaths = (
			);
			runOnlyForDeploymentPostprocessing = 0;
			shellPath = /bin/sh;
			shellScript = "# shell script goes here
exit 0";
			showEnvVarsInLog = 0;
		};
		9B50530E35CC49C82C2FACCF = {
			isa = PBXShellScriptBuildPhase;
			buildActionMask = 2147483647;
			files = (
			);
			inputPaths = (
			);
			outputPaths = (
			);
			runOnlyForDeploymentPostprocessing = 0;
			shellPath = /bin/sh;
			shellScript = "# shell script goes here
exit 0";
			showEnvVarsInLog = 0;
		};
/* End PBXShellScriptBuildPhase section */

/* Begin PBXSourcesBuildPhase section */
		7DDEC4B692F941B6B5AD4948 /* Sources */ = {
			isa = PBXSourcesBuildPhase;
			buildActionMask = 2147483647;
			files = (
				238AEB772FE547B3A382EEFD /* /Users/stephane/Code/CL/C++/antools/other_cmake/Svg/circle.cpp */,
				CE714E40F7044940A6BECD11 /* /Users/stephane/Code/CL/C++/antools/other_cmake/Svg/data.cpp */,
				D44A4D7DAA6C4643B83C9172 /* /Users/stephane/Code/CL/C++/antools/other_cmake/Svg/document.cpp */,
				EAD6B14A6C0043739C2A7523 /* /Users/stephane/Code/CL/C++/antools/other_cmake/Svg/image.cpp */,
				F23C3B6AED6A45D689A9974F /* /Users/stephane/Code/CL/C++/antools/other_cmake/Svg/line.cpp */,
			);
			runOnlyForDeploymentPostprocessing = 0;
		};
/* End PBXSourcesBuildPhase section */

/* Begin PBXTargetDependency section */
		2C2608D4814247A7A3FBE27E /* PBXTargetDependency */ = {
			isa = PBXTargetDependency;
			target = 86D20A45FEAA40D69B513CC0 /* Svg */;
			targetProxy = C65760B3B92945DDAB237A4D /* PBXContainerItemProxy */;
		};
		58F1E1DF32624882A4DCD5A2 /* PBXTargetDependency */ = {
			isa = PBXTargetDependency;
			target = 6480D792E2EF434288B439EA /* ZERO_CHECK */;
			targetProxy = 82BA11AA95D448DF9E0CA105 /* PBXContainerItemProxy */;
		};
		F361DE4F93364B639FB91352 /* PBXTargetDependency */ = {
			isa = PBXTargetDependency;
			target = 6480D792E2EF434288B439EA /* ZERO_CHECK */;
			targetProxy = 514FD1917EE54395912A3E78 /* PBXContainerItemProxy */;
		};
/* End PBXTargetDependency section */

/* Begin XCBuildConfiguration section */
		15A17523408C4D818A2848EC /* MinSizeRel */ = {
			isa = XCBuildConfiguration;
			buildSettings = {
				COMBINE_HIDPI_IMAGES = YES;
				GCC_GENERATE_DEBUGGING_SYMBOLS = YES;
				GCC_INLINES_ARE_PRIVATE_EXTERN = NO;
				GCC_OPTIMIZATION_LEVEL = 0;
				GCC_PREPROCESSOR_DEFINITIONS = ("'CMAKE_INTDIR=\"$(CONFIGURATION)$(EFFECTIVE_PLATFORM_NAME)\"'","$(inherited)");
				GCC_SYMBOLS_PRIVATE_EXTERN = NO;
				INSTALL_PATH = "";
				OTHER_LDFLAGS = ("","$(inherited)");
				OTHER_REZFLAGS = "";
				PRODUCT_NAME = ALL_BUILD;
				SECTORDER_FLAGS = "";
				SYMROOT = "/Users/stephane/Code/CL/C++/antools/other_cmake/Svg";
				USE_HEADERMAP = NO;
				WARNING_CFLAGS = ("$(inherited)");
			};
			name = MinSizeRel;
		};
		1A1CC4A815D84605884E2AD6 /* Release */ = {
			isa = XCBuildConfiguration;
			buildSettings = {
				COMBINE_HIDPI_IMAGES = YES;
				EXECUTABLE_PREFIX = lib;
				EXECUTABLE_SUFFIX = .a;
				GCC_GENERATE_DEBUGGING_SYMBOLS = NO;
				GCC_INLINES_ARE_PRIVATE_EXTERN = NO;
				GCC_OPTIMIZATION_LEVEL = 3;
				GCC_PREPROCESSOR_DEFINITIONS = ("'CMAKE_INTDIR=\"$(CONFIGURATION)$(EFFECTIVE_PLATFORM_NAME)\"'","$(inherited)");
				GCC_SYMBOLS_PRIVATE_EXTERN = NO;
				HEADER_SEARCH_PATHS = ("/Users/stephane/Code/CL/C++/antools/other_cmake/Svg/.","$(inherited)");
				INSTALL_PATH = "";
				LIBRARY_STYLE = STATIC;
				OTHER_CPLUSPLUSFLAGS = "    -DNDEBUG '-std=gnu++2a' ";
				OTHER_LIBTOOLFLAGS = ("");
				OTHER_REZFLAGS = "";
				PRODUCT_NAME = Svg;
				SECTORDER_FLAGS = "";
				SYMROOT = "/Users/stephane/Code/CL/C++/antools/other_cmake/Svg";
				USE_HEADERMAP = NO;
				WARNING_CFLAGS = ("$(inherited)");
			};
			name = Release;
		};
		1F1D2F5B43E84F468EB53590 /* Debug */ = {
			isa = XCBuildConfiguration;
			buildSettings = {
				COMBINE_HIDPI_IMAGES = YES;
				EXECUTABLE_PREFIX = lib;
				EXECUTABLE_SUFFIX = .a;
				GCC_GENERATE_DEBUGGING_SYMBOLS = YES;
				GCC_INLINES_ARE_PRIVATE_EXTERN = NO;
				GCC_OPTIMIZATION_LEVEL = 0;
				GCC_PREPROCESSOR_DEFINITIONS = ("'CMAKE_INTDIR=\"$(CONFIGURATION)$(EFFECTIVE_PLATFORM_NAME)\"'","$(inherited)");
				GCC_SYMBOLS_PRIVATE_EXTERN = NO;
				HEADER_SEARCH_PATHS = ("/Users/stephane/Code/CL/C++/antools/other_cmake/Svg/.","$(inherited)");
				INSTALL_PATH = "";
				LIBRARY_STYLE = STATIC;
				OTHER_CPLUSPLUSFLAGS = "   '-std=gnu++2a' ";
				OTHER_LIBTOOLFLAGS = ("");
				OTHER_REZFLAGS = "";
				PRODUCT_NAME = Svg;
				SECTORDER_FLAGS = "";
				SYMROOT = "/Users/stephane/Code/CL/C++/antools/other_cmake/Svg";
				USE_HEADERMAP = NO;
				WARNING_CFLAGS = ("$(inherited)");
			};
			name = Debug;
		};
		31A1AD6F494742CD877E3FDE /* Release */ = {
			isa = XCBuildConfiguration;
			buildSettings = {
				ARCHS = "$(NATIVE_ARCH_ACTUAL)";
				"EXCLUDED_ARCHS[sdk=iphonesimulator*]" = arm64;
				ONLY_ACTIVE_ARCH = YES;
				SDKROOT = /Applications/Xcode.app/Contents/Developer/Platforms/MacOSX.platform/Developer/SDKs/MacOSX12.3.sdk;
				SYMROOT = "/Users/stephane/Code/CL/C++/antools/other_cmake/Svg/build";
			};
			name = Release;
		};
		47CE2CD3A1B04637B2A71CB3 /* RelWithDebInfo */ = {
			isa = XCBuildConfiguration;
			buildSettings = {
				COMBINE_HIDPI_IMAGES = YES;
				GCC_GENERATE_DEBUGGING_SYMBOLS = YES;
				GCC_INLINES_ARE_PRIVATE_EXTERN = NO;
				GCC_OPTIMIZATION_LEVEL = 0;
				GCC_PREPROCESSOR_DEFINITIONS = ("'CMAKE_INTDIR=\"$(CONFIGURATION)$(EFFECTIVE_PLATFORM_NAME)\"'","$(inherited)");
				GCC_SYMBOLS_PRIVATE_EXTERN = NO;
				INSTALL_PATH = "";
				OTHER_LDFLAGS = ("","$(inherited)");
				OTHER_REZFLAGS = "";
				PRODUCT_NAME = ZERO_CHECK;
				SECTORDER_FLAGS = "";
				SYMROOT = "/Users/stephane/Code/CL/C++/antools/other_cmake/Svg";
				USE_HEADERMAP = NO;
				WARNING_CFLAGS = ("$(inherited)");
			};
			name = RelWithDebInfo;
		};
		4CD8EBE50260465D92E06570 /* Release */ = {
			isa = XCBuildConfiguration;
			buildSettings = {
				COMBINE_HIDPI_IMAGES = YES;
				GCC_GENERATE_DEBUGGING_SYMBOLS = YES;
				GCC_INLINES_ARE_PRIVATE_EXTERN = NO;
				GCC_OPTIMIZATION_LEVEL = 0;
				GCC_PREPROCESSOR_DEFINITIONS = ("'CMAKE_INTDIR=\"$(CONFIGURATION)$(EFFECTIVE_PLATFORM_NAME)\"'","$(inherited)");
				GCC_SYMBOLS_PRIVATE_EXTERN = NO;
				INSTALL_PATH = "";
				OTHER_LDFLAGS = ("","$(inherited)");
				OTHER_REZFLAGS = "";
				PRODUCT_NAME = ZERO_CHECK;
				SECTORDER_FLAGS = "";
				SYMROOT = "/Users/stephane/Code/CL/C++/antools/other_cmake/Svg";
				USE_HEADERMAP = NO;
				WARNING_CFLAGS = ("$(inherited)");
			};
			name = Release;
		};
		4EC399A9E1D84E4D91166FF0 /* Debug */ = {
			isa = XCBuildConfiguration;
			buildSettings = {
				COMBINE_HIDPI_IMAGES = YES;
				GCC_GENERATE_DEBUGGING_SYMBOLS = YES;
				GCC_INLINES_ARE_PRIVATE_EXTERN = NO;
				GCC_OPTIMIZATION_LEVEL = 0;
				GCC_PREPROCESSOR_DEFINITIONS = ("'CMAKE_INTDIR=\"$(CONFIGURATION)$(EFFECTIVE_PLATFORM_NAME)\"'","$(inherited)");
				GCC_SYMBOLS_PRIVATE_EXTERN = NO;
				INSTALL_PATH = "";
				OTHER_LDFLAGS = ("","$(inherited)");
				OTHER_REZFLAGS = "";
				PRODUCT_NAME = ZERO_CHECK;
				SECTORDER_FLAGS = "";
				SYMROOT = "/Users/stephane/Code/CL/C++/antools/other_cmake/Svg";
				USE_HEADERMAP = NO;
				WARNING_CFLAGS = ("$(inherited)");
			};
			name = Debug;
		};
		72D2E505523C41DD9F5B4437 /* MinSizeRel */ = {
			isa = XCBuildConfiguration;
			buildSettings = {
				COMBINE_HIDPI_IMAGES = YES;
				EXECUTABLE_PREFIX = lib;
				EXECUTABLE_SUFFIX = .a;
				GCC_GENERATE_DEBUGGING_SYMBOLS = NO;
				GCC_INLINES_ARE_PRIVATE_EXTERN = NO;
				GCC_OPTIMIZATION_LEVEL = s;
				GCC_PREPROCESSOR_DEFINITIONS = ("'CMAKE_INTDIR=\"$(CONFIGURATION)$(EFFECTIVE_PLATFORM_NAME)\"'","$(inherited)");
				GCC_SYMBOLS_PRIVATE_EXTERN = NO;
				HEADER_SEARCH_PATHS = ("/Users/stephane/Code/CL/C++/antools/other_cmake/Svg/.","$(inherited)");
				INSTALL_PATH = "";
				LIBRARY_STYLE = STATIC;
				OTHER_CPLUSPLUSFLAGS = "    -DNDEBUG '-std=gnu++2a' ";
				OTHER_LIBTOOLFLAGS = ("");
				OTHER_REZFLAGS = "";
				PRODUCT_NAME = Svg;
				SECTORDER_FLAGS = "";
				SYMROOT = "/Users/stephane/Code/CL/C++/antools/other_cmake/Svg";
				USE_HEADERMAP = NO;
				WARNING_CFLAGS = ("$(inherited)");
			};
			name = MinSizeRel;
		};
		83D277AEFFB345DB942A5B3A /* MinSizeRel */ = {
			isa = XCBuildConfiguration;
			buildSettings = {
				ARCHS = "$(NATIVE_ARCH_ACTUAL)";
				"EXCLUDED_ARCHS[sdk=iphonesimulator*]" = arm64;
				ONLY_ACTIVE_ARCH = YES;
				SDKROOT = /Applications/Xcode.app/Contents/Developer/Platforms/MacOSX.platform/Developer/SDKs/MacOSX12.3.sdk;
				SYMROOT = "/Users/stephane/Code/CL/C++/antools/other_cmake/Svg/build";
			};
			name = MinSizeRel;
		};
		939453EE73A6493F96B67518 /* RelWithDebInfo */ = {
			isa = XCBuildConfiguration;
			buildSettings = {
				COMBINE_HIDPI_IMAGES = YES;
				EXECUTABLE_PREFIX = lib;
				EXECUTABLE_SUFFIX = .a;
				GCC_GENERATE_DEBUGGING_SYMBOLS = YES;
				GCC_INLINES_ARE_PRIVATE_EXTERN = NO;
				GCC_OPTIMIZATION_LEVEL = 2;
				GCC_PREPROCESSOR_DEFINITIONS = ("'CMAKE_INTDIR=\"$(CONFIGURATION)$(EFFECTIVE_PLATFORM_NAME)\"'","$(inherited)");
				GCC_SYMBOLS_PRIVATE_EXTERN = NO;
				HEADER_SEARCH_PATHS = ("/Users/stephane/Code/CL/C++/antools/other_cmake/Svg/.","$(inherited)");
				INSTALL_PATH = "";
				LIBRARY_STYLE = STATIC;
				OTHER_CPLUSPLUSFLAGS = "       -DNDEBUG '-std=gnu++2a' ";
				OTHER_LIBTOOLFLAGS = ("");
				OTHER_REZFLAGS = "";
				PRODUCT_NAME = Svg;
				SECTORDER_FLAGS = "";
				SYMROOT = "/Users/stephane/Code/CL/C++/antools/other_cmake/Svg";
				USE_HEADERMAP = NO;
				WARNING_CFLAGS = ("$(inherited)");
			};
			name = RelWithDebInfo;
		};
		9642D5485BC2423F837BBA2F /* Debug */ = {
			isa = XCBuildConfiguration;
			buildSettings = {
				ARCHS = "$(NATIVE_ARCH_ACTUAL)";
				"EXCLUDED_ARCHS[sdk=iphonesimulator*]" = arm64;
				ONLY_ACTIVE_ARCH = YES;
				SDKROOT = /Applications/Xcode.app/Contents/Developer/Platforms/MacOSX.platform/Developer/SDKs/MacOSX12.3.sdk;
				SYMROOT = "/Users/stephane/Code/CL/C++/antools/other_cmake/Svg/build";
			};
			name = Debug;
		};
		96E4257EE4A946279C7C5B3F /* RelWithDebInfo */ = {
			isa = XCBuildConfiguration;
			buildSettings = {
				COMBINE_HIDPI_IMAGES = YES;
				GCC_GENERATE_DEBUGGING_SYMBOLS = YES;
				GCC_INLINES_ARE_PRIVATE_EXTERN = NO;
				GCC_OPTIMIZATION_LEVEL = 0;
				GCC_PREPROCESSOR_DEFINITIONS = ("'CMAKE_INTDIR=\"$(CONFIGURATION)$(EFFECTIVE_PLATFORM_NAME)\"'","$(inherited)");
				GCC_SYMBOLS_PRIVATE_EXTERN = NO;
				INSTALL_PATH = "";
				OTHER_LDFLAGS = ("","$(inherited)");
				OTHER_REZFLAGS = "";
				PRODUCT_NAME = ALL_BUILD;
				SECTORDER_FLAGS = "";
				SYMROOT = "/Users/stephane/Code/CL/C++/antools/other_cmake/Svg";
				USE_HEADERMAP = NO;
				WARNING_CFLAGS = ("$(inherited)");
			};
			name = RelWithDebInfo;
		};
		A215AD3F203A4853A237E993 /* Debug */ = {
			isa = XCBuildConfiguration;
			buildSettings = {
				COMBINE_HIDPI_IMAGES = YES;
				GCC_GENERATE_DEBUGGING_SYMBOLS = YES;
				GCC_INLINES_ARE_PRIVATE_EXTERN = NO;
				GCC_OPTIMIZATION_LEVEL = 0;
				GCC_PREPROCESSOR_DEFINITIONS = ("'CMAKE_INTDIR=\"$(CONFIGURATION)$(EFFECTIVE_PLATFORM_NAME)\"'","$(inherited)");
				GCC_SYMBOLS_PRIVATE_EXTERN = NO;
				INSTALL_PATH = "";
				OTHER_LDFLAGS = ("","$(inherited)");
				OTHER_REZFLAGS = "";
				PRODUCT_NAME = ALL_BUILD;
				SECTORDER_FLAGS = "";
				SYMROOT = "/Users/stephane/Code/CL/C++/antools/other_cmake/Svg";
				USE_HEADERMAP = NO;
				WARNING_CFLAGS = ("$(inherited)");
			};
			name = Debug;
		};
		A560820F0A6A4443B7BD5D2E /* RelWithDebInfo */ = {
			isa = XCBuildConfiguration;
			buildSettings = {
				ARCHS = "$(NATIVE_ARCH_ACTUAL)";
				"EXCLUDED_ARCHS[sdk=iphonesimulator*]" = arm64;
				ONLY_ACTIVE_ARCH = YES;
				SDKROOT = /Applications/Xcode.app/Contents/Developer/Platforms/MacOSX.platform/Developer/SDKs/MacOSX12.3.sdk;
				SYMROOT = "/Users/stephane/Code/CL/C++/antools/other_cmake/Svg/build";
			};
			name = RelWithDebInfo;
		};
		BA1FAD83F7194980BC9B1BC4 /* MinSizeRel */ = {
			isa = XCBuildConfiguration;
			buildSettings = {
				COMBINE_HIDPI_IMAGES = YES;
				GCC_GENERATE_DEBUGGING_SYMBOLS = YES;
				GCC_INLINES_ARE_PRIVATE_EXTERN = NO;
				GCC_OPTIMIZATION_LEVEL = 0;
				GCC_PREPROCESSOR_DEFINITIONS = ("'CMAKE_INTDIR=\"$(CONFIGURATION)$(EFFECTIVE_PLATFORM_NAME)\"'","$(inherited)");
				GCC_SYMBOLS_PRIVATE_EXTERN = NO;
				INSTALL_PATH = "";
				OTHER_LDFLAGS = ("","$(inherited)");
				OTHER_REZFLAGS = "";
				PRODUCT_NAME = ZERO_CHECK;
				SECTORDER_FLAGS = "";
				SYMROOT = "/Users/stephane/Code/CL/C++/antools/other_cmake/Svg";
				USE_HEADERMAP = NO;
				WARNING_CFLAGS = ("$(inherited)");
			};
			name = MinSizeRel;
		};
		EE3A288D36CA40B98035C107 /* Release */ = {
			isa = XCBuildConfiguration;
			buildSettings = {
				COMBINE_HIDPI_IMAGES = YES;
				GCC_GENERATE_DEBUGGING_SYMBOLS = YES;
				GCC_INLINES_ARE_PRIVATE_EXTERN = NO;
				GCC_OPTIMIZATION_LEVEL = 0;
				GCC_PREPROCESSOR_DEFINITIONS = ("'CMAKE_INTDIR=\"$(CONFIGURATION)$(EFFECTIVE_PLATFORM_NAME)\"'","$(inherited)");
				GCC_SYMBOLS_PRIVATE_EXTERN = NO;
				INSTALL_PATH = "";
				OTHER_LDFLAGS = ("","$(inherited)");
				OTHER_REZFLAGS = "";
				PRODUCT_NAME = ALL_BUILD;
				SECTORDER_FLAGS = "";
				SYMROOT = "/Users/stephane/Code/CL/C++/antools/other_cmake/Svg";
				USE_HEADERMAP = NO;
				WARNING_CFLAGS = ("$(inherited)");
			};
			name = Release;
		};
/* End XCBuildConfiguration section */

/* Begin XCConfigurationList section */
		2292E2A7224E467E9EA6A193 /* Build configuration list for PBXAggregateTarget "ZERO_CHECK" */ = {
			isa = XCConfigurationList;
			buildConfigurations = (
				4EC399A9E1D84E4D91166FF0 /* Debug */,
				4CD8EBE50260465D92E06570 /* Release */,
				BA1FAD83F7194980BC9B1BC4 /* MinSizeRel */,
				47CE2CD3A1B04637B2A71CB3 /* RelWithDebInfo */,
			);
			defaultConfigurationIsVisible = 0;
			defaultConfigurationName = Debug;
		};
		3069AE43FE944D299545D19D /* Build configuration list for PBXAggregateTarget "ALL_BUILD" */ = {
			isa = XCConfigurationList;
			buildConfigurations = (
				A215AD3F203A4853A237E993 /* Debug */,
				EE3A288D36CA40B98035C107 /* Release */,
				15A17523408C4D818A2848EC /* MinSizeRel */,
				96E4257EE4A946279C7C5B3F /* RelWithDebInfo */,
			);
			defaultConfigurationIsVisible = 0;
			defaultConfigurationName = Debug;
		};
		791FED40BE354C95BA48E04C /* Build configuration list for PBXNativeTarget "Svg" */ = {
			isa = XCConfigurationList;
			buildConfigurations = (
				1F1D2F5B43E84F468EB53590 /* Debug */,
				1A1CC4A815D84605884E2AD6 /* Release */,
				72D2E505523C41DD9F5B4437 /* MinSizeRel */,
				939453EE73A6493F96B67518 /* RelWithDebInfo */,
			);
			defaultConfigurationIsVisible = 0;
			defaultConfigurationName = Debug;
		};
		9066A598379C4CC9BA507081 /* Build configuration list for PBXProject "Svg" */ = {
			isa = XCConfigurationList;
			buildConfigurations = (
				9642D5485BC2423F837BBA2F /* Debug */,
				31A1AD6F494742CD877E3FDE /* Release */,
				83D277AEFFB345DB942A5B3A /* MinSizeRel */,
				A560820F0A6A4443B7BD5D2E /* RelWithDebInfo */,
			);
			defaultConfigurationIsVisible = 0;
			defaultConfigurationName = Debug;
		};
/* End XCConfigurationList section */
	};
	rootObject = 9CD88BB3ABBD4957B2BED2D7 /* Project object */;
}
