// !$*UTF8*$!
{
	archiveVersion = 1;
	classes = {
	};
	objectVersion = 46;
	objects = {

/* Begin PBXAggregateTarget section */
		6480D792E2EF434288B439EA /* ZERO_CHECK */ = {
			isa = PBXAggregateTarget;
			buildConfigurationList = 75F5136C4C9D44559B2E87ED /* Build configuration list for PBXAggregateTarget "ZERO_CHECK" */;
			buildPhases = (
				F667B010955D3D835AF7EDBB /* Generate CMakeFiles/ZERO_CHECK */,
			);
			dependencies = (
			);
			name = ZERO_CHECK;
			productName = ZERO_CHECK;
		};
		DC73121302AB44CCB3EC9F48 /* ALL_BUILD */ = {
			isa = PBXAggregateTarget;
			buildConfigurationList = 409945EF4DFF4037A0F57779 /* Build configuration list for PBXAggregateTarget "ALL_BUILD" */;
			buildPhases = (
				81BB2DFAA49BF270F0A8E20C /* Generate CMakeFiles/ALL_BUILD */,
			);
			dependencies = (
				2F4D2B87F4764342A72A812A /* PBXTargetDependency */,
				C6FD04F44F024216B02BD0B0 /* PBXTargetDependency */,
			);
			name = ALL_BUILD;
			productName = ALL_BUILD;
		};
/* End PBXAggregateTarget section */

/* Begin PBXBuildFile section */
		1603194496C244E396C484E6 /* /Users/stephane/Code/CL/C++/antools/other_cmake/Swe/swepcalc.c */ = {isa = PBXBuildFile; fileRef = 2B655B2441994470BD80EEB1 /* /Users/stephane/Code/CL/C++/antools/other_cmake/Swe/swepcalc.c */; };
		196C7C9580744C1881A914DE /* /Users/stephane/Code/CL/C++/antools/other_cmake/Swe/swehouse.c */ = {isa = PBXBuildFile; fileRef = 4855FB752B94405DAE4D3C3E /* /Users/stephane/Code/CL/C++/antools/other_cmake/Swe/swehouse.c */; };
		23390D9A4BC643EEBD6570B4 /* /Users/stephane/Code/CL/C++/antools/other_cmake/Swe/swemmoon.c */ = {isa = PBXBuildFile; fileRef = 6FFA7017658D44F2B5B469C3 /* /Users/stephane/Code/CL/C++/antools/other_cmake/Swe/swemmoon.c */; };
		3BA79F9A491C41B7B5FB9132 /* /Users/stephane/Code/CL/C++/antools/other_cmake/Swe/swecl.c */ = {isa = PBXBuildFile; fileRef = 0946BCE69E584A4BA7C248CE /* /Users/stephane/Code/CL/C++/antools/other_cmake/Swe/swecl.c */; };
		3F12BC0C787F44109FFA08B7 /* /Users/stephane/Code/CL/C++/antools/other_cmake/Swe/sweph.c */ = {isa = PBXBuildFile; fileRef = 921A9412A6F3493EA1DAB54F /* /Users/stephane/Code/CL/C++/antools/other_cmake/Swe/sweph.c */; };
		9F843E70B11F44A9A97EE2AE /* /Users/stephane/Code/CL/C++/antools/other_cmake/Swe/swedate.c */ = {isa = PBXBuildFile; fileRef = 5038524088F449E099A41D64 /* /Users/stephane/Code/CL/C++/antools/other_cmake/Swe/swedate.c */; };
		A10E8287267F482F9EFCB053 /* /Users/stephane/Code/CL/C++/antools/other_cmake/Swe/swephlib.c */ = {isa = PBXBuildFile; fileRef = C235E4675E224CC6B9D28CF6 /* /Users/stephane/Code/CL/C++/antools/other_cmake/Swe/swephlib.c */; };
		B884C46A7FFC4FD1BC33BFD2 /* /Users/stephane/Code/CL/C++/antools/other_cmake/Swe/swejpl.c */ = {isa = PBXBuildFile; fileRef = 1D0E2C23DC014B10A98530A9 /* /Users/stephane/Code/CL/C++/antools/other_cmake/Swe/swejpl.c */; };
		C21428A050C643BAB5D6519E /* /Users/stephane/Code/CL/C++/antools/other_cmake/Swe/swehel.c */ = {isa = PBXBuildFile; fileRef = 79AA7AA8DE324051A1E3BF55 /* /Users/stephane/Code/CL/C++/antools/other_cmake/Swe/swehel.c */; };
		C610A1283CAB4FD58319A3B8 /* /Users/stephane/Code/CL/C++/antools/other_cmake/Swe/swemplan.c */ = {isa = PBXBuildFile; fileRef = 96EDCEA678F743D29C04AFD3 /* /Users/stephane/Code/CL/C++/antools/other_cmake/Swe/swemplan.c */; };
		CE68DD7F554F420CB17059E4 /* /Users/stephane/Code/CL/C++/antools/other_cmake/Swe/CMakeLists.txt */ = {isa = PBXBuildFile; fileRef = BFBCECCD06D44684A8320A6C /* /Users/stephane/Code/CL/C++/antools/other_cmake/Swe/CMakeLists.txt */; };
/* End PBXBuildFile section */

/* Begin PBXBuildStyle section */
		11561FE0325B47FCBB975CDD /* Debug */ = {
			isa = PBXBuildStyle;
			buildSettings = {
				COPY_PHASE_STRIP = NO;
			};
			name = Debug;
		};
		23BC5A8F5C884F4D8D255C72 /* Release */ = {
			isa = PBXBuildStyle;
			buildSettings = {
				COPY_PHASE_STRIP = NO;
			};
			name = Release;
		};
		2E325491E1444004B8C29D99 /* MinSizeRel */ = {
			isa = PBXBuildStyle;
			buildSettings = {
				COPY_PHASE_STRIP = NO;
			};
			name = MinSizeRel;
		};
		EF85F8F066484B04B9A3D892 /* RelWithDebInfo */ = {
			isa = PBXBuildStyle;
			buildSettings = {
				COPY_PHASE_STRIP = NO;
			};
			name = RelWithDebInfo;
		};
/* End PBXBuildStyle section */

/* Begin PBXContainerItemProxy section */
		1590B2FE49D54161A32B77B9 /* PBXContainerItemProxy */ = {
			isa = PBXContainerItemProxy;
			containerPortal = 875A7C4059CC4678897727DE /* Project object */;
			proxyType = 1;
			remoteGlobalIDString = D0DFD6B600B3464E835222A2;
			remoteInfo = swe;
		};
		42E3CA6306294872A83AE1FB /* PBXContainerItemProxy */ = {
			isa = PBXContainerItemProxy;
			containerPortal = 875A7C4059CC4678897727DE /* Project object */;
			proxyType = 1;
			remoteGlobalIDString = 6480D792E2EF434288B439EA;
			remoteInfo = ZERO_CHECK;
		};
		6967E74BFB214003AEF47CFE /* PBXContainerItemProxy */ = {
			isa = PBXContainerItemProxy;
			containerPortal = 875A7C4059CC4678897727DE /* Project object */;
			proxyType = 1;
			remoteGlobalIDString = 6480D792E2EF434288B439EA;
			remoteInfo = ZERO_CHECK;
		};
/* End PBXContainerItemProxy section */

/* Begin PBXFileReference section */
		0946BCE69E584A4BA7C248CE /* /Users/stephane/Code/CL/C++/antools/other_cmake/Swe/swecl.c */ = {isa = PBXFileReference; explicitFileType = sourcecode.c.c; fileEncoding = 4; name = swecl.c; path = swecl.c; sourceTree = SOURCE_ROOT; };
		11D83F4AF4A144C795E942D9 /* /Users/stephane/Code/CL/C++/antools/other_cmake/Swe/CMakeLists.txt */ = {isa = PBXFileReference; explicitFileType = sourcecode.text; fileEncoding = 4; name = CMakeLists.txt; path = CMakeLists.txt; sourceTree = SOURCE_ROOT; };
		1D0E2C23DC014B10A98530A9 /* /Users/stephane/Code/CL/C++/antools/other_cmake/Swe/swejpl.c */ = {isa = PBXFileReference; explicitFileType = sourcecode.c.c; fileEncoding = 4; name = swejpl.c; path = swejpl.c; sourceTree = SOURCE_ROOT; };
		2B655B2441994470BD80EEB1 /* /Users/stephane/Code/CL/C++/antools/other_cmake/Swe/swepcalc.c */ = {isa = PBXFileReference; explicitFileType = sourcecode.c.c; fileEncoding = 4; name = swepcalc.c; path = swepcalc.c; sourceTree = SOURCE_ROOT; };
		4855FB752B94405DAE4D3C3E /* /Users/stephane/Code/CL/C++/antools/other_cmake/Swe/swehouse.c */ = {isa = PBXFileReference; explicitFileType = sourcecode.c.c; fileEncoding = 4; name = swehouse.c; path = swehouse.c; sourceTree = SOURCE_ROOT; };
		5038524088F449E099A41D64 /* /Users/stephane/Code/CL/C++/antools/other_cmake/Swe/swedate.c */ = {isa = PBXFileReference; explicitFileType = sourcecode.c.c; fileEncoding = 4; name = swedate.c; path = swedate.c; sourceTree = SOURCE_ROOT; };
		6FFA7017658D44F2B5B469C3 /* /Users/stephane/Code/CL/C++/antools/other_cmake/Swe/swemmoon.c */ = {isa = PBXFileReference; explicitFileType = sourcecode.c.c; fileEncoding = 4; name = swemmoon.c; path = swemmoon.c; sourceTree = SOURCE_ROOT; };
		79AA7AA8DE324051A1E3BF55 /* /Users/stephane/Code/CL/C++/antools/other_cmake/Swe/swehel.c */ = {isa = PBXFileReference; explicitFileType = sourcecode.c.c; fileEncoding = 4; name = swehel.c; path = swehel.c; sourceTree = SOURCE_ROOT; };
		921A9412A6F3493EA1DAB54F /* /Users/stephane/Code/CL/C++/antools/other_cmake/Swe/sweph.c */ = {isa = PBXFileReference; explicitFileType = sourcecode.c.c; fileEncoding = 4; name = sweph.c; path = sweph.c; sourceTree = SOURCE_ROOT; };
		96EDCEA678F743D29C04AFD3 /* /Users/stephane/Code/CL/C++/antools/other_cmake/Swe/swemplan.c */ = {isa = PBXFileReference; explicitFileType = sourcecode.c.c; fileEncoding = 4; name = swemplan.c; path = swemplan.c; sourceTree = SOURCE_ROOT; };
		A39EE6AA2B264F7FB0EA4270 /* swe */ = {isa = PBXFileReference; explicitFileType = archive.ar; path = libswe.a; sourceTree = BUILT_PRODUCTS_DIR; };
		BFBCECCD06D44684A8320A6C /* /Users/stephane/Code/CL/C++/antools/other_cmake/Swe/CMakeLists.txt */ = {isa = PBXFileReference; explicitFileType = sourcecode.text; fileEncoding = 4; name = CMakeLists.txt; path = CMakeLists.txt; sourceTree = SOURCE_ROOT; };
		C235E4675E224CC6B9D28CF6 /* /Users/stephane/Code/CL/C++/antools/other_cmake/Swe/swephlib.c */ = {isa = PBXFileReference; explicitFileType = sourcecode.c.c; fileEncoding = 4; name = swephlib.c; path = swephlib.c; sourceTree = SOURCE_ROOT; };
/* End PBXFileReference section */

/* Begin PBXFrameworksBuildPhase section */
		BC377E5645104DFCB4B9B7C9 /* Frameworks */ = {
			isa = PBXFrameworksBuildPhase;
			buildActionMask = 2147483647;
			files = (
			);
			runOnlyForDeploymentPostprocessing = 0;
		};
/* End PBXFrameworksBuildPhase section */

/* Begin PBXGroup section */
		023A47E0DF144354AD3EF54E /* Frameworks */ = {
			isa = PBXGroup;
			children = (
			);
			name = Frameworks;
			sourceTree = "<group>";
		};
		45AFF1B3B8F049F487F079E3 /* ALL_BUILD */ = {
			isa = PBXGroup;
			children = (
				AFEB539FF4AF4CA6A4ECAC91 /* CMake Rules */,
				11D83F4AF4A144C795E942D9 /* /Users/stephane/Code/CL/C++/antools/other_cmake/Swe/CMakeLists.txt */,
			);
			name = ALL_BUILD;
			sourceTree = "<group>";
		};
		63E3BBC12B8B471091537EEC /* swe */ = {
			isa = PBXGroup;
			children = (
				B0981E6C9F0149B3A2DADB5F /* Source Files */,
				BFBCECCD06D44684A8320A6C /* /Users/stephane/Code/CL/C++/antools/other_cmake/Swe/CMakeLists.txt */,
			);
			name = swe;
			sourceTree = "<group>";
		};
		9DBFCD40940D4CF2AA508D0A = {
			isa = PBXGroup;
			children = (
				63E3BBC12B8B471091537EEC /* swe */,
				45AFF1B3B8F049F487F079E3 /* ALL_BUILD */,
				B5049335A1CE4BD4B30672D6 /* Products */,
				023A47E0DF144354AD3EF54E /* Frameworks */,
			);
			sourceTree = "<group>";
		};
		AFEB539FF4AF4CA6A4ECAC91 /* CMake Rules */ = {
			isa = PBXGroup;
			children = (
			);
			name = "CMake Rules";
			sourceTree = "<group>";
		};
		B0981E6C9F0149B3A2DADB5F /* Source Files */ = {
			isa = PBXGroup;
			children = (
				0946BCE69E584A4BA7C248CE /* /Users/stephane/Code/CL/C++/antools/other_cmake/Swe/swecl.c */,
				5038524088F449E099A41D64 /* /Users/stephane/Code/CL/C++/antools/other_cmake/Swe/swedate.c */,
				79AA7AA8DE324051A1E3BF55 /* /Users/stephane/Code/CL/C++/antools/other_cmake/Swe/swehel.c */,
				4855FB752B94405DAE4D3C3E /* /Users/stephane/Code/CL/C++/antools/other_cmake/Swe/swehouse.c */,
				1D0E2C23DC014B10A98530A9 /* /Users/stephane/Code/CL/C++/antools/other_cmake/Swe/swejpl.c */,
				6FFA7017658D44F2B5B469C3 /* /Users/stephane/Code/CL/C++/antools/other_cmake/Swe/swemmoon.c */,
				96EDCEA678F743D29C04AFD3 /* /Users/stephane/Code/CL/C++/antools/other_cmake/Swe/swemplan.c */,
				2B655B2441994470BD80EEB1 /* /Users/stephane/Code/CL/C++/antools/other_cmake/Swe/swepcalc.c */,
				921A9412A6F3493EA1DAB54F /* /Users/stephane/Code/CL/C++/antools/other_cmake/Swe/sweph.c */,
				C235E4675E224CC6B9D28CF6 /* /Users/stephane/Code/CL/C++/antools/other_cmake/Swe/swephlib.c */,
			);
			name = "Source Files";
			sourceTree = "<group>";
		};
		B5049335A1CE4BD4B30672D6 /* Products */ = {
			isa = PBXGroup;
			children = (
				A39EE6AA2B264F7FB0EA4270 /* swe */,
			);
			name = Products;
			sourceTree = "<group>";
		};
/* End PBXGroup section */

/* Begin PBXNativeTarget section */
		D0DFD6B600B3464E835222A2 /* swe */ = {
			isa = PBXNativeTarget;
			buildConfigurationList = 1BF2C003BF924A87ADF14F67 /* Build configuration list for PBXNativeTarget "swe" */;
			buildPhases = (
				CEC39CA364B24536BE835470 /* Sources */,
				BC377E5645104DFCB4B9B7C9 /* Frameworks */,
			);
			buildRules = (
			);
			dependencies = (
				D2BF648D1B4042F5A3A0C98D /* PBXTargetDependency */,
			);
			name = swe;
			productName = swe;
			productReference = A39EE6AA2B264F7FB0EA4270 /* swe */;
			productType = "com.apple.product-type.library.static";
		};
/* End PBXNativeTarget section */

/* Begin PBXProject section */
		875A7C4059CC4678897727DE /* Project object */ = {
			isa = PBXProject;
			attributes = {
				BuildIndependentTargetsInParallel = YES;
				LastUpgradeCheck = 1400;
			};
			buildConfigurationList = 96A7A954C8BC45A9964BCDBA /* Build configuration list for PBXProject "cswisseph" */;
			buildSettings = {
			};
			buildStyles = (
				11561FE0325B47FCBB975CDD /* Debug */,
				23BC5A8F5C884F4D8D255C72 /* Release */,
				2E325491E1444004B8C29D99 /* MinSizeRel */,
				EF85F8F066484B04B9A3D892 /* RelWithDebInfo */,
			);
			compatibilityVersion = "Xcode 3.2";
			hasScannedForEncodings = 0;
			mainGroup = 9DBFCD40940D4CF2AA508D0A;
			projectDirPath = .;
			projectRoot = "";
			targets = (
				DC73121302AB44CCB3EC9F48 /* ALL_BUILD */,
				6480D792E2EF434288B439EA /* ZERO_CHECK */,
				D0DFD6B600B3464E835222A2 /* swe */,
			);
		};
/* End PBXProject section */

/* Begin PBXShellScriptBuildPhase section */
		3C0110FC8322DE7E50886E21 = {
			isa = PBXShellScriptBuildPhase;
			buildActionMask = 2147483647;
			files = (
			);
			inputPaths = (
			);
			outputPaths = (
			);
			runOnlyForDeploymentPostprocessing = 0;
			shellPath = /bin/sh;
			shellScript = "# shell script goes here
exit 0";
			showEnvVarsInLog = 0;
		};
		81BB2DFAA49BF270F0A8E20C /* Generate CMakeFiles/ALL_BUILD */ = {
			isa = PBXShellScriptBuildPhase;
			alwaysOutOfDate = 1;
			buildActionMask = 2147483647;
			files = (
			);
			inputPaths = (
			);
			name = "Generate CMakeFiles/ALL_BUILD";
			outputPaths = (
"/Users/stephane/Code/CL/C++/antools/other_cmake/Swe/CMakeFiles/ALL_BUILD"			);
			runOnlyForDeploymentPostprocessing = 0;
			shellPath = /bin/sh;
			shellScript = "set -e
if test \"$CONFIGURATION\" = \"Debug\"; then :
  cd /Users/stephane/Code/CL/C++/antools/other_cmake/Swe
  echo Build\\ all\\ projects
fi
if test \"$CONFIGURATION\" = \"Release\"; then :
  cd /Users/stephane/Code/CL/C++/antools/other_cmake/Swe
  echo Build\\ all\\ projects
fi
if test \"$CONFIGURATION\" = \"MinSizeRel\"; then :
  cd /Users/stephane/Code/CL/C++/antools/other_cmake/Swe
  echo Build\\ all\\ projects
fi
if test \"$CONFIGURATION\" = \"RelWithDebInfo\"; then :
  cd /Users/stephane/Code/CL/C++/antools/other_cmake/Swe
  echo Build\\ all\\ projects
fi
";
			showEnvVarsInLog = 0;
		};
		9B50530E35CC49C82C2FACCF = {
			isa = PBXShellScriptBuildPhase;
			buildActionMask = 2147483647;
			files = (
			);
			inputPaths = (
			);
			outputPaths = (
			);
			runOnlyForDeploymentPostprocessing = 0;
			shellPath = /bin/sh;
			shellScript = "# shell script goes here
exit 0";
			showEnvVarsInLog = 0;
		};
		F667B010955D3D835AF7EDBB /* Generate CMakeFiles/ZERO_CHECK */ = {
			isa = PBXShellScriptBuildPhase;
			alwaysOutOfDate = 1;
			buildActionMask = 2147483647;
			files = (
			);
			inputPaths = (
			);
			name = "Generate CMakeFiles/ZERO_CHECK";
			outputPaths = (
"/Users/stephane/Code/CL/C++/antools/other_cmake/Swe/CMakeFiles/ZERO_CHECK"			);
			runOnlyForDeploymentPostprocessing = 0;
			shellPath = /bin/sh;
			shellScript = "set -e
if test \"$CONFIGURATION\" = \"Debug\"; then :
  cd /Users/stephane/Code/CL/C++/antools/other_cmake/Swe
  make -f /Users/stephane/Code/CL/C++/antools/other_cmake/Swe/CMakeScripts/ReRunCMake.make
fi
if test \"$CONFIGURATION\" = \"Release\"; then :
  cd /Users/stephane/Code/CL/C++/antools/other_cmake/Swe
  make -f /Users/stephane/Code/CL/C++/antools/other_cmake/Swe/CMakeScripts/ReRunCMake.make
fi
if test \"$CONFIGURATION\" = \"MinSizeRel\"; then :
  cd /Users/stephane/Code/CL/C++/antools/other_cmake/Swe
  make -f /Users/stephane/Code/CL/C++/antools/other_cmake/Swe/CMakeScripts/ReRunCMake.make
fi
if test \"$CONFIGURATION\" = \"RelWithDebInfo\"; then :
  cd /Users/stephane/Code/CL/C++/antools/other_cmake/Swe
  make -f /Users/stephane/Code/CL/C++/antools/other_cmake/Swe/CMakeScripts/ReRunCMake.make
fi
";
			showEnvVarsInLog = 0;
		};
/* End PBXShellScriptBuildPhase section */

/* Begin PBXSourcesBuildPhase section */
		CEC39CA364B24536BE835470 /* Sources */ = {
			isa = PBXSourcesBuildPhase;
			buildActionMask = 2147483647;
			files = (
				3BA79F9A491C41B7B5FB9132 /* /Users/stephane/Code/CL/C++/antools/other_cmake/Swe/swecl.c */,
				9F843E70B11F44A9A97EE2AE /* /Users/stephane/Code/CL/C++/antools/other_cmake/Swe/swedate.c */,
				C21428A050C643BAB5D6519E /* /Users/stephane/Code/CL/C++/antools/other_cmake/Swe/swehel.c */,
				196C7C9580744C1881A914DE /* /Users/stephane/Code/CL/C++/antools/other_cmake/Swe/swehouse.c */,
				B884C46A7FFC4FD1BC33BFD2 /* /Users/stephane/Code/CL/C++/antools/other_cmake/Swe/swejpl.c */,
				23390D9A4BC643EEBD6570B4 /* /Users/stephane/Code/CL/C++/antools/other_cmake/Swe/swemmoon.c */,
				C610A1283CAB4FD58319A3B8 /* /Users/stephane/Code/CL/C++/antools/other_cmake/Swe/swemplan.c */,
				1603194496C244E396C484E6 /* /Users/stephane/Code/CL/C++/antools/other_cmake/Swe/swepcalc.c */,
				3F12BC0C787F44109FFA08B7 /* /Users/stephane/Code/CL/C++/antools/other_cmake/Swe/sweph.c */,
				A10E8287267F482F9EFCB053 /* /Users/stephane/Code/CL/C++/antools/other_cmake/Swe/swephlib.c */,
			);
			runOnlyForDeploymentPostprocessing = 0;
		};
/* End PBXSourcesBuildPhase section */

/* Begin PBXTargetDependency section */
		2F4D2B87F4764342A72A812A /* PBXTargetDependency */ = {
			isa = PBXTargetDependency;
			target = 6480D792E2EF434288B439EA /* ZERO_CHECK */;
			targetProxy = 42E3CA6306294872A83AE1FB /* PBXContainerItemProxy */;
		};
		C6FD04F44F024216B02BD0B0 /* PBXTargetDependency */ = {
			isa = PBXTargetDependency;
			target = D0DFD6B600B3464E835222A2 /* swe */;
			targetProxy = 1590B2FE49D54161A32B77B9 /* PBXContainerItemProxy */;
		};
		D2BF648D1B4042F5A3A0C98D /* PBXTargetDependency */ = {
			isa = PBXTargetDependency;
			target = 6480D792E2EF434288B439EA /* ZERO_CHECK */;
			targetProxy = 6967E74BFB214003AEF47CFE /* PBXContainerItemProxy */;
		};
/* End PBXTargetDependency section */

/* Begin XCBuildConfiguration section */
		0123EC5283DC4A92B1DBFFBE /* RelWithDebInfo */ = {
			isa = XCBuildConfiguration;
			buildSettings = {
				COMBINE_HIDPI_IMAGES = YES;
				GCC_GENERATE_DEBUGGING_SYMBOLS = YES;
				GCC_INLINES_ARE_PRIVATE_EXTERN = NO;
				GCC_OPTIMIZATION_LEVEL = 0;
				GCC_PREPROCESSOR_DEFINITIONS = ("'CMAKE_INTDIR=\"$(CONFIGURATION)$(EFFECTIVE_PLATFORM_NAME)\"'","$(inherited)");
				GCC_SYMBOLS_PRIVATE_EXTERN = NO;
				INSTALL_PATH = "";
				OTHER_LDFLAGS = ("","$(inherited)");
				OTHER_REZFLAGS = "";
				PRODUCT_NAME = ALL_BUILD;
				SECTORDER_FLAGS = "";
				SYMROOT = "/Users/stephane/Code/CL/C++/antools/other_cmake/Swe";
				USE_HEADERMAP = NO;
				WARNING_CFLAGS = ("$(inherited)");
			};
			name = RelWithDebInfo;
		};
		118EE2363C2A45D382EED1E7 /* MinSizeRel */ = {
			isa = XCBuildConfiguration;
			buildSettings = {
				ARCHS = "$(NATIVE_ARCH_ACTUAL)";
				"EXCLUDED_ARCHS[sdk=iphonesimulator*]" = arm64;
				ONLY_ACTIVE_ARCH = YES;
				SDKROOT = /Applications/Xcode.app/Contents/Developer/Platforms/MacOSX.platform/Developer/SDKs/MacOSX12.3.sdk;
				SYMROOT = "/Users/stephane/Code/CL/C++/antools/other_cmake/Swe/build";
			};
			name = MinSizeRel;
		};
		16F10BA5045B47B59EEB52BC /* MinSizeRel */ = {
			isa = XCBuildConfiguration;
			buildSettings = {
				COMBINE_HIDPI_IMAGES = YES;
				GCC_GENERATE_DEBUGGING_SYMBOLS = YES;
				GCC_INLINES_ARE_PRIVATE_EXTERN = NO;
				GCC_OPTIMIZATION_LEVEL = 0;
				GCC_PREPROCESSOR_DEFINITIONS = ("'CMAKE_INTDIR=\"$(CONFIGURATION)$(EFFECTIVE_PLATFORM_NAME)\"'","$(inherited)");
				GCC_SYMBOLS_PRIVATE_EXTERN = NO;
				INSTALL_PATH = "";
				OTHER_LDFLAGS = ("","$(inherited)");
				OTHER_REZFLAGS = "";
				PRODUCT_NAME = ZERO_CHECK;
				SECTORDER_FLAGS = "";
				SYMROOT = "/Users/stephane/Code/CL/C++/antools/other_cmake/Swe";
				USE_HEADERMAP = NO;
				WARNING_CFLAGS = ("$(inherited)");
			};
			name = MinSizeRel;
		};
		21B3DBB143A54F029A67D104 /* RelWithDebInfo */ = {
			isa = XCBuildConfiguration;
			buildSettings = {
				COMBINE_HIDPI_IMAGES = YES;
				GCC_GENERATE_DEBUGGING_SYMBOLS = YES;
				GCC_INLINES_ARE_PRIVATE_EXTERN = NO;
				GCC_OPTIMIZATION_LEVEL = 0;
				GCC_PREPROCESSOR_DEFINITIONS = ("'CMAKE_INTDIR=\"$(CONFIGURATION)$(EFFECTIVE_PLATFORM_NAME)\"'","$(inherited)");
				GCC_SYMBOLS_PRIVATE_EXTERN = NO;
				INSTALL_PATH = "";
				OTHER_LDFLAGS = ("","$(inherited)");
				OTHER_REZFLAGS = "";
				PRODUCT_NAME = ZERO_CHECK;
				SECTORDER_FLAGS = "";
				SYMROOT = "/Users/stephane/Code/CL/C++/antools/other_cmake/Swe";
				USE_HEADERMAP = NO;
				WARNING_CFLAGS = ("$(inherited)");
			};
			name = RelWithDebInfo;
		};
		2AC9F095EEC2469E946AC005 /* RelWithDebInfo */ = {
			isa = XCBuildConfiguration;
			buildSettings = {
				COMBINE_HIDPI_IMAGES = YES;
				EXECUTABLE_PREFIX = lib;
				EXECUTABLE_SUFFIX = .a;
				GCC_GENERATE_DEBUGGING_SYMBOLS = YES;
				GCC_INLINES_ARE_PRIVATE_EXTERN = NO;
				GCC_OPTIMIZATION_LEVEL = 2;
				GCC_PREPROCESSOR_DEFINITIONS = ("'CMAKE_INTDIR=\"$(CONFIGURATION)$(EFFECTIVE_PLATFORM_NAME)\"'","$(inherited)");
				GCC_SYMBOLS_PRIVATE_EXTERN = NO;
				HEADER_SEARCH_PATHS = ("/Users/stephane/Code/CL/C++/antools/other_cmake/Swe/.","$(inherited)");
				INSTALL_PATH = "";
				LIBRARY_STYLE = STATIC;
				OTHER_CFLAGS = ("       -DNDEBUG ","$(inherited)");
				OTHER_LIBTOOLFLAGS = ("");
				OTHER_REZFLAGS = "";
				PRODUCT_NAME = swe;
				SECTORDER_FLAGS = "";
				SYMROOT = "/Users/stephane/Code/CL/C++/antools/other_cmake/Swe";
				USE_HEADERMAP = NO;
				WARNING_CFLAGS = ("$(inherited)");
			};
			name = RelWithDebInfo;
		};
		337892445F7A42A480F37012 /* RelWithDebInfo */ = {
			isa = XCBuildConfiguration;
			buildSettings = {
				ARCHS = "$(NATIVE_ARCH_ACTUAL)";
				"EXCLUDED_ARCHS[sdk=iphonesimulator*]" = arm64;
				ONLY_ACTIVE_ARCH = YES;
				SDKROOT = /Applications/Xcode.app/Contents/Developer/Platforms/MacOSX.platform/Developer/SDKs/MacOSX12.3.sdk;
				SYMROOT = "/Users/stephane/Code/CL/C++/antools/other_cmake/Swe/build";
			};
			name = RelWithDebInfo;
		};
		347C4762EA4E49F199B7C94E /* MinSizeRel */ = {
			isa = XCBuildConfiguration;
			buildSettings = {
				COMBINE_HIDPI_IMAGES = YES;
				GCC_GENERATE_DEBUGGING_SYMBOLS = YES;
				GCC_INLINES_ARE_PRIVATE_EXTERN = NO;
				GCC_OPTIMIZATION_LEVEL = 0;
				GCC_PREPROCESSOR_DEFINITIONS = ("'CMAKE_INTDIR=\"$(CONFIGURATION)$(EFFECTIVE_PLATFORM_NAME)\"'","$(inherited)");
				GCC_SYMBOLS_PRIVATE_EXTERN = NO;
				INSTALL_PATH = "";
				OTHER_LDFLAGS = ("","$(inherited)");
				OTHER_REZFLAGS = "";
				PRODUCT_NAME = ALL_BUILD;
				SECTORDER_FLAGS = "";
				SYMROOT = "/Users/stephane/Code/CL/C++/antools/other_cmake/Swe";
				USE_HEADERMAP = NO;
				WARNING_CFLAGS = ("$(inherited)");
			};
			name = MinSizeRel;
		};
		35D63A5185964330BA7C02C0 /* Debug */ = {
			isa = XCBuildConfiguration;
			buildSettings = {
				COMBINE_HIDPI_IMAGES = YES;
				GCC_GENERATE_DEBUGGING_SYMBOLS = YES;
				GCC_INLINES_ARE_PRIVATE_EXTERN = NO;
				GCC_OPTIMIZATION_LEVEL = 0;
				GCC_PREPROCESSOR_DEFINITIONS = ("'CMAKE_INTDIR=\"$(CONFIGURATION)$(EFFECTIVE_PLATFORM_NAME)\"'","$(inherited)");
				GCC_SYMBOLS_PRIVATE_EXTERN = NO;
				INSTALL_PATH = "";
				OTHER_LDFLAGS = ("","$(inherited)");
				OTHER_REZFLAGS = "";
				PRODUCT_NAME = ALL_BUILD;
				SECTORDER_FLAGS = "";
				SYMROOT = "/Users/stephane/Code/CL/C++/antools/other_cmake/Swe";
				USE_HEADERMAP = NO;
				WARNING_CFLAGS = ("$(inherited)");
			};
			name = Debug;
		};
		362D0029893E4A25864735CC /* Release */ = {
			isa = XCBuildConfiguration;
			buildSettings = {
				ARCHS = "$(NATIVE_ARCH_ACTUAL)";
				"EXCLUDED_ARCHS[sdk=iphonesimulator*]" = arm64;
				ONLY_ACTIVE_ARCH = YES;
				SDKROOT = /Applications/Xcode.app/Contents/Developer/Platforms/MacOSX.platform/Developer/SDKs/MacOSX12.3.sdk;
				SYMROOT = "/Users/stephane/Code/CL/C++/antools/other_cmake/Swe/build";
			};
			name = Release;
		};
		36D89932FBE3413BB22B62DF /* Debug */ = {
			isa = XCBuildConfiguration;
			buildSettings = {
				ARCHS = "$(NATIVE_ARCH_ACTUAL)";
				"EXCLUDED_ARCHS[sdk=iphonesimulator*]" = arm64;
				ONLY_ACTIVE_ARCH = YES;
				SDKROOT = /Applications/Xcode.app/Contents/Developer/Platforms/MacOSX.platform/Developer/SDKs/MacOSX12.3.sdk;
				SYMROOT = "/Users/stephane/Code/CL/C++/antools/other_cmake/Swe/build";
			};
			name = Debug;
		};
		42698C1BDEA34AC7BBDBE311 /* Release */ = {
			isa = XCBuildConfiguration;
			buildSettings = {
				COMBINE_HIDPI_IMAGES = YES;
				EXECUTABLE_PREFIX = lib;
				EXECUTABLE_SUFFIX = .a;
				GCC_GENERATE_DEBUGGING_SYMBOLS = NO;
				GCC_INLINES_ARE_PRIVATE_EXTERN = NO;
				GCC_OPTIMIZATION_LEVEL = 3;
				GCC_PREPROCESSOR_DEFINITIONS = ("'CMAKE_INTDIR=\"$(CONFIGURATION)$(EFFECTIVE_PLATFORM_NAME)\"'","$(inherited)");
				GCC_SYMBOLS_PRIVATE_EXTERN = NO;
				HEADER_SEARCH_PATHS = ("/Users/stephane/Code/CL/C++/antools/other_cmake/Swe/.","$(inherited)");
				INSTALL_PATH = "";
				LIBRARY_STYLE = STATIC;
				OTHER_CFLAGS = ("    -DNDEBUG ","$(inherited)");
				OTHER_LIBTOOLFLAGS = ("");
				OTHER_REZFLAGS = "";
				PRODUCT_NAME = swe;
				SECTORDER_FLAGS = "";
				SYMROOT = "/Users/stephane/Code/CL/C++/antools/other_cmake/Swe";
				USE_HEADERMAP = NO;
				WARNING_CFLAGS = ("$(inherited)");
			};
			name = Release;
		};
		4A97E99FDB384FBAA8B7ED7C /* Debug */ = {
			isa = XCBuildConfiguration;
			buildSettings = {
				COMBINE_HIDPI_IMAGES = YES;
				EXECUTABLE_PREFIX = lib;
				EXECUTABLE_SUFFIX = .a;
				GCC_GENERATE_DEBUGGING_SYMBOLS = YES;
				GCC_INLINES_ARE_PRIVATE_EXTERN = NO;
				GCC_OPTIMIZATION_LEVEL = 0;
				GCC_PREPROCESSOR_DEFINITIONS = ("'CMAKE_INTDIR=\"$(CONFIGURATION)$(EFFECTIVE_PLATFORM_NAME)\"'","$(inherited)");
				GCC_SYMBOLS_PRIVATE_EXTERN = NO;
				HEADER_SEARCH_PATHS = ("/Users/stephane/Code/CL/C++/antools/other_cmake/Swe/.","$(inherited)");
				INSTALL_PATH = "";
				LIBRARY_STYLE = STATIC;
				OTHER_CFLAGS = ("   ","$(inherited)");
				OTHER_LIBTOOLFLAGS = ("");
				OTHER_REZFLAGS = "";
				PRODUCT_NAME = swe;
				SECTORDER_FLAGS = "";
				SYMROOT = "/Users/stephane/Code/CL/C++/antools/other_cmake/Swe";
				USE_HEADERMAP = NO;
				WARNING_CFLAGS = ("$(inherited)");
			};
			name = Debug;
		};
		5940089243E94EFC8581928A /* Release */ = {
			isa = XCBuildConfiguration;
			buildSettings = {
				COMBINE_HIDPI_IMAGES = YES;
				GCC_GENERATE_DEBUGGING_SYMBOLS = YES;
				GCC_INLINES_ARE_PRIVATE_EXTERN = NO;
				GCC_OPTIMIZATION_LEVEL = 0;
				GCC_PREPROCESSOR_DEFINITIONS = ("'CMAKE_INTDIR=\"$(CONFIGURATION)$(EFFECTIVE_PLATFORM_NAME)\"'","$(inherited)");
				GCC_SYMBOLS_PRIVATE_EXTERN = NO;
				INSTALL_PATH = "";
				OTHER_LDFLAGS = ("","$(inherited)");
				OTHER_REZFLAGS = "";
				PRODUCT_NAME = ALL_BUILD;
				SECTORDER_FLAGS = "";
				SYMROOT = "/Users/stephane/Code/CL/C++/antools/other_cmake/Swe";
				USE_HEADERMAP = NO;
				WARNING_CFLAGS = ("$(inherited)");
			};
			name = Release;
		};
		7FCDC464D2144CB195102A27 /* Release */ = {
			isa = XCBuildConfiguration;
			buildSettings = {
				COMBINE_HIDPI_IMAGES = YES;
				GCC_GENERATE_DEBUGGING_SYMBOLS = YES;
				GCC_INLINES_ARE_PRIVATE_EXTERN = NO;
				GCC_OPTIMIZATION_LEVEL = 0;
				GCC_PREPROCESSOR_DEFINITIONS = ("'CMAKE_INTDIR=\"$(CONFIGURATION)$(EFFECTIVE_PLATFORM_NAME)\"'","$(inherited)");
				GCC_SYMBOLS_PRIVATE_EXTERN = NO;
				INSTALL_PATH = "";
				OTHER_LDFLAGS = ("","$(inherited)");
				OTHER_REZFLAGS = "";
				PRODUCT_NAME = ZERO_CHECK;
				SECTORDER_FLAGS = "";
				SYMROOT = "/Users/stephane/Code/CL/C++/antools/other_cmake/Swe";
				USE_HEADERMAP = NO;
				WARNING_CFLAGS = ("$(inherited)");
			};
			name = Release;
		};
		8168EF171F0A4D869DB6F7C0 /* MinSizeRel */ = {
			isa = XCBuildConfiguration;
			buildSettings = {
				COMBINE_HIDPI_IMAGES = YES;
				EXECUTABLE_PREFIX = lib;
				EXECUTABLE_SUFFIX = .a;
				GCC_GENERATE_DEBUGGING_SYMBOLS = NO;
				GCC_INLINES_ARE_PRIVATE_EXTERN = NO;
				GCC_OPTIMIZATION_LEVEL = s;
				GCC_PREPROCESSOR_DEFINITIONS = ("'CMAKE_INTDIR=\"$(CONFIGURATION)$(EFFECTIVE_PLATFORM_NAME)\"'","$(inherited)");
				GCC_SYMBOLS_PRIVATE_EXTERN = NO;
				HEADER_SEARCH_PATHS = ("/Users/stephane/Code/CL/C++/antools/other_cmake/Swe/.","$(inherited)");
				INSTALL_PATH = "";
				LIBRARY_STYLE = STATIC;
				OTHER_CFLAGS = ("    -DNDEBUG ","$(inherited)");
				OTHER_LIBTOOLFLAGS = ("");
				OTHER_REZFLAGS = "";
				PRODUCT_NAME = swe;
				SECTORDER_FLAGS = "";
				SYMROOT = "/Users/stephane/Code/CL/C++/antools/other_cmake/Swe";
				USE_HEADERMAP = NO;
				WARNING_CFLAGS = ("$(inherited)");
			};
			name = MinSizeRel;
		};
		AFFBED0FCD5B4A79B108E533 /* Debug */ = {
			isa = XCBuildConfiguration;
			buildSettings = {
				COMBINE_HIDPI_IMAGES = YES;
				GCC_GENERATE_DEBUGGING_SYMBOLS = YES;
				GCC_INLINES_ARE_PRIVATE_EXTERN = NO;
				GCC_OPTIMIZATION_LEVEL = 0;
				GCC_PREPROCESSOR_DEFINITIONS = ("'CMAKE_INTDIR=\"$(CONFIGURATION)$(EFFECTIVE_PLATFORM_NAME)\"'","$(inherited)");
				GCC_SYMBOLS_PRIVATE_EXTERN = NO;
				INSTALL_PATH = "";
				OTHER_LDFLAGS = ("","$(inherited)");
				OTHER_REZFLAGS = "";
				PRODUCT_NAME = ZERO_CHECK;
				SECTORDER_FLAGS = "";
				SYMROOT = "/Users/stephane/Code/CL/C++/antools/other_cmake/Swe";
				USE_HEADERMAP = NO;
				WARNING_CFLAGS = ("$(inherited)");
			};
			name = Debug;
		};
/* End XCBuildConfiguration section */

/* Begin XCConfigurationList section */
		1BF2C003BF924A87ADF14F67 /* Build configuration list for PBXNativeTarget "swe" */ = {
			isa = XCConfigurationList;
			buildConfigurations = (
				4A97E99FDB384FBAA8B7ED7C /* Debug */,
				42698C1BDEA34AC7BBDBE311 /* Release */,
				8168EF171F0A4D869DB6F7C0 /* MinSizeRel */,
				2AC9F095EEC2469E946AC005 /* RelWithDebInfo */,
			);
			defaultConfigurationIsVisible = 0;
			defaultConfigurationName = Debug;
		};
		409945EF4DFF4037A0F57779 /* Build configuration list for PBXAggregateTarget "ALL_BUILD" */ = {
			isa = XCConfigurationList;
			buildConfigurations = (
				35D63A5185964330BA7C02C0 /* Debug */,
				5940089243E94EFC8581928A /* Release */,
				347C4762EA4E49F199B7C94E /* MinSizeRel */,
				0123EC5283DC4A92B1DBFFBE /* RelWithDebInfo */,
			);
			defaultConfigurationIsVisible = 0;
			defaultConfigurationName = Debug;
		};
		75F5136C4C9D44559B2E87ED /* Build configuration list for PBXAggregateTarget "ZERO_CHECK" */ = {
			isa = XCConfigurationList;
			buildConfigurations = (
				AFFBED0FCD5B4A79B108E533 /* Debug */,
				7FCDC464D2144CB195102A27 /* Release */,
				16F10BA5045B47B59EEB52BC /* MinSizeRel */,
				21B3DBB143A54F029A67D104 /* RelWithDebInfo */,
			);
			defaultConfigurationIsVisible = 0;
			defaultConfigurationName = Debug;
		};
		96A7A954C8BC45A9964BCDBA /* Build configuration list for PBXProject "cswisseph" */ = {
			isa = XCConfigurationList;
			buildConfigurations = (
				36D89932FBE3413BB22B62DF /* Debug */,
				362D0029893E4A25864735CC /* Release */,
				118EE2363C2A45D382EED1E7 /* MinSizeRel */,
				337892445F7A42A480F37012 /* RelWithDebInfo */,
			);
			defaultConfigurationIsVisible = 0;
			defaultConfigurationName = Debug;
		};
/* End XCConfigurationList section */
	};
	rootObject = 875A7C4059CC4678897727DE /* Project object */;
}
