// !$*UTF8*$!
{
	archiveVersion = 1;
	classes = {
	};
	objectVersion = 46;
	objects = {

/* Begin PBXAggregateTarget section */
		6480D792E2EF434288B439EA /* ZERO_CHECK */ = {
			isa = PBXAggregateTarget;
			buildConfigurationList = 6577B78BC8D944F5BBC749EA /* Build configuration list for PBXAggregateTarget "ZERO_CHECK" */;
			buildPhases = (
				F667B010955D3D835AF7EDBB /* Generate CMakeFiles/ZERO_CHECK */,
			);
			dependencies = (
			);
			name = ZERO_CHECK;
			productName = ZERO_CHECK;
		};
		DC73121302AB44CCB3EC9F48 /* ALL_BUILD */ = {
			isa = PBXAggregateTarget;
			buildConfigurationList = 2C79C80543664DDC946CF8BC /* Build configuration list for PBXAggregateTarget "ALL_BUILD" */;
			buildPhases = (
				81BB2DFAA49BF270F0A8E20C /* Generate CMakeFiles/ALL_BUILD */,
			);
			dependencies = (
				A31BE990C6654994BA36CF95 /* PBXTargetDependency */,
				FB52F5F9DB2741ED9CEA2C08 /* PBXTargetDependency */,
			);
			name = ALL_BUILD;
			productName = ALL_BUILD;
		};
/* End PBXAggregateTarget section */

/* Begin PBXBuildFile section */
		06665E1945C84ABD8547B86E /* /Users/stephane/Code/CL/C++/antools/other_cmake/Swe/CMakeLists.txt */ = {isa = PBXBuildFile; fileRef = EC08AAC0970D468587967A7A /* /Users/stephane/Code/CL/C++/antools/other_cmake/Swe/CMakeLists.txt */; };
		2808CBFB1EDB405FA3A0CB6B /* /Users/stephane/Code/CL/C++/antools/other_cmake/Swe/swemmoon.c */ = {isa = PBXBuildFile; fileRef = CCE80111F74C4DD7B9A33396 /* /Users/stephane/Code/CL/C++/antools/other_cmake/Swe/swemmoon.c */; };
		671A2F00FA1A407D8BA30CE7 /* /Users/stephane/Code/CL/C++/antools/other_cmake/Swe/swedate.c */ = {isa = PBXBuildFile; fileRef = 63DB395E0DE84DDF8E07DAAA /* /Users/stephane/Code/CL/C++/antools/other_cmake/Swe/swedate.c */; };
		67925C7321DB49FE90B78A5C /* /Users/stephane/Code/CL/C++/antools/other_cmake/Swe/swephlib.c */ = {isa = PBXBuildFile; fileRef = 8197414EE4664EB3A700A6CF /* /Users/stephane/Code/CL/C++/antools/other_cmake/Swe/swephlib.c */; };
		73203C26B9B843A4A34D53E4 /* /Users/stephane/Code/CL/C++/antools/other_cmake/Swe/swemplan.c */ = {isa = PBXBuildFile; fileRef = 2A24EDCA90534447A08A4B65 /* /Users/stephane/Code/CL/C++/antools/other_cmake/Swe/swemplan.c */; };
		929AFF95A3C4437690362109 /* /Users/stephane/Code/CL/C++/antools/other_cmake/Swe/swehel.c */ = {isa = PBXBuildFile; fileRef = 0D9267355A014A53A1B16C76 /* /Users/stephane/Code/CL/C++/antools/other_cmake/Swe/swehel.c */; };
		92DF2E1158664119A296D575 /* /Users/stephane/Code/CL/C++/antools/other_cmake/Swe/swehouse.c */ = {isa = PBXBuildFile; fileRef = 7707A51231E0437F92EBCD3D /* /Users/stephane/Code/CL/C++/antools/other_cmake/Swe/swehouse.c */; };
		A935EB2789AB4D88B892CF5B /* /Users/stephane/Code/CL/C++/antools/other_cmake/Swe/swejpl.c */ = {isa = PBXBuildFile; fileRef = 755A050D5FFF444D94595ACF /* /Users/stephane/Code/CL/C++/antools/other_cmake/Swe/swejpl.c */; };
		AE5DB798CA994D5DBCE8FE1F /* /Users/stephane/Code/CL/C++/antools/other_cmake/Swe/swepcalc.c */ = {isa = PBXBuildFile; fileRef = 59154A8F6D2E4034A6E72BDB /* /Users/stephane/Code/CL/C++/antools/other_cmake/Swe/swepcalc.c */; };
		C161A6E7C4174DF3BD1A98ED /* /Users/stephane/Code/CL/C++/antools/other_cmake/Swe/sweph.c */ = {isa = PBXBuildFile; fileRef = 5B5BF5DD74B84F25A86AFA6F /* /Users/stephane/Code/CL/C++/antools/other_cmake/Swe/sweph.c */; };
		C57EDA4F5520479D91A2E759 /* /Users/stephane/Code/CL/C++/antools/other_cmake/Svg/data.cpp */ = {isa = PBXBuildFile; fileRef = 9BAB5B11D97D440690A2AF1B /* /Users/stephane/Code/CL/C++/antools/other_cmake/Svg/data.cpp */; };
		CF8A03DBA3D24EFDAF7EB9D5 /* /Users/stephane/Code/CL/C++/antools/other_cmake/Svg/data.h */ = {isa = PBXBuildFile; fileRef = C82F58A1BBF941129D272E5D /* /Users/stephane/Code/CL/C++/antools/other_cmake/Svg/data.h */; };
		D2432505A4D3476FAAFAB387 /* /Users/stephane/Code/CL/C++/antools/other_cmake/Swe/swecl.c */ = {isa = PBXBuildFile; fileRef = 950DEF8777D24A7CBF0C8BA1 /* /Users/stephane/Code/CL/C++/antools/other_cmake/Swe/swecl.c */; };
/* End PBXBuildFile section */

/* Begin PBXBuildStyle section */
		10F1108774FA4D69BC785B3F /* Release */ = {
			isa = PBXBuildStyle;
			buildSettings = {
				COPY_PHASE_STRIP = NO;
			};
			name = Release;
		};
		44260E7D44DB4656AF360650 /* MinSizeRel */ = {
			isa = PBXBuildStyle;
			buildSettings = {
				COPY_PHASE_STRIP = NO;
			};
			name = MinSizeRel;
		};
		7B7D8ED7E26B486EAF7931BA /* RelWithDebInfo */ = {
			isa = PBXBuildStyle;
			buildSettings = {
				COPY_PHASE_STRIP = NO;
			};
			name = RelWithDebInfo;
		};
		D795519BC1E34019A8996724 /* Debug */ = {
			isa = PBXBuildStyle;
			buildSettings = {
				COPY_PHASE_STRIP = NO;
			};
			name = Debug;
		};
/* End PBXBuildStyle section */

/* Begin PBXContainerItemProxy section */
		35D947219A60422986A50A1C /* PBXContainerItemProxy */ = {
			isa = PBXContainerItemProxy;
			containerPortal = 875A7C4059CC4678897727DE /* Project object */;
			proxyType = 1;
			remoteGlobalIDString = 6480D792E2EF434288B439EA;
			remoteInfo = ZERO_CHECK;
		};
		791E853B3E6F42A5A3AFEEA4 /* PBXContainerItemProxy */ = {
			isa = PBXContainerItemProxy;
			containerPortal = 875A7C4059CC4678897727DE /* Project object */;
			proxyType = 1;
			remoteGlobalIDString = 6480D792E2EF434288B439EA;
			remoteInfo = ZERO_CHECK;
		};
		F395157C18A94387B87B0329 /* PBXContainerItemProxy */ = {
			isa = PBXContainerItemProxy;
			containerPortal = 875A7C4059CC4678897727DE /* Project object */;
			proxyType = 1;
			remoteGlobalIDString = D0DFD6B600B3464E835222A2;
			remoteInfo = swe;
		};
/* End PBXContainerItemProxy section */

/* Begin PBXFileReference section */
		0D9267355A014A53A1B16C76 /* /Users/stephane/Code/CL/C++/antools/other_cmake/Swe/swehel.c */ = {isa = PBXFileReference; explicitFileType = sourcecode.c.c; fileEncoding = 4; name = swehel.c; path = swehel.c; sourceTree = SOURCE_ROOT; };
		2A24EDCA90534447A08A4B65 /* /Users/stephane/Code/CL/C++/antools/other_cmake/Swe/swemplan.c */ = {isa = PBXFileReference; explicitFileType = sourcecode.c.c; fileEncoding = 4; name = swemplan.c; path = swemplan.c; sourceTree = SOURCE_ROOT; };
		337116699D1B4489898EBA9D /* /Users/stephane/Code/CL/C++/antools/other_cmake/Swe/CMakeLists.txt */ = {isa = PBXFileReference; explicitFileType = sourcecode.text; fileEncoding = 4; name = CMakeLists.txt; path = CMakeLists.txt; sourceTree = SOURCE_ROOT; };
		4F4C8D47ED884899B2B59DC6 /* swe */ = {isa = PBXFileReference; explicitFileType = archive.ar; path = libswe.a; sourceTree = BUILT_PRODUCTS_DIR; };
		59154A8F6D2E4034A6E72BDB /* /Users/stephane/Code/CL/C++/antools/other_cmake/Swe/swepcalc.c */ = {isa = PBXFileReference; explicitFileType = sourcecode.c.c; fileEncoding = 4; name = swepcalc.c; path = swepcalc.c; sourceTree = SOURCE_ROOT; };
		5B5BF5DD74B84F25A86AFA6F /* /Users/stephane/Code/CL/C++/antools/other_cmake/Swe/sweph.c */ = {isa = PBXFileReference; explicitFileType = sourcecode.c.c; fileEncoding = 4; name = sweph.c; path = sweph.c; sourceTree = SOURCE_ROOT; };
		63DB395E0DE84DDF8E07DAAA /* /Users/stephane/Code/CL/C++/antools/other_cmake/Swe/swedate.c */ = {isa = PBXFileReference; explicitFileType = sourcecode.c.c; fileEncoding = 4; name = swedate.c; path = swedate.c; sourceTree = SOURCE_ROOT; };
		755A050D5FFF444D94595ACF /* /Users/stephane/Code/CL/C++/antools/other_cmake/Swe/swejpl.c */ = {isa = PBXFileReference; explicitFileType = sourcecode.c.c; fileEncoding = 4; name = swejpl.c; path = swejpl.c; sourceTree = SOURCE_ROOT; };
		7707A51231E0437F92EBCD3D /* /Users/stephane/Code/CL/C++/antools/other_cmake/Swe/swehouse.c */ = {isa = PBXFileReference; explicitFileType = sourcecode.c.c; fileEncoding = 4; name = swehouse.c; path = swehouse.c; sourceTree = SOURCE_ROOT; };
		8197414EE4664EB3A700A6CF /* /Users/stephane/Code/CL/C++/antools/other_cmake/Swe/swephlib.c */ = {isa = PBXFileReference; explicitFileType = sourcecode.c.c; fileEncoding = 4; name = swephlib.c; path = swephlib.c; sourceTree = SOURCE_ROOT; };
		950DEF8777D24A7CBF0C8BA1 /* /Users/stephane/Code/CL/C++/antools/other_cmake/Swe/swecl.c */ = {isa = PBXFileReference; explicitFileType = sourcecode.c.c; fileEncoding = 4; name = swecl.c; path = swecl.c; sourceTree = SOURCE_ROOT; };
		9BAB5B11D97D440690A2AF1B /* /Users/stephane/Code/CL/C++/antools/other_cmake/Svg/data.cpp */ = {isa = PBXFileReference; explicitFileType = sourcecode.cpp.cpp; fileEncoding = 4; name = data.cpp; path = ../Svg/data.cpp; sourceTree = SOURCE_ROOT; };
		C82F58A1BBF941129D272E5D /* /Users/stephane/Code/CL/C++/antools/other_cmake/Svg/data.h */ = {isa = PBXFileReference; explicitFileType = sourcecode.c.h; fileEncoding = 4; name = data.h; path = ../Svg/data.h; sourceTree = SOURCE_ROOT; };
		CCE80111F74C4DD7B9A33396 /* /Users/stephane/Code/CL/C++/antools/other_cmake/Swe/swemmoon.c */ = {isa = PBXFileReference; explicitFileType = sourcecode.c.c; fileEncoding = 4; name = swemmoon.c; path = swemmoon.c; sourceTree = SOURCE_ROOT; };
		EC08AAC0970D468587967A7A /* /Users/stephane/Code/CL/C++/antools/other_cmake/Swe/CMakeLists.txt */ = {isa = PBXFileReference; explicitFileType = sourcecode.text; fileEncoding = 4; name = CMakeLists.txt; path = CMakeLists.txt; sourceTree = SOURCE_ROOT; };
/* End PBXFileReference section */

/* Begin PBXFrameworksBuildPhase section */
		855984EBCEB0477ABC8DF337 /* Frameworks */ = {
			isa = PBXFrameworksBuildPhase;
			buildActionMask = 2147483647;
			files = (
			);
			runOnlyForDeploymentPostprocessing = 0;
		};
/* End PBXFrameworksBuildPhase section */

/* Begin PBXGroup section */
		15F7C500ACF246A3AEC98CB1 /* Frameworks */ = {
			isa = PBXGroup;
			children = (
			);
			name = Frameworks;
			sourceTree = "<group>";
		};
		1A9768237EE940E396A17A02 /* swe */ = {
			isa = PBXGroup;
			children = (
				1B8A9C8F19AB4B7A9E6E0084 /* Source Files */,
				A38084C19B404F76A84E9E9A /* Header Files */,
				EC08AAC0970D468587967A7A /* /Users/stephane/Code/CL/C++/antools/other_cmake/Swe/CMakeLists.txt */,
			);
			name = swe;
			sourceTree = "<group>";
		};
		1B8A9C8F19AB4B7A9E6E0084 /* Source Files */ = {
			isa = PBXGroup;
			children = (
				9BAB5B11D97D440690A2AF1B /* /Users/stephane/Code/CL/C++/antools/other_cmake/Svg/data.cpp */,
				950DEF8777D24A7CBF0C8BA1 /* /Users/stephane/Code/CL/C++/antools/other_cmake/Swe/swecl.c */,
				63DB395E0DE84DDF8E07DAAA /* /Users/stephane/Code/CL/C++/antools/other_cmake/Swe/swedate.c */,
				0D9267355A014A53A1B16C76 /* /Users/stephane/Code/CL/C++/antools/other_cmake/Swe/swehel.c */,
				7707A51231E0437F92EBCD3D /* /Users/stephane/Code/CL/C++/antools/other_cmake/Swe/swehouse.c */,
				755A050D5FFF444D94595ACF /* /Users/stephane/Code/CL/C++/antools/other_cmake/Swe/swejpl.c */,
				CCE80111F74C4DD7B9A33396 /* /Users/stephane/Code/CL/C++/antools/other_cmake/Swe/swemmoon.c */,
				2A24EDCA90534447A08A4B65 /* /Users/stephane/Code/CL/C++/antools/other_cmake/Swe/swemplan.c */,
				59154A8F6D2E4034A6E72BDB /* /Users/stephane/Code/CL/C++/antools/other_cmake/Swe/swepcalc.c */,
				5B5BF5DD74B84F25A86AFA6F /* /Users/stephane/Code/CL/C++/antools/other_cmake/Swe/sweph.c */,
				8197414EE4664EB3A700A6CF /* /Users/stephane/Code/CL/C++/antools/other_cmake/Swe/swephlib.c */,
			);
			name = "Source Files";
			sourceTree = "<group>";
		};
		715DE692D3D94F2B8C0CF7B8 /* ALL_BUILD */ = {
			isa = PBXGroup;
			children = (
				8045DC65238A446FA198603E /* CMake Rules */,
				337116699D1B4489898EBA9D /* /Users/stephane/Code/CL/C++/antools/other_cmake/Swe/CMakeLists.txt */,
			);
			name = ALL_BUILD;
			sourceTree = "<group>";
		};
		8045DC65238A446FA198603E /* CMake Rules */ = {
			isa = PBXGroup;
			children = (
			);
			name = "CMake Rules";
			sourceTree = "<group>";
		};
		A38084C19B404F76A84E9E9A /* Header Files */ = {
			isa = PBXGroup;
			children = (
				C82F58A1BBF941129D272E5D /* /Users/stephane/Code/CL/C++/antools/other_cmake/Svg/data.h */,
			);
			name = "Header Files";
			sourceTree = "<group>";
		};
		B84199443B854746BE47B5B9 /* Products */ = {
			isa = PBXGroup;
			children = (
				4F4C8D47ED884899B2B59DC6 /* swe */,
			);
			name = Products;
			sourceTree = "<group>";
		};
		D08F729777064110AEF0B54B = {
			isa = PBXGroup;
			children = (
				1A9768237EE940E396A17A02 /* swe */,
				715DE692D3D94F2B8C0CF7B8 /* ALL_BUILD */,
				B84199443B854746BE47B5B9 /* Products */,
				15F7C500ACF246A3AEC98CB1 /* Frameworks */,
			);
			sourceTree = "<group>";
		};
/* End PBXGroup section */

/* Begin PBXNativeTarget section */
		D0DFD6B600B3464E835222A2 /* swe */ = {
			isa = PBXNativeTarget;
			buildConfigurationList = 3D803A47A0BF48E58940D0A4 /* Build configuration list for PBXNativeTarget "swe" */;
			buildPhases = (
				86DD27F29DC24314AAECBED0 /* Sources */,
				855984EBCEB0477ABC8DF337 /* Frameworks */,
			);
			buildRules = (
			);
			dependencies = (
				639920BF17D84B48A7637131 /* PBXTargetDependency */,
			);
			name = swe;
			productName = swe;
			productReference = 4F4C8D47ED884899B2B59DC6 /* swe */;
			productType = "com.apple.product-type.library.static";
		};
/* End PBXNativeTarget section */

/* Begin PBXProject section */
		875A7C4059CC4678897727DE /* Project object */ = {
			isa = PBXProject;
			attributes = {
				BuildIndependentTargetsInParallel = YES;
				LastUpgradeCheck = 1400;
			};
			buildConfigurationList = 0A2AD15977FF4698A1255AE3 /* Build configuration list for PBXProject "cswisseph" */;
			buildSettings = {
			};
			buildStyles = (
				D795519BC1E34019A8996724 /* Debug */,
				10F1108774FA4D69BC785B3F /* Release */,
				44260E7D44DB4656AF360650 /* MinSizeRel */,
				7B7D8ED7E26B486EAF7931BA /* RelWithDebInfo */,
			);
			compatibilityVersion = "Xcode 3.2";
			hasScannedForEncodings = 0;
			mainGroup = D08F729777064110AEF0B54B;
			projectDirPath = .;
			projectRoot = "";
			targets = (
				DC73121302AB44CCB3EC9F48 /* ALL_BUILD */,
				6480D792E2EF434288B439EA /* ZERO_CHECK */,
				D0DFD6B600B3464E835222A2 /* swe */,
			);
		};
/* End PBXProject section */

/* Begin PBXShellScriptBuildPhase section */
		3C0110FC8322DE7E50886E21 = {
			isa = PBXShellScriptBuildPhase;
			buildActionMask = 2147483647;
			files = (
			);
			inputPaths = (
			);
			outputPaths = (
			);
			runOnlyForDeploymentPostprocessing = 0;
			shellPath = /bin/sh;
			shellScript = "# shell script goes here
exit 0";
			showEnvVarsInLog = 0;
		};
		81BB2DFAA49BF270F0A8E20C /* Generate CMakeFiles/ALL_BUILD */ = {
			isa = PBXShellScriptBuildPhase;
			alwaysOutOfDate = 1;
			buildActionMask = 2147483647;
			files = (
			);
			inputPaths = (
			);
			name = "Generate CMakeFiles/ALL_BUILD";
			outputPaths = (
"/Users/stephane/Code/CL/C++/antools/other_cmake/Swe/CMakeFiles/ALL_BUILD"			);
			runOnlyForDeploymentPostprocessing = 0;
			shellPath = /bin/sh;
			shellScript = "set -e
if test \"$CONFIGURATION\" = \"Debug\"; then :
  cd /Users/stephane/Code/CL/C++/antools/other_cmake/Swe
  echo Build\\ all\\ projects
fi
if test \"$CONFIGURATION\" = \"Release\"; then :
  cd /Users/stephane/Code/CL/C++/antools/other_cmake/Swe
  echo Build\\ all\\ projects
fi
if test \"$CONFIGURATION\" = \"MinSizeRel\"; then :
  cd /Users/stephane/Code/CL/C++/antools/other_cmake/Swe
  echo Build\\ all\\ projects
fi
if test \"$CONFIGURATION\" = \"RelWithDebInfo\"; then :
  cd /Users/stephane/Code/CL/C++/antools/other_cmake/Swe
  echo Build\\ all\\ projects
fi
";
			showEnvVarsInLog = 0;
		};
		9B50530E35CC49C82C2FACCF = {
			isa = PBXShellScriptBuildPhase;
			buildActionMask = 2147483647;
			files = (
			);
			inputPaths = (
			);
			outputPaths = (
			);
			runOnlyForDeploymentPostprocessing = 0;
			shellPath = /bin/sh;
			shellScript = "# shell script goes here
exit 0";
			showEnvVarsInLog = 0;
		};
		F667B010955D3D835AF7EDBB /* Generate CMakeFiles/ZERO_CHECK */ = {
			isa = PBXShellScriptBuildPhase;
			alwaysOutOfDate = 1;
			buildActionMask = 2147483647;
			files = (
			);
			inputPaths = (
			);
			name = "Generate CMakeFiles/ZERO_CHECK";
			outputPaths = (
"/Users/stephane/Code/CL/C++/antools/other_cmake/Swe/CMakeFiles/ZERO_CHECK"			);
			runOnlyForDeploymentPostprocessing = 0;
			shellPath = /bin/sh;
			shellScript = "set -e
if test \"$CONFIGURATION\" = \"Debug\"; then :
  cd /Users/stephane/Code/CL/C++/antools/other_cmake/Swe
  make -f /Users/stephane/Code/CL/C++/antools/other_cmake/Swe/CMakeScripts/ReRunCMake.make
fi
if test \"$CONFIGURATION\" = \"Release\"; then :
  cd /Users/stephane/Code/CL/C++/antools/other_cmake/Swe
  make -f /Users/stephane/Code/CL/C++/antools/other_cmake/Swe/CMakeScripts/ReRunCMake.make
fi
if test \"$CONFIGURATION\" = \"MinSizeRel\"; then :
  cd /Users/stephane/Code/CL/C++/antools/other_cmake/Swe
  make -f /Users/stephane/Code/CL/C++/antools/other_cmake/Swe/CMakeScripts/ReRunCMake.make
fi
if test \"$CONFIGURATION\" = \"RelWithDebInfo\"; then :
  cd /Users/stephane/Code/CL/C++/antools/other_cmake/Swe
  make -f /Users/stephane/Code/CL/C++/antools/other_cmake/Swe/CMakeScripts/ReRunCMake.make
fi
";
			showEnvVarsInLog = 0;
		};
/* End PBXShellScriptBuildPhase section */

/* Begin PBXSourcesBuildPhase section */
		86DD27F29DC24314AAECBED0 /* Sources */ = {
			isa = PBXSourcesBuildPhase;
			buildActionMask = 2147483647;
			files = (
				C57EDA4F5520479D91A2E759 /* /Users/stephane/Code/CL/C++/antools/other_cmake/Svg/data.cpp */,
				D2432505A4D3476FAAFAB387 /* /Users/stephane/Code/CL/C++/antools/other_cmake/Swe/swecl.c */,
				671A2F00FA1A407D8BA30CE7 /* /Users/stephane/Code/CL/C++/antools/other_cmake/Swe/swedate.c */,
				929AFF95A3C4437690362109 /* /Users/stephane/Code/CL/C++/antools/other_cmake/Swe/swehel.c */,
				92DF2E1158664119A296D575 /* /Users/stephane/Code/CL/C++/antools/other_cmake/Swe/swehouse.c */,
				A935EB2789AB4D88B892CF5B /* /Users/stephane/Code/CL/C++/antools/other_cmake/Swe/swejpl.c */,
				2808CBFB1EDB405FA3A0CB6B /* /Users/stephane/Code/CL/C++/antools/other_cmake/Swe/swemmoon.c */,
				73203C26B9B843A4A34D53E4 /* /Users/stephane/Code/CL/C++/antools/other_cmake/Swe/swemplan.c */,
				AE5DB798CA994D5DBCE8FE1F /* /Users/stephane/Code/CL/C++/antools/other_cmake/Swe/swepcalc.c */,
				C161A6E7C4174DF3BD1A98ED /* /Users/stephane/Code/CL/C++/antools/other_cmake/Swe/sweph.c */,
				67925C7321DB49FE90B78A5C /* /Users/stephane/Code/CL/C++/antools/other_cmake/Swe/swephlib.c */,
			);
			runOnlyForDeploymentPostprocessing = 0;
		};
/* End PBXSourcesBuildPhase section */

/* Begin PBXTargetDependency section */
		639920BF17D84B48A7637131 /* PBXTargetDependency */ = {
			isa = PBXTargetDependency;
			target = 6480D792E2EF434288B439EA /* ZERO_CHECK */;
			targetProxy = 35D947219A60422986A50A1C /* PBXContainerItemProxy */;
		};
		A31BE990C6654994BA36CF95 /* PBXTargetDependency */ = {
			isa = PBXTargetDependency;
			target = D0DFD6B600B3464E835222A2 /* swe */;
			targetProxy = F395157C18A94387B87B0329 /* PBXContainerItemProxy */;
		};
		FB52F5F9DB2741ED9CEA2C08 /* PBXTargetDependency */ = {
			isa = PBXTargetDependency;
			target = 6480D792E2EF434288B439EA /* ZERO_CHECK */;
			targetProxy = 791E853B3E6F42A5A3AFEEA4 /* PBXContainerItemProxy */;
		};
/* End PBXTargetDependency section */

/* Begin XCBuildConfiguration section */
		0DBB94FDBDA04821A5FBCA68 /* RelWithDebInfo */ = {
			isa = XCBuildConfiguration;
			buildSettings = {
				ARCHS = "$(NATIVE_ARCH_ACTUAL)";
				"EXCLUDED_ARCHS[sdk=iphonesimulator*]" = arm64;
				ONLY_ACTIVE_ARCH = YES;
				SDKROOT = /Applications/Xcode.app/Contents/Developer/Platforms/MacOSX.platform/Developer/SDKs/MacOSX12.3.sdk;
				SYMROOT = "/Users/stephane/Code/CL/C++/antools/other_cmake/Swe/build";
			};
			name = RelWithDebInfo;
		};
		2087F8CF88EB4E4AAF5C2D9D /* MinSizeRel */ = {
			isa = XCBuildConfiguration;
			buildSettings = {
				COMBINE_HIDPI_IMAGES = YES;
				EXECUTABLE_PREFIX = lib;
				EXECUTABLE_SUFFIX = .a;
				GCC_GENERATE_DEBUGGING_SYMBOLS = NO;
				GCC_INLINES_ARE_PRIVATE_EXTERN = NO;
				GCC_OPTIMIZATION_LEVEL = s;
				GCC_PREPROCESSOR_DEFINITIONS = ("'CMAKE_INTDIR=\"$(CONFIGURATION)$(EFFECTIVE_PLATFORM_NAME)\"'","$(inherited)");
				GCC_SYMBOLS_PRIVATE_EXTERN = NO;
				HEADER_SEARCH_PATHS = ("/Users/stephane/Code/CL/C++/antools/other_cmake/Swe/.","$(inherited)");
				INSTALL_PATH = "";
				LIBRARY_STYLE = STATIC;
				OTHER_CFLAGS = ("    -DNDEBUG ","$(inherited)");
				OTHER_CPLUSPLUSFLAGS = "    -DNDEBUG '-std=gnu++2a' ";
				OTHER_LIBTOOLFLAGS = ("");
				OTHER_REZFLAGS = "";
				PRODUCT_NAME = swe;
				SECTORDER_FLAGS = "";
				SYMROOT = "/Users/stephane/Code/CL/C++/antools/other_cmake/Swe";
				USE_HEADERMAP = NO;
				WARNING_CFLAGS = ("$(inherited)");
			};
			name = MinSizeRel;
		};
		59856D886E7F4147B918917F /* MinSizeRel */ = {
			isa = XCBuildConfiguration;
			buildSettings = {
				COMBINE_HIDPI_IMAGES = YES;
				GCC_GENERATE_DEBUGGING_SYMBOLS = YES;
				GCC_INLINES_ARE_PRIVATE_EXTERN = NO;
				GCC_OPTIMIZATION_LEVEL = 0;
				GCC_PREPROCESSOR_DEFINITIONS = ("'CMAKE_INTDIR=\"$(CONFIGURATION)$(EFFECTIVE_PLATFORM_NAME)\"'","$(inherited)");
				GCC_SYMBOLS_PRIVATE_EXTERN = NO;
				INSTALL_PATH = "";
				OTHER_LDFLAGS = ("","$(inherited)");
				OTHER_REZFLAGS = "";
				PRODUCT_NAME = ALL_BUILD;
				SECTORDER_FLAGS = "";
				SYMROOT = "/Users/stephane/Code/CL/C++/antools/other_cmake/Swe";
				USE_HEADERMAP = NO;
				WARNING_CFLAGS = ("$(inherited)");
			};
			name = MinSizeRel;
		};
		59BF6D7BBA634C7D8A1DE738 /* Debug */ = {
			isa = XCBuildConfiguration;
			buildSettings = {
				COMBINE_HIDPI_IMAGES = YES;
				GCC_GENERATE_DEBUGGING_SYMBOLS = YES;
				GCC_INLINES_ARE_PRIVATE_EXTERN = NO;
				GCC_OPTIMIZATION_LEVEL = 0;
				GCC_PREPROCESSOR_DEFINITIONS = ("'CMAKE_INTDIR=\"$(CONFIGURATION)$(EFFECTIVE_PLATFORM_NAME)\"'","$(inherited)");
				GCC_SYMBOLS_PRIVATE_EXTERN = NO;
				INSTALL_PATH = "";
				OTHER_LDFLAGS = ("","$(inherited)");
				OTHER_REZFLAGS = "";
				PRODUCT_NAME = ZERO_CHECK;
				SECTORDER_FLAGS = "";
				SYMROOT = "/Users/stephane/Code/CL/C++/antools/other_cmake/Swe";
				USE_HEADERMAP = NO;
				WARNING_CFLAGS = ("$(inherited)");
			};
			name = Debug;
		};
		652C80AF28964D67A3C53A93 /* Release */ = {
			isa = XCBuildConfiguration;
			buildSettings = {
				COMBINE_HIDPI_IMAGES = YES;
				GCC_GENERATE_DEBUGGING_SYMBOLS = YES;
				GCC_INLINES_ARE_PRIVATE_EXTERN = NO;
				GCC_OPTIMIZATION_LEVEL = 0;
				GCC_PREPROCESSOR_DEFINITIONS = ("'CMAKE_INTDIR=\"$(CONFIGURATION)$(EFFECTIVE_PLATFORM_NAME)\"'","$(inherited)");
				GCC_SYMBOLS_PRIVATE_EXTERN = NO;
				INSTALL_PATH = "";
				OTHER_LDFLAGS = ("","$(inherited)");
				OTHER_REZFLAGS = "";
				PRODUCT_NAME = ZERO_CHECK;
				SECTORDER_FLAGS = "";
				SYMROOT = "/Users/stephane/Code/CL/C++/antools/other_cmake/Swe";
				USE_HEADERMAP = NO;
				WARNING_CFLAGS = ("$(inherited)");
			};
			name = Release;
		};
		74499C948EBD434B86397BB1 /* MinSizeRel */ = {
			isa = XCBuildConfiguration;
			buildSettings = {
				COMBINE_HIDPI_IMAGES = YES;
				GCC_GENERATE_DEBUGGING_SYMBOLS = YES;
				GCC_INLINES_ARE_PRIVATE_EXTERN = NO;
				GCC_OPTIMIZATION_LEVEL = 0;
				GCC_PREPROCESSOR_DEFINITIONS = ("'CMAKE_INTDIR=\"$(CONFIGURATION)$(EFFECTIVE_PLATFORM_NAME)\"'","$(inherited)");
				GCC_SYMBOLS_PRIVATE_EXTERN = NO;
				INSTALL_PATH = "";
				OTHER_LDFLAGS = ("","$(inherited)");
				OTHER_REZFLAGS = "";
				PRODUCT_NAME = ZERO_CHECK;
				SECTORDER_FLAGS = "";
				SYMROOT = "/Users/stephane/Code/CL/C++/antools/other_cmake/Swe";
				USE_HEADERMAP = NO;
				WARNING_CFLAGS = ("$(inherited)");
			};
			name = MinSizeRel;
		};
		74E4451E13D740E8A19E76E6 /* Debug */ = {
			isa = XCBuildConfiguration;
			buildSettings = {
				COMBINE_HIDPI_IMAGES = YES;
				GCC_GENERATE_DEBUGGING_SYMBOLS = YES;
				GCC_INLINES_ARE_PRIVATE_EXTERN = NO;
				GCC_OPTIMIZATION_LEVEL = 0;
				GCC_PREPROCESSOR_DEFINITIONS = ("'CMAKE_INTDIR=\"$(CONFIGURATION)$(EFFECTIVE_PLATFORM_NAME)\"'","$(inherited)");
				GCC_SYMBOLS_PRIVATE_EXTERN = NO;
				INSTALL_PATH = "";
				OTHER_LDFLAGS = ("","$(inherited)");
				OTHER_REZFLAGS = "";
				PRODUCT_NAME = ALL_BUILD;
				SECTORDER_FLAGS = "";
				SYMROOT = "/Users/stephane/Code/CL/C++/antools/other_cmake/Swe";
				USE_HEADERMAP = NO;
				WARNING_CFLAGS = ("$(inherited)");
			};
			name = Debug;
		};
		7532C986F0AC4B6E91B4FCDE /* Debug */ = {
			isa = XCBuildConfiguration;
			buildSettings = {
				ARCHS = "$(NATIVE_ARCH_ACTUAL)";
				"EXCLUDED_ARCHS[sdk=iphonesimulator*]" = arm64;
				ONLY_ACTIVE_ARCH = YES;
				SDKROOT = /Applications/Xcode.app/Contents/Developer/Platforms/MacOSX.platform/Developer/SDKs/MacOSX12.3.sdk;
				SYMROOT = "/Users/stephane/Code/CL/C++/antools/other_cmake/Swe/build";
			};
			name = Debug;
		};
		7A8E60E411E54D78B3FBD686 /* Release */ = {
			isa = XCBuildConfiguration;
			buildSettings = {
				COMBINE_HIDPI_IMAGES = YES;
				EXECUTABLE_PREFIX = lib;
				EXECUTABLE_SUFFIX = .a;
				GCC_GENERATE_DEBUGGING_SYMBOLS = NO;
				GCC_INLINES_ARE_PRIVATE_EXTERN = NO;
				GCC_OPTIMIZATION_LEVEL = 3;
				GCC_PREPROCESSOR_DEFINITIONS = ("'CMAKE_INTDIR=\"$(CONFIGURATION)$(EFFECTIVE_PLATFORM_NAME)\"'","$(inherited)");
				GCC_SYMBOLS_PRIVATE_EXTERN = NO;
				HEADER_SEARCH_PATHS = ("/Users/stephane/Code/CL/C++/antools/other_cmake/Swe/.","$(inherited)");
				INSTALL_PATH = "";
				LIBRARY_STYLE = STATIC;
				OTHER_CFLAGS = ("    -DNDEBUG ","$(inherited)");
				OTHER_CPLUSPLUSFLAGS = "    -DNDEBUG '-std=gnu++2a' ";
				OTHER_LIBTOOLFLAGS = ("");
				OTHER_REZFLAGS = "";
				PRODUCT_NAME = swe;
				SECTORDER_FLAGS = "";
				SYMROOT = "/Users/stephane/Code/CL/C++/antools/other_cmake/Swe";
				USE_HEADERMAP = NO;
				WARNING_CFLAGS = ("$(inherited)");
			};
			name = Release;
		};
		8E233BF87D38426C83EFDD43 /* Release */ = {
			isa = XCBuildConfiguration;
			buildSettings = {
				ARCHS = "$(NATIVE_ARCH_ACTUAL)";
				"EXCLUDED_ARCHS[sdk=iphonesimulator*]" = arm64;
				ONLY_ACTIVE_ARCH = YES;
				SDKROOT = /Applications/Xcode.app/Contents/Developer/Platforms/MacOSX.platform/Developer/SDKs/MacOSX12.3.sdk;
				SYMROOT = "/Users/stephane/Code/CL/C++/antools/other_cmake/Swe/build";
			};
			name = Release;
		};
		C9106C0B7FB3491690B7F4A8 /* MinSizeRel */ = {
			isa = XCBuildConfiguration;
			buildSettings = {
				ARCHS = "$(NATIVE_ARCH_ACTUAL)";
				"EXCLUDED_ARCHS[sdk=iphonesimulator*]" = arm64;
				ONLY_ACTIVE_ARCH = YES;
				SDKROOT = /Applications/Xcode.app/Contents/Developer/Platforms/MacOSX.platform/Developer/SDKs/MacOSX12.3.sdk;
				SYMROOT = "/Users/stephane/Code/CL/C++/antools/other_cmake/Swe/build";
			};
			name = MinSizeRel;
		};
		D72CD3B855CC45D182C0D2CA /* Debug */ = {
			isa = XCBuildConfiguration;
			buildSettings = {
				COMBINE_HIDPI_IMAGES = YES;
				EXECUTABLE_PREFIX = lib;
				EXECUTABLE_SUFFIX = .a;
				GCC_GENERATE_DEBUGGING_SYMBOLS = YES;
				GCC_INLINES_ARE_PRIVATE_EXTERN = NO;
				GCC_OPTIMIZATION_LEVEL = 0;
				GCC_PREPROCESSOR_DEFINITIONS = ("'CMAKE_INTDIR=\"$(CONFIGURATION)$(EFFECTIVE_PLATFORM_NAME)\"'","$(inherited)");
				GCC_SYMBOLS_PRIVATE_EXTERN = NO;
				HEADER_SEARCH_PATHS = ("/Users/stephane/Code/CL/C++/antools/other_cmake/Swe/.","$(inherited)");
				INSTALL_PATH = "";
				LIBRARY_STYLE = STATIC;
				OTHER_CFLAGS = ("   ","$(inherited)");
				OTHER_CPLUSPLUSFLAGS = "   '-std=gnu++2a' ";
				OTHER_LIBTOOLFLAGS = ("");
				OTHER_REZFLAGS = "";
				PRODUCT_NAME = swe;
				SECTORDER_FLAGS = "";
				SYMROOT = "/Users/stephane/Code/CL/C++/antools/other_cmake/Swe";
				USE_HEADERMAP = NO;
				WARNING_CFLAGS = ("$(inherited)");
			};
			name = Debug;
		};
		DB597C6F484141438BC0543E /* Release */ = {
			isa = XCBuildConfiguration;
			buildSettings = {
				COMBINE_HIDPI_IMAGES = YES;
				GCC_GENERATE_DEBUGGING_SYMBOLS = YES;
				GCC_INLINES_ARE_PRIVATE_EXTERN = NO;
				GCC_OPTIMIZATION_LEVEL = 0;
				GCC_PREPROCESSOR_DEFINITIONS = ("'CMAKE_INTDIR=\"$(CONFIGURATION)$(EFFECTIVE_PLATFORM_NAME)\"'","$(inherited)");
				GCC_SYMBOLS_PRIVATE_EXTERN = NO;
				INSTALL_PATH = "";
				OTHER_LDFLAGS = ("","$(inherited)");
				OTHER_REZFLAGS = "";
				PRODUCT_NAME = ALL_BUILD;
				SECTORDER_FLAGS = "";
				SYMROOT = "/Users/stephane/Code/CL/C++/antools/other_cmake/Swe";
				USE_HEADERMAP = NO;
				WARNING_CFLAGS = ("$(inherited)");
			};
			name = Release;
		};
		DE4BE83C74434608B3EEFEF0 /* RelWithDebInfo */ = {
			isa = XCBuildConfiguration;
			buildSettings = {
				COMBINE_HIDPI_IMAGES = YES;
				GCC_GENERATE_DEBUGGING_SYMBOLS = YES;
				GCC_INLINES_ARE_PRIVATE_EXTERN = NO;
				GCC_OPTIMIZATION_LEVEL = 0;
				GCC_PREPROCESSOR_DEFINITIONS = ("'CMAKE_INTDIR=\"$(CONFIGURATION)$(EFFECTIVE_PLATFORM_NAME)\"'","$(inherited)");
				GCC_SYMBOLS_PRIVATE_EXTERN = NO;
				INSTALL_PATH = "";
				OTHER_LDFLAGS = ("","$(inherited)");
				OTHER_REZFLAGS = "";
				PRODUCT_NAME = ALL_BUILD;
				SECTORDER_FLAGS = "";
				SYMROOT = "/Users/stephane/Code/CL/C++/antools/other_cmake/Swe";
				USE_HEADERMAP = NO;
				WARNING_CFLAGS = ("$(inherited)");
			};
			name = RelWithDebInfo;
		};
		ED75B3E296044F18B9C02700 /* RelWithDebInfo */ = {
			isa = XCBuildConfiguration;
			buildSettings = {
				COMBINE_HIDPI_IMAGES = YES;
				GCC_GENERATE_DEBUGGING_SYMBOLS = YES;
				GCC_INLINES_ARE_PRIVATE_EXTERN = NO;
				GCC_OPTIMIZATION_LEVEL = 0;
				GCC_PREPROCESSOR_DEFINITIONS = ("'CMAKE_INTDIR=\"$(CONFIGURATION)$(EFFECTIVE_PLATFORM_NAME)\"'","$(inherited)");
				GCC_SYMBOLS_PRIVATE_EXTERN = NO;
				INSTALL_PATH = "";
				OTHER_LDFLAGS = ("","$(inherited)");
				OTHER_REZFLAGS = "";
				PRODUCT_NAME = ZERO_CHECK;
				SECTORDER_FLAGS = "";
				SYMROOT = "/Users/stephane/Code/CL/C++/antools/other_cmake/Swe";
				USE_HEADERMAP = NO;
				WARNING_CFLAGS = ("$(inherited)");
			};
			name = RelWithDebInfo;
		};
		F0D048D7BCF444229BBF0E78 /* RelWithDebInfo */ = {
			isa = XCBuildConfiguration;
			buildSettings = {
				COMBINE_HIDPI_IMAGES = YES;
				EXECUTABLE_PREFIX = lib;
				EXECUTABLE_SUFFIX = .a;
				GCC_GENERATE_DEBUGGING_SYMBOLS = YES;
				GCC_INLINES_ARE_PRIVATE_EXTERN = NO;
				GCC_OPTIMIZATION_LEVEL = 2;
				GCC_PREPROCESSOR_DEFINITIONS = ("'CMAKE_INTDIR=\"$(CONFIGURATION)$(EFFECTIVE_PLATFORM_NAME)\"'","$(inherited)");
				GCC_SYMBOLS_PRIVATE_EXTERN = NO;
				HEADER_SEARCH_PATHS = ("/Users/stephane/Code/CL/C++/antools/other_cmake/Swe/.","$(inherited)");
				INSTALL_PATH = "";
				LIBRARY_STYLE = STATIC;
				OTHER_CFLAGS = ("       -DNDEBUG ","$(inherited)");
				OTHER_CPLUSPLUSFLAGS = "       -DNDEBUG '-std=gnu++2a' ";
				OTHER_LIBTOOLFLAGS = ("");
				OTHER_REZFLAGS = "";
				PRODUCT_NAME = swe;
				SECTORDER_FLAGS = "";
				SYMROOT = "/Users/stephane/Code/CL/C++/antools/other_cmake/Swe";
				USE_HEADERMAP = NO;
				WARNING_CFLAGS = ("$(inherited)");
			};
			name = RelWithDebInfo;
		};
/* End XCBuildConfiguration section */

/* Begin XCConfigurationList section */
		0A2AD15977FF4698A1255AE3 /* Build configuration list for PBXProject "cswisseph" */ = {
			isa = XCConfigurationList;
			buildConfigurations = (
				7532C986F0AC4B6E91B4FCDE /* Debug */,
				8E233BF87D38426C83EFDD43 /* Release */,
				C9106C0B7FB3491690B7F4A8 /* MinSizeRel */,
				0DBB94FDBDA04821A5FBCA68 /* RelWithDebInfo */,
			);
			defaultConfigurationIsVisible = 0;
			defaultConfigurationName = Debug;
		};
		2C79C80543664DDC946CF8BC /* Build configuration list for PBXAggregateTarget "ALL_BUILD" */ = {
			isa = XCConfigurationList;
			buildConfigurations = (
				74E4451E13D740E8A19E76E6 /* Debug */,
				DB597C6F484141438BC0543E /* Release */,
				59856D886E7F4147B918917F /* MinSizeRel */,
				DE4BE83C74434608B3EEFEF0 /* RelWithDebInfo */,
			);
			defaultConfigurationIsVisible = 0;
			defaultConfigurationName = Debug;
		};
		3D803A47A0BF48E58940D0A4 /* Build configuration list for PBXNativeTarget "swe" */ = {
			isa = XCConfigurationList;
			buildConfigurations = (
				D72CD3B855CC45D182C0D2CA /* Debug */,
				7A8E60E411E54D78B3FBD686 /* Release */,
				2087F8CF88EB4E4AAF5C2D9D /* MinSizeRel */,
				F0D048D7BCF444229BBF0E78 /* RelWithDebInfo */,
			);
			defaultConfigurationIsVisible = 0;
			defaultConfigurationName = Debug;
		};
		6577B78BC8D944F5BBC749EA /* Build configuration list for PBXAggregateTarget "ZERO_CHECK" */ = {
			isa = XCConfigurationList;
			buildConfigurations = (
				59BF6D7BBA634C7D8A1DE738 /* Debug */,
				652C80AF28964D67A3C53A93 /* Release */,
				74499C948EBD434B86397BB1 /* MinSizeRel */,
				ED75B3E296044F18B9C02700 /* RelWithDebInfo */,
			);
			defaultConfigurationIsVisible = 0;
			defaultConfigurationName = Debug;
		};
/* End XCConfigurationList section */
	};
	rootObject = 875A7C4059CC4678897727DE /* Project object */;
}
